// !$*UTF8*$!
{
	archiveVersion = 1;
	classes = {
	};
	objectVersion = 46;
	objects = {

/* Begin PBXBuildFile section */
		B69D2FF71AF517FA00440A78 /* main.m in Sources */ = {isa = PBXBuildFile; fileRef = B69D2FF61AF517FA00440A78 /* main.m */; };
		B69D2FFA1AF517FA00440A78 /* AppDelegate.m in Sources */ = {isa = PBXBuildFile; fileRef = B69D2FF91AF517FA00440A78 /* AppDelegate.m */; };
		B69D30001AF517FA00440A78 /* Main.storyboard in Resources */ = {isa = PBXBuildFile; fileRef = B69D2FFE1AF517FA00440A78 /* Main.storyboard */; };
		B69D30021AF517FA00440A78 /* Images.xcassets in Resources */ = {isa = PBXBuildFile; fileRef = B69D30011AF517FA00440A78 /* Images.xcassets */; };
		B69D30051AF517FA00440A78 /* LaunchScreen.xib in Resources */ = {isa = PBXBuildFile; fileRef = B69D30031AF517FA00440A78 /* LaunchScreen.xib */; };
		B69D30111AF517FA00440A78 /* koukouhensatiTests.m in Sources */ = {isa = PBXBuildFile; fileRef = B69D30101AF517FA00440A78 /* koukouhensatiTests.m */; };
		B69D30341AF5181E00440A78 /* ViewController.m in Sources */ = {isa = PBXBuildFile; fileRef = B69D301D1AF5181E00440A78 /* ViewController.m */; };
		B69D30351AF5181E00440A78 /* MenuViewController.m in Sources */ = {isa = PBXBuildFile; fileRef = B69D301F1AF5181E00440A78 /* MenuViewController.m */; };
		B69D30361AF5181E00440A78 /* BFPaperCheckbox.m in Sources */ = {isa = PBXBuildFile; fileRef = B69D30231AF5181E00440A78 /* BFPaperCheckbox.m */; };
		B69D30371AF5181E00440A78 /* SVIndefiniteAnimatedView.m in Sources */ = {isa = PBXBuildFile; fileRef = B69D30261AF5181E00440A78 /* SVIndefiniteAnimatedView.m */; };
		B69D30381AF5181E00440A78 /* SVProgressHUD.bundle in Resources */ = {isa = PBXBuildFile; fileRef = B69D30281AF5181E00440A78 /* SVProgressHUD.bundle */; };
		B69D30391AF5181E00440A78 /* SVProgressHUD.m in Sources */ = {isa = PBXBuildFile; fileRef = B69D302A1AF5181E00440A78 /* SVProgressHUD.m */; };
		B69D303A1AF5181E00440A78 /* LICENSE.md in Sources */ = {isa = PBXBuildFile; fileRef = B69D302C1AF5181E00440A78 /* LICENSE.md */; };
		B69D303B1AF5181E00440A78 /* README.md in Sources */ = {isa = PBXBuildFile; fileRef = B69D302D1AF5181E00440A78 /* README.md */; };
		B69D303C1AF5181E00440A78 /* UIColor+BFPaperColors.m in Sources */ = {isa = PBXBuildFile; fileRef = B69D30301AF5181E00440A78 /* UIColor+BFPaperColors.m */; };
		B6BA5DB01AF73572004A5CEE /* QuartzCore.framework in Frameworks */ = {isa = PBXBuildFile; fileRef = B6BA5DAF1AF73572004A5CEE /* QuartzCore.framework */; };
		B6BA5ED91B073956004A5CEE /* WebViewController.m in Sources */ = {isa = PBXBuildFile; fileRef = B6BA5ED81B073956004A5CEE /* WebViewController.m */; };
		B6BA5F6F1B0753CD004A5CEE /* 1,1.csv in Resources */ = {isa = PBXBuildFile; fileRef = B6BA5EDC1B0753CC004A5CEE /* 1,1.csv */; };
		B6BA5F701B0753CD004A5CEE /* 1,2.csv in Resources */ = {isa = PBXBuildFile; fileRef = B6BA5EDD1B0753CC004A5CEE /* 1,2.csv */; };
		B6BA5F711B0753CD004A5CEE /* 1,3.csv in Resources */ = {isa = PBXBuildFile; fileRef = B6BA5EDE1B0753CC004A5CEE /* 1,3.csv */; };
		B6BA5F721B0753CD004A5CEE /* 2,1.csv in Resources */ = {isa = PBXBuildFile; fileRef = B6BA5EDF1B0753CC004A5CEE /* 2,1.csv */; };
		B6BA5F731B0753CD004A5CEE /* 2,2.csv in Resources */ = {isa = PBXBuildFile; fileRef = B6BA5EE01B0753CC004A5CEE /* 2,2.csv */; };
		B6BA5F741B0753CD004A5CEE /* 2,3.csv in Resources */ = {isa = PBXBuildFile; fileRef = B6BA5EE11B0753CC004A5CEE /* 2,3.csv */; };
		B6BA5F751B0753CD004A5CEE /* 3,1.csv in Resources */ = {isa = PBXBuildFile; fileRef = B6BA5EE21B0753CC004A5CEE /* 3,1.csv */; };
		B6BA5F761B0753CD004A5CEE /* 3,2.csv in Resources */ = {isa = PBXBuildFile; fileRef = B6BA5EE31B0753CC004A5CEE /* 3,2.csv */; };
		B6BA5F771B0753CD004A5CEE /* 3,3.csv in Resources */ = {isa = PBXBuildFile; fileRef = B6BA5EE41B0753CC004A5CEE /* 3,3.csv */; };
		B6BA5F781B0753CD004A5CEE /* 4,1.csv in Resources */ = {isa = PBXBuildFile; fileRef = B6BA5EE51B0753CC004A5CEE /* 4,1.csv */; };
		B6BA5F791B0753CD004A5CEE /* 4,2.csv in Resources */ = {isa = PBXBuildFile; fileRef = B6BA5EE61B0753CC004A5CEE /* 4,2.csv */; };
		B6BA5F7A1B0753CD004A5CEE /* 4,3.csv in Resources */ = {isa = PBXBuildFile; fileRef = B6BA5EE71B0753CC004A5CEE /* 4,3.csv */; };
		B6BA5F7B1B0753CD004A5CEE /* 5,1.csv in Resources */ = {isa = PBXBuildFile; fileRef = B6BA5EE81B0753CC004A5CEE /* 5,1.csv */; };
		B6BA5F7C1B0753CD004A5CEE /* 5,2.csv in Resources */ = {isa = PBXBuildFile; fileRef = B6BA5EE91B0753CC004A5CEE /* 5,2.csv */; };
		B6BA5F7D1B0753CD004A5CEE /* 5,3.csv in Resources */ = {isa = PBXBuildFile; fileRef = B6BA5EEA1B0753CC004A5CEE /* 5,3.csv */; };
		B6BA5F7E1B0753CD004A5CEE /* 6,1csv in Resources */ = {isa = PBXBuildFile; fileRef = B6BA5EEB1B0753CC004A5CEE /* 6,1csv */; };
		B6BA5F7F1B0753CD004A5CEE /* 6,2.csv in Resources */ = {isa = PBXBuildFile; fileRef = B6BA5EEC1B0753CC004A5CEE /* 6,2.csv */; };
		B6BA5F801B0753CD004A5CEE /* 6,3.csv in Resources */ = {isa = PBXBuildFile; fileRef = B6BA5EED1B0753CC004A5CEE /* 6,3.csv */; };
		B6BA5F811B0753CD004A5CEE /* 7,1.csv in Resources */ = {isa = PBXBuildFile; fileRef = B6BA5EEE1B0753CC004A5CEE /* 7,1.csv */; };
		B6BA5F821B0753CD004A5CEE /* 7,2.csv in Resources */ = {isa = PBXBuildFile; fileRef = B6BA5EEF1B0753CC004A5CEE /* 7,2.csv */; };
		B6BA5F831B0753CD004A5CEE /* 7,3.csv in Resources */ = {isa = PBXBuildFile; fileRef = B6BA5EF01B0753CC004A5CEE /* 7,3.csv */; };
		B6BA5F841B0753CD004A5CEE /* 10,1.csv in Resources */ = {isa = PBXBuildFile; fileRef = B6BA5EF21B0753CC004A5CEE /* 10,1.csv */; };
		B6BA5F851B0753CD004A5CEE /* 10,2.csv in Resources */ = {isa = PBXBuildFile; fileRef = B6BA5EF31B0753CC004A5CEE /* 10,2.csv */; };
		B6BA5F861B0753CD004A5CEE /* 10,3.csv in Resources */ = {isa = PBXBuildFile; fileRef = B6BA5EF41B0753CC004A5CEE /* 10,3.csv */; };
		B6BA5F871B0753CD004A5CEE /* 11,1.csv in Resources */ = {isa = PBXBuildFile; fileRef = B6BA5EF51B0753CC004A5CEE /* 11,1.csv */; };
		B6BA5F881B0753CD004A5CEE /* 11,2.csv in Resources */ = {isa = PBXBuildFile; fileRef = B6BA5EF61B0753CC004A5CEE /* 11,2.csv */; };
		B6BA5F891B0753CD004A5CEE /* 11,3.csv in Resources */ = {isa = PBXBuildFile; fileRef = B6BA5EF71B0753CC004A5CEE /* 11,3.csv */; };
		B6BA5F8A1B0753CD004A5CEE /* 12,1.csv in Resources */ = {isa = PBXBuildFile; fileRef = B6BA5EF81B0753CC004A5CEE /* 12,1.csv */; };
		B6BA5F8B1B0753CD004A5CEE /* 12,2.csv in Resources */ = {isa = PBXBuildFile; fileRef = B6BA5EF91B0753CC004A5CEE /* 12,2.csv */; };
		B6BA5F8C1B0753CD004A5CEE /* 12,3.csv in Resources */ = {isa = PBXBuildFile; fileRef = B6BA5EFA1B0753CC004A5CEE /* 12,3.csv */; };
		B6BA5F8D1B0753CD004A5CEE /* 13,1.csv in Resources */ = {isa = PBXBuildFile; fileRef = B6BA5EFB1B0753CC004A5CEE /* 13,1.csv */; };
		B6BA5F8E1B0753CD004A5CEE /* 13,2.csv in Resources */ = {isa = PBXBuildFile; fileRef = B6BA5EFC1B0753CC004A5CEE /* 13,2.csv */; };
		B6BA5F8F1B0753CD004A5CEE /* 13,3.csv in Resources */ = {isa = PBXBuildFile; fileRef = B6BA5EFD1B0753CC004A5CEE /* 13,3.csv */; };
		B6BA5F901B0753CD004A5CEE /* 14,1.csv in Resources */ = {isa = PBXBuildFile; fileRef = B6BA5EFE1B0753CC004A5CEE /* 14,1.csv */; };
		B6BA5F911B0753CD004A5CEE /* 14,2.csv in Resources */ = {isa = PBXBuildFile; fileRef = B6BA5EFF1B0753CC004A5CEE /* 14,2.csv */; };
		B6BA5F921B0753CD004A5CEE /* 14,3.csv in Resources */ = {isa = PBXBuildFile; fileRef = B6BA5F001B0753CC004A5CEE /* 14,3.csv */; };
		B6BA5F931B0753CD004A5CEE /* 8,1.csv in Resources */ = {isa = PBXBuildFile; fileRef = B6BA5F011B0753CC004A5CEE /* 8,1.csv */; };
		B6BA5F941B0753CD004A5CEE /* 8,2.csv in Resources */ = {isa = PBXBuildFile; fileRef = B6BA5F021B0753CC004A5CEE /* 8,2.csv */; };
		B6BA5F951B0753CD004A5CEE /* 8,3.csv in Resources */ = {isa = PBXBuildFile; fileRef = B6BA5F031B0753CC004A5CEE /* 8,3.csv */; };
		B6BA5F961B0753CD004A5CEE /* 9,1.csv in Resources */ = {isa = PBXBuildFile; fileRef = B6BA5F041B0753CC004A5CEE /* 9,1.csv */; };
		B6BA5F971B0753CD004A5CEE /* 9,2.csv in Resources */ = {isa = PBXBuildFile; fileRef = B6BA5F051B0753CC004A5CEE /* 9,2.csv */; };
		B6BA5F981B0753CD004A5CEE /* 9,3.csv in Resources */ = {isa = PBXBuildFile; fileRef = B6BA5F061B0753CC004A5CEE /* 9,3.csv */; };
		B6BA5F991B0753CD004A5CEE /* 15,1.csv in Resources */ = {isa = PBXBuildFile; fileRef = B6BA5F081B0753CC004A5CEE /* 15,1.csv */; };
		B6BA5F9A1B0753CD004A5CEE /* 15,2.csv in Resources */ = {isa = PBXBuildFile; fileRef = B6BA5F091B0753CC004A5CEE /* 15,2.csv */; };
		B6BA5F9B1B0753CD004A5CEE /* 15,3.csv in Resources */ = {isa = PBXBuildFile; fileRef = B6BA5F0A1B0753CC004A5CEE /* 15,3.csv */; };
		B6BA5F9C1B0753CD004A5CEE /* 16,1.csv in Resources */ = {isa = PBXBuildFile; fileRef = B6BA5F0B1B0753CC004A5CEE /* 16,1.csv */; };
		B6BA5F9D1B0753CD004A5CEE /* 16,2.csv in Resources */ = {isa = PBXBuildFile; fileRef = B6BA5F0C1B0753CC004A5CEE /* 16,2.csv */; };
		B6BA5F9E1B0753CD004A5CEE /* 16,3.csv in Resources */ = {isa = PBXBuildFile; fileRef = B6BA5F0D1B0753CC004A5CEE /* 16,3.csv */; };
		B6BA5F9F1B0753CD004A5CEE /* 17,1.csv in Resources */ = {isa = PBXBuildFile; fileRef = B6BA5F0E1B0753CC004A5CEE /* 17,1.csv */; };
		B6BA5FA01B0753CD004A5CEE /* 17,2.csv in Resources */ = {isa = PBXBuildFile; fileRef = B6BA5F0F1B0753CC004A5CEE /* 17,2.csv */; };
		B6BA5FA11B0753CD004A5CEE /* 17,3.csv in Resources */ = {isa = PBXBuildFile; fileRef = B6BA5F101B0753CC004A5CEE /* 17,3.csv */; };
		B6BA5FA21B0753CD004A5CEE /* 18,1.csv in Resources */ = {isa = PBXBuildFile; fileRef = B6BA5F111B0753CC004A5CEE /* 18,1.csv */; };
		B6BA5FA31B0753CD004A5CEE /* 18,2.csv in Resources */ = {isa = PBXBuildFile; fileRef = B6BA5F121B0753CC004A5CEE /* 18,2.csv */; };
		B6BA5FA41B0753CD004A5CEE /* 18,3.csv in Resources */ = {isa = PBXBuildFile; fileRef = B6BA5F131B0753CC004A5CEE /* 18,3.csv */; };
		B6BA5FA51B0753CD004A5CEE /* 19,1.csv in Resources */ = {isa = PBXBuildFile; fileRef = B6BA5F141B0753CC004A5CEE /* 19,1.csv */; };
		B6BA5FA61B0753CD004A5CEE /* 19,2.csv in Resources */ = {isa = PBXBuildFile; fileRef = B6BA5F151B0753CC004A5CEE /* 19,2.csv */; };
		B6BA5FA71B0753CD004A5CEE /* 19,3.csv in Resources */ = {isa = PBXBuildFile; fileRef = B6BA5F161B0753CC004A5CEE /* 19,3.csv */; };
		B6BA5FA81B0753CD004A5CEE /* 20,1.csv in Resources */ = {isa = PBXBuildFile; fileRef = B6BA5F171B0753CC004A5CEE /* 20,1.csv */; };
		B6BA5FA91B0753CD004A5CEE /* 20,2.csv in Resources */ = {isa = PBXBuildFile; fileRef = B6BA5F181B0753CC004A5CEE /* 20,2.csv */; };
		B6BA5FAA1B0753CD004A5CEE /* 20,3.csv in Resources */ = {isa = PBXBuildFile; fileRef = B6BA5F191B0753CC004A5CEE /* 20,3.csv */; };
		B6BA5FAB1B0753CD004A5CEE /* 21,1.csv in Resources */ = {isa = PBXBuildFile; fileRef = B6BA5F1A1B0753CC004A5CEE /* 21,1.csv */; };
		B6BA5FAC1B0753CD004A5CEE /* 21,2.csv in Resources */ = {isa = PBXBuildFile; fileRef = B6BA5F1B1B0753CC004A5CEE /* 21,2.csv */; };
		B6BA5FAD1B0753CD004A5CEE /* 21,3.csv in Resources */ = {isa = PBXBuildFile; fileRef = B6BA5F1C1B0753CC004A5CEE /* 21,3.csv */; };
		B6BA5FAE1B0753CD004A5CEE /* 22,1.csv in Resources */ = {isa = PBXBuildFile; fileRef = B6BA5F1D1B0753CC004A5CEE /* 22,1.csv */; };
		B6BA5FAF1B0753CD004A5CEE /* 22,2.csv in Resources */ = {isa = PBXBuildFile; fileRef = B6BA5F1E1B0753CC004A5CEE /* 22,2.csv */; };
		B6BA5FB01B0753CD004A5CEE /* 22,3.csv in Resources */ = {isa = PBXBuildFile; fileRef = B6BA5F1F1B0753CC004A5CEE /* 22,3.csv */; };
		B6BA5FB11B0753CD004A5CEE /* 23,1.csv in Resources */ = {isa = PBXBuildFile; fileRef = B6BA5F201B0753CC004A5CEE /* 23,1.csv */; };
		B6BA5FB21B0753CD004A5CEE /* 23,2.csv in Resources */ = {isa = PBXBuildFile; fileRef = B6BA5F211B0753CC004A5CEE /* 23,2.csv */; };
		B6BA5FB31B0753CD004A5CEE /* 23,3.csv in Resources */ = {isa = PBXBuildFile; fileRef = B6BA5F221B0753CC004A5CEE /* 23,3.csv */; };
		B6BA5FB41B0753CD004A5CEE /* 24,1.csv in Resources */ = {isa = PBXBuildFile; fileRef = B6BA5F241B0753CC004A5CEE /* 24,1.csv */; };
		B6BA5FB51B0753CD004A5CEE /* 24,2.csv in Resources */ = {isa = PBXBuildFile; fileRef = B6BA5F251B0753CC004A5CEE /* 24,2.csv */; };
		B6BA5FB61B0753CD004A5CEE /* 24,3.csv in Resources */ = {isa = PBXBuildFile; fileRef = B6BA5F261B0753CC004A5CEE /* 24,3.csv */; };
		B6BA5FB71B0753CD004A5CEE /* 25,1.cs in Resources */ = {isa = PBXBuildFile; fileRef = B6BA5F271B0753CC004A5CEE /* 25,1.cs */; };
		B6BA5FB81B0753CD004A5CEE /* 25,1.csv in Resources */ = {isa = PBXBuildFile; fileRef = B6BA5F281B0753CC004A5CEE /* 25,1.csv */; };
		B6BA5FB91B0753CD004A5CEE /* 25,2.csv in Resources */ = {isa = PBXBuildFile; fileRef = B6BA5F291B0753CC004A5CEE /* 25,2.csv */; };
		B6BA5FBA1B0753CD004A5CEE /* 25,3.csv in Resources */ = {isa = PBXBuildFile; fileRef = B6BA5F2A1B0753CC004A5CEE /* 25,3.csv */; };
		B6BA5FBB1B0753CD004A5CEE /* 26,1.csv in Resources */ = {isa = PBXBuildFile; fileRef = B6BA5F2B1B0753CC004A5CEE /* 26,1.csv */; };
		B6BA5FBC1B0753CD004A5CEE /* 26,2.csv in Resources */ = {isa = PBXBuildFile; fileRef = B6BA5F2C1B0753CC004A5CEE /* 26,2.csv */; };
		B6BA5FBD1B0753CD004A5CEE /* 26,3.csv in Resources */ = {isa = PBXBuildFile; fileRef = B6BA5F2D1B0753CC004A5CEE /* 26,3.csv */; };
		B6BA5FBE1B0753CD004A5CEE /* 27,1.csv in Resources */ = {isa = PBXBuildFile; fileRef = B6BA5F2E1B0753CC004A5CEE /* 27,1.csv */; };
		B6BA5FBF1B0753CD004A5CEE /* 27,2.csv in Resources */ = {isa = PBXBuildFile; fileRef = B6BA5F2F1B0753CC004A5CEE /* 27,2.csv */; };
		B6BA5FC01B0753CD004A5CEE /* 27,3.csv in Resources */ = {isa = PBXBuildFile; fileRef = B6BA5F301B0753CC004A5CEE /* 27,3.csv */; };
		B6BA5FC11B0753CD004A5CEE /* 28,1.csv in Resources */ = {isa = PBXBuildFile; fileRef = B6BA5F311B0753CC004A5CEE /* 28,1.csv */; };
		B6BA5FC21B0753CD004A5CEE /* 28,2.csv in Resources */ = {isa = PBXBuildFile; fileRef = B6BA5F321B0753CC004A5CEE /* 28,2.csv */; };
		B6BA5FC31B0753CD004A5CEE /* 28,3.csv in Resources */ = {isa = PBXBuildFile; fileRef = B6BA5F331B0753CC004A5CEE /* 28,3.csv */; };
		B6BA5FC41B0753CD004A5CEE /* 29,1.csv in Resources */ = {isa = PBXBuildFile; fileRef = B6BA5F341B0753CC004A5CEE /* 29,1.csv */; };
		B6BA5FC51B0753CD004A5CEE /* 29,2.csv in Resources */ = {isa = PBXBuildFile; fileRef = B6BA5F351B0753CC004A5CEE /* 29,2.csv */; };
		B6BA5FC61B0753CD004A5CEE /* 29,3.csv in Resources */ = {isa = PBXBuildFile; fileRef = B6BA5F361B0753CC004A5CEE /* 29,3.csv */; };
		B6BA5FC71B0753CD004A5CEE /* 30,1.csv in Resources */ = {isa = PBXBuildFile; fileRef = B6BA5F371B0753CC004A5CEE /* 30,1.csv */; };
		B6BA5FC81B0753CD004A5CEE /* 30,2.csv in Resources */ = {isa = PBXBuildFile; fileRef = B6BA5F381B0753CC004A5CEE /* 30,2.csv */; };
		B6BA5FC91B0753CD004A5CEE /* 30,3.csv in Resources */ = {isa = PBXBuildFile; fileRef = B6BA5F391B0753CC004A5CEE /* 30,3.csv */; };
		B6BA5FCA1B0753CD004A5CEE /* 31,1.csv in Resources */ = {isa = PBXBuildFile; fileRef = B6BA5F3B1B0753CD004A5CEE /* 31,1.csv */; };
		B6BA5FCB1B0753CD004A5CEE /* 31,2.csv in Resources */ = {isa = PBXBuildFile; fileRef = B6BA5F3C1B0753CD004A5CEE /* 31,2.csv */; };
		B6BA5FCC1B0753CD004A5CEE /* 31,3.csv in Resources */ = {isa = PBXBuildFile; fileRef = B6BA5F3D1B0753CD004A5CEE /* 31,3.csv */; };
		B6BA5FCD1B0753CD004A5CEE /* 32,1.csv in Resources */ = {isa = PBXBuildFile; fileRef = B6BA5F3E1B0753CD004A5CEE /* 32,1.csv */; };
		B6BA5FCE1B0753CD004A5CEE /* 32,2.csv in Resources */ = {isa = PBXBuildFile; fileRef = B6BA5F3F1B0753CD004A5CEE /* 32,2.csv */; };
		B6BA5FCF1B0753CD004A5CEE /* 32,3.csv in Resources */ = {isa = PBXBuildFile; fileRef = B6BA5F401B0753CD004A5CEE /* 32,3.csv */; };
		B6BA5FD01B0753CD004A5CEE /* 33,1.csv in Resources */ = {isa = PBXBuildFile; fileRef = B6BA5F411B0753CD004A5CEE /* 33,1.csv */; };
		B6BA5FD11B0753CD004A5CEE /* 33,2.csv in Resources */ = {isa = PBXBuildFile; fileRef = B6BA5F421B0753CD004A5CEE /* 33,2.csv */; };
		B6BA5FD21B0753CD004A5CEE /* 33,3.csv in Resources */ = {isa = PBXBuildFile; fileRef = B6BA5F431B0753CD004A5CEE /* 33,3.csv */; };
		B6BA5FD31B0753CD004A5CEE /* 34,1.csv in Resources */ = {isa = PBXBuildFile; fileRef = B6BA5F441B0753CD004A5CEE /* 34,1.csv */; };
		B6BA5FD41B0753CD004A5CEE /* 34,2.csv in Resources */ = {isa = PBXBuildFile; fileRef = B6BA5F451B0753CD004A5CEE /* 34,2.csv */; };
		B6BA5FD51B0753CD004A5CEE /* 34,3.csv in Resources */ = {isa = PBXBuildFile; fileRef = B6BA5F461B0753CD004A5CEE /* 34,3.csv */; };
		B6BA5FD61B0753CD004A5CEE /* 35,1.csv in Resources */ = {isa = PBXBuildFile; fileRef = B6BA5F471B0753CD004A5CEE /* 35,1.csv */; };
		B6BA5FD71B0753CD004A5CEE /* 35,2.csv in Resources */ = {isa = PBXBuildFile; fileRef = B6BA5F481B0753CD004A5CEE /* 35,2.csv */; };
		B6BA5FD81B0753CD004A5CEE /* 35,3.csv in Resources */ = {isa = PBXBuildFile; fileRef = B6BA5F491B0753CD004A5CEE /* 35,3.csv */; };
		B6BA5FD91B0753CD004A5CEE /* 36,1.csv in Resources */ = {isa = PBXBuildFile; fileRef = B6BA5F4A1B0753CD004A5CEE /* 36,1.csv */; };
		B6BA5FDA1B0753CD004A5CEE /* 36,2.csv in Resources */ = {isa = PBXBuildFile; fileRef = B6BA5F4B1B0753CD004A5CEE /* 36,2.csv */; };
		B6BA5FDB1B0753CD004A5CEE /* 36,3.csv in Resources */ = {isa = PBXBuildFile; fileRef = B6BA5F4C1B0753CD004A5CEE /* 36,3.csv */; };
		B6BA5FDC1B0753CD004A5CEE /* 37,1.csv in Resources */ = {isa = PBXBuildFile; fileRef = B6BA5F4D1B0753CD004A5CEE /* 37,1.csv */; };
		B6BA5FDD1B0753CD004A5CEE /* 37,2.csv in Resources */ = {isa = PBXBuildFile; fileRef = B6BA5F4E1B0753CD004A5CEE /* 37,2.csv */; };
		B6BA5FDE1B0753CD004A5CEE /* 37,3.csv in Resources */ = {isa = PBXBuildFile; fileRef = B6BA5F4F1B0753CD004A5CEE /* 37,3.csv */; };
		B6BA5FDF1B0753CD004A5CEE /* 38,1.csv in Resources */ = {isa = PBXBuildFile; fileRef = B6BA5F501B0753CD004A5CEE /* 38,1.csv */; };
		B6BA5FE01B0753CD004A5CEE /* 38,2.csv in Resources */ = {isa = PBXBuildFile; fileRef = B6BA5F511B0753CD004A5CEE /* 38,2.csv */; };
		B6BA5FE11B0753CD004A5CEE /* 38,3.csv in Resources */ = {isa = PBXBuildFile; fileRef = B6BA5F521B0753CD004A5CEE /* 38,3.csv */; };
		B6BA5FE21B0753CD004A5CEE /* 39,1.csv in Resources */ = {isa = PBXBuildFile; fileRef = B6BA5F531B0753CD004A5CEE /* 39,1.csv */; };
		B6BA5FE31B0753CD004A5CEE /* 39,2.csv in Resources */ = {isa = PBXBuildFile; fileRef = B6BA5F541B0753CD004A5CEE /* 39,2.csv */; };
		B6BA5FE41B0753CD004A5CEE /* 39,3.csv in Resources */ = {isa = PBXBuildFile; fileRef = B6BA5F551B0753CD004A5CEE /* 39,3.csv */; };
		B6BA5FE51B0753CD004A5CEE /* 40,1.csv in Resources */ = {isa = PBXBuildFile; fileRef = B6BA5F571B0753CD004A5CEE /* 40,1.csv */; };
		B6BA5FE61B0753CD004A5CEE /* 40,2.csv in Resources */ = {isa = PBXBuildFile; fileRef = B6BA5F581B0753CD004A5CEE /* 40,2.csv */; };
		B6BA5FE71B0753CD004A5CEE /* 40,3.csv in Resources */ = {isa = PBXBuildFile; fileRef = B6BA5F591B0753CD004A5CEE /* 40,3.csv */; };
		B6BA5FE81B0753CD004A5CEE /* 41,1.csv in Resources */ = {isa = PBXBuildFile; fileRef = B6BA5F5A1B0753CD004A5CEE /* 41,1.csv */; };
		B6BA5FE91B0753CD004A5CEE /* 41,2.csv in Resources */ = {isa = PBXBuildFile; fileRef = B6BA5F5B1B0753CD004A5CEE /* 41,2.csv */; };
		B6BA5FEA1B0753CD004A5CEE /* 41,3.csv in Resources */ = {isa = PBXBuildFile; fileRef = B6BA5F5C1B0753CD004A5CEE /* 41,3.csv */; };
		B6BA5FEB1B0753CD004A5CEE /* 42,1.csv in Resources */ = {isa = PBXBuildFile; fileRef = B6BA5F5D1B0753CD004A5CEE /* 42,1.csv */; };
		B6BA5FEC1B0753CD004A5CEE /* 42,2.csv in Resources */ = {isa = PBXBuildFile; fileRef = B6BA5F5E1B0753CD004A5CEE /* 42,2.csv */; };
		B6BA5FED1B0753CD004A5CEE /* 42,3.csv in Resources */ = {isa = PBXBuildFile; fileRef = B6BA5F5F1B0753CD004A5CEE /* 42,3.csv */; };
		B6BA5FEE1B0753CD004A5CEE /* 43,1.csv in Resources */ = {isa = PBXBuildFile; fileRef = B6BA5F601B0753CD004A5CEE /* 43,1.csv */; };
		B6BA5FEF1B0753CD004A5CEE /* 43,2.csv in Resources */ = {isa = PBXBuildFile; fileRef = B6BA5F611B0753CD004A5CEE /* 43,2.csv */; };
		B6BA5FF01B0753CD004A5CEE /* 43,3.csv in Resources */ = {isa = PBXBuildFile; fileRef = B6BA5F621B0753CD004A5CEE /* 43,3.csv */; };
		B6BA5FF11B0753CD004A5CEE /* 44,1.csv in Resources */ = {isa = PBXBuildFile; fileRef = B6BA5F631B0753CD004A5CEE /* 44,1.csv */; };
		B6BA5FF21B0753CD004A5CEE /* 44,2.csv in Resources */ = {isa = PBXBuildFile; fileRef = B6BA5F641B0753CD004A5CEE /* 44,2.csv */; };
		B6BA5FF31B0753CD004A5CEE /* 44,3.csv in Resources */ = {isa = PBXBuildFile; fileRef = B6BA5F651B0753CD004A5CEE /* 44,3.csv */; };
		B6BA5FF41B0753CD004A5CEE /* 45,1.csv in Resources */ = {isa = PBXBuildFile; fileRef = B6BA5F661B0753CD004A5CEE /* 45,1.csv */; };
		B6BA5FF51B0753CD004A5CEE /* 45,2.csv in Resources */ = {isa = PBXBuildFile; fileRef = B6BA5F671B0753CD004A5CEE /* 45,2.csv */; };
		B6BA5FF61B0753CD004A5CEE /* 45,3.csv in Resources */ = {isa = PBXBuildFile; fileRef = B6BA5F681B0753CD004A5CEE /* 45,3.csv */; };
		B6BA5FF71B0753CD004A5CEE /* 46,1.csv in Resources */ = {isa = PBXBuildFile; fileRef = B6BA5F691B0753CD004A5CEE /* 46,1.csv */; };
		B6BA5FF81B0753CD004A5CEE /* 46,2.csv in Resources */ = {isa = PBXBuildFile; fileRef = B6BA5F6A1B0753CD004A5CEE /* 46,2.csv */; };
		B6BA5FF91B0753CD004A5CEE /* 46,3.csv in Resources */ = {isa = PBXBuildFile; fileRef = B6BA5F6B1B0753CD004A5CEE /* 46,3.csv */; };
		B6BA5FFA1B0753CD004A5CEE /* 47,1.csv in Resources */ = {isa = PBXBuildFile; fileRef = B6BA5F6C1B0753CD004A5CEE /* 47,1.csv */; };
		B6BA5FFB1B0753CD004A5CEE /* 47,2.csv in Resources */ = {isa = PBXBuildFile; fileRef = B6BA5F6D1B0753CD004A5CEE /* 47,2.csv */; };
		B6BA5FFC1B0753CD004A5CEE /* 47,3.csv in Resources */ = {isa = PBXBuildFile; fileRef = B6BA5F6E1B0753CD004A5CEE /* 47,3.csv */; };
/* End PBXBuildFile section */

/* Begin PBXContainerItemProxy section */
		B69D300B1AF517FA00440A78 /* PBXContainerItemProxy */ = {
			isa = PBXContainerItemProxy;
			containerPortal = B69D2FE91AF517F900440A78 /* Project object */;
			proxyType = 1;
			remoteGlobalIDString = B69D2FF01AF517F900440A78;
			remoteInfo = koukouhensati;
		};
/* End PBXContainerItemProxy section */

/* Begin PBXFileReference section */
		B69D2FF11AF517F900440A78 /* koukouhensati.app */ = {isa = PBXFileReference; explicitFileType = wrapper.application; includeInIndex = 0; path = koukouhensati.app; sourceTree = BUILT_PRODUCTS_DIR; };
		B69D2FF51AF517F900440A78 /* Info.plist */ = {isa = PBXFileReference; lastKnownFileType = text.plist.xml; path = Info.plist; sourceTree = "<group>"; };
		B69D2FF61AF517FA00440A78 /* main.m */ = {isa = PBXFileReference; lastKnownFileType = sourcecode.c.objc; path = main.m; sourceTree = "<group>"; };
		B69D2FF81AF517FA00440A78 /* AppDelegate.h */ = {isa = PBXFileReference; lastKnownFileType = sourcecode.c.h; path = AppDelegate.h; sourceTree = "<group>"; };
		B69D2FF91AF517FA00440A78 /* AppDelegate.m */ = {isa = PBXFileReference; lastKnownFileType = sourcecode.c.objc; path = AppDelegate.m; sourceTree = "<group>"; };
		B69D2FFF1AF517FA00440A78 /* Base */ = {isa = PBXFileReference; lastKnownFileType = file.storyboard; name = Base; path = Base.lproj/Main.storyboard; sourceTree = "<group>"; };
		B69D30011AF517FA00440A78 /* Images.xcassets */ = {isa = PBXFileReference; lastKnownFileType = folder.assetcatalog; path = Images.xcassets; sourceTree = "<group>"; };
		B69D30041AF517FA00440A78 /* Base */ = {isa = PBXFileReference; lastKnownFileType = file.xib; name = Base; path = Base.lproj/LaunchScreen.xib; sourceTree = "<group>"; };
		B69D300A1AF517FA00440A78 /* koukouhensatiTests.xctest */ = {isa = PBXFileReference; explicitFileType = wrapper.cfbundle; includeInIndex = 0; path = koukouhensatiTests.xctest; sourceTree = BUILT_PRODUCTS_DIR; };
		B69D300F1AF517FA00440A78 /* Info.plist */ = {isa = PBXFileReference; lastKnownFileType = text.plist.xml; path = Info.plist; sourceTree = "<group>"; };
		B69D30101AF517FA00440A78 /* koukouhensatiTests.m */ = {isa = PBXFileReference; lastKnownFileType = sourcecode.c.objc; path = koukouhensatiTests.m; sourceTree = "<group>"; };
		B69D301D1AF5181E00440A78 /* ViewController.m */ = {isa = PBXFileReference; fileEncoding = 4; lastKnownFileType = sourcecode.c.objc; path = ViewController.m; sourceTree = "<group>"; };
		B69D301E1AF5181E00440A78 /* ViewController.h */ = {isa = PBXFileReference; fileEncoding = 4; lastKnownFileType = sourcecode.c.h; path = ViewController.h; sourceTree = "<group>"; };
		B69D301F1AF5181E00440A78 /* MenuViewController.m */ = {isa = PBXFileReference; fileEncoding = 4; lastKnownFileType = sourcecode.c.objc; path = MenuViewController.m; sourceTree = "<group>"; };
		B69D30201AF5181E00440A78 /* MenuViewController.h */ = {isa = PBXFileReference; fileEncoding = 4; lastKnownFileType = sourcecode.c.h; path = MenuViewController.h; sourceTree = "<group>"; };
		B69D30221AF5181E00440A78 /* BFPaperCheckbox.h */ = {isa = PBXFileReference; fileEncoding = 4; lastKnownFileType = sourcecode.c.h; path = BFPaperCheckbox.h; sourceTree = "<group>"; };
		B69D30231AF5181E00440A78 /* BFPaperCheckbox.m */ = {isa = PBXFileReference; fileEncoding = 4; lastKnownFileType = sourcecode.c.objc; path = BFPaperCheckbox.m; sourceTree = "<group>"; };
		B69D30251AF5181E00440A78 /* SVIndefiniteAnimatedView.h */ = {isa = PBXFileReference; fileEncoding = 4; lastKnownFileType = sourcecode.c.h; path = SVIndefiniteAnimatedView.h; sourceTree = "<group>"; };
		B69D30261AF5181E00440A78 /* SVIndefiniteAnimatedView.m */ = {isa = PBXFileReference; fileEncoding = 4; lastKnownFileType = sourcecode.c.objc; path = SVIndefiniteAnimatedView.m; sourceTree = "<group>"; };
		B69D30271AF5181E00440A78 /* SVProgressHUD-Prefix.pch */ = {isa = PBXFileReference; fileEncoding = 4; lastKnownFileType = sourcecode.c.h; path = "SVProgressHUD-Prefix.pch"; sourceTree = "<group>"; };
		B69D30281AF5181E00440A78 /* SVProgressHUD.bundle */ = {isa = PBXFileReference; lastKnownFileType = "wrapper.plug-in"; path = SVProgressHUD.bundle; sourceTree = "<group>"; };
		B69D30291AF5181E00440A78 /* SVProgressHUD.h */ = {isa = PBXFileReference; fileEncoding = 4; lastKnownFileType = sourcecode.c.h; path = SVProgressHUD.h; sourceTree = "<group>"; };
		B69D302A1AF5181E00440A78 /* SVProgressHUD.m */ = {isa = PBXFileReference; fileEncoding = 4; lastKnownFileType = sourcecode.c.objc; path = SVProgressHUD.m; sourceTree = "<group>"; };
		B69D302C1AF5181E00440A78 /* LICENSE.md */ = {isa = PBXFileReference; fileEncoding = 4; lastKnownFileType = net.daringfireball.markdown; path = LICENSE.md; sourceTree = "<group>"; };
		B69D302D1AF5181E00440A78 /* README.md */ = {isa = PBXFileReference; fileEncoding = 4; lastKnownFileType = net.daringfireball.markdown; path = README.md; sourceTree = "<group>"; };
		B69D302F1AF5181E00440A78 /* UIColor+BFPaperColors.h */ = {isa = PBXFileReference; fileEncoding = 4; lastKnownFileType = sourcecode.c.h; path = "UIColor+BFPaperColors.h"; sourceTree = "<group>"; };
		B69D30301AF5181E00440A78 /* UIColor+BFPaperColors.m */ = {isa = PBXFileReference; fileEncoding = 4; lastKnownFileType = sourcecode.c.objc; path = "UIColor+BFPaperColors.m"; sourceTree = "<group>"; };
		B6BA5DAF1AF73572004A5CEE /* QuartzCore.framework */ = {isa = PBXFileReference; lastKnownFileType = wrapper.framework; name = QuartzCore.framework; path = System/Library/Frameworks/QuartzCore.framework; sourceTree = SDKROOT; };
		B6BA5ED71B073956004A5CEE /* WebViewController.h */ = {isa = PBXFileReference; fileEncoding = 4; lastKnownFileType = sourcecode.c.h; path = WebViewController.h; sourceTree = "<group>"; };
		B6BA5ED81B073956004A5CEE /* WebViewController.m */ = {isa = PBXFileReference; fileEncoding = 4; lastKnownFileType = sourcecode.c.objc; path = WebViewController.m; sourceTree = "<group>"; };
		B6BA5EDC1B0753CC004A5CEE /* 1,1.csv */ = {isa = PBXFileReference; fileEncoding = 4; lastKnownFileType = text; path = "1,1.csv"; sourceTree = "<group>"; };
		B6BA5EDD1B0753CC004A5CEE /* 1,2.csv */ = {isa = PBXFileReference; fileEncoding = 4; lastKnownFileType = text; path = "1,2.csv"; sourceTree = "<group>"; };
		B6BA5EDE1B0753CC004A5CEE /* 1,3.csv */ = {isa = PBXFileReference; fileEncoding = 4; lastKnownFileType = text; path = "1,3.csv"; sourceTree = "<group>"; };
		B6BA5EDF1B0753CC004A5CEE /* 2,1.csv */ = {isa = PBXFileReference; fileEncoding = 4; lastKnownFileType = text; path = "2,1.csv"; sourceTree = "<group>"; };
		B6BA5EE01B0753CC004A5CEE /* 2,2.csv */ = {isa = PBXFileReference; fileEncoding = 4; lastKnownFileType = text; path = "2,2.csv"; sourceTree = "<group>"; };
		B6BA5EE11B0753CC004A5CEE /* 2,3.csv */ = {isa = PBXFileReference; fileEncoding = 4; lastKnownFileType = text; path = "2,3.csv"; sourceTree = "<group>"; };
		B6BA5EE21B0753CC004A5CEE /* 3,1.csv */ = {isa = PBXFileReference; fileEncoding = 4; lastKnownFileType = text; path = "3,1.csv"; sourceTree = "<group>"; };
		B6BA5EE31B0753CC004A5CEE /* 3,2.csv */ = {isa = PBXFileReference; fileEncoding = 4; lastKnownFileType = text; path = "3,2.csv"; sourceTree = "<group>"; };
		B6BA5EE41B0753CC004A5CEE /* 3,3.csv */ = {isa = PBXFileReference; fileEncoding = 4; lastKnownFileType = text; path = "3,3.csv"; sourceTree = "<group>"; };
		B6BA5EE51B0753CC004A5CEE /* 4,1.csv */ = {isa = PBXFileReference; fileEncoding = 4; lastKnownFileType = text; path = "4,1.csv"; sourceTree = "<group>"; };
		B6BA5EE61B0753CC004A5CEE /* 4,2.csv */ = {isa = PBXFileReference; fileEncoding = 4; lastKnownFileType = text; path = "4,2.csv"; sourceTree = "<group>"; };
		B6BA5EE71B0753CC004A5CEE /* 4,3.csv */ = {isa = PBXFileReference; fileEncoding = 4; lastKnownFileType = text; path = "4,3.csv"; sourceTree = "<group>"; };
		B6BA5EE81B0753CC004A5CEE /* 5,1.csv */ = {isa = PBXFileReference; fileEncoding = 4; lastKnownFileType = text; path = "5,1.csv"; sourceTree = "<group>"; };
		B6BA5EE91B0753CC004A5CEE /* 5,2.csv */ = {isa = PBXFileReference; fileEncoding = 4; lastKnownFileType = text; path = "5,2.csv"; sourceTree = "<group>"; };
		B6BA5EEA1B0753CC004A5CEE /* 5,3.csv */ = {isa = PBXFileReference; fileEncoding = 4; lastKnownFileType = text; path = "5,3.csv"; sourceTree = "<group>"; };
		B6BA5EEB1B0753CC004A5CEE /* 6,1csv */ = {isa = PBXFileReference; fileEncoding = 4; lastKnownFileType = text; path = "6,1csv"; sourceTree = "<group>"; };
		B6BA5EEC1B0753CC004A5CEE /* 6,2.csv */ = {isa = PBXFileReference; fileEncoding = 4; lastKnownFileType = text; path = "6,2.csv"; sourceTree = "<group>"; };
		B6BA5EED1B0753CC004A5CEE /* 6,3.csv */ = {isa = PBXFileReference; fileEncoding = 4; lastKnownFileType = text; path = "6,3.csv"; sourceTree = "<group>"; };
		B6BA5EEE1B0753CC004A5CEE /* 7,1.csv */ = {isa = PBXFileReference; fileEncoding = 4; lastKnownFileType = text; path = "7,1.csv"; sourceTree = "<group>"; };
		B6BA5EEF1B0753CC004A5CEE /* 7,2.csv */ = {isa = PBXFileReference; fileEncoding = 4; lastKnownFileType = text; path = "7,2.csv"; sourceTree = "<group>"; };
		B6BA5EF01B0753CC004A5CEE /* 7,3.csv */ = {isa = PBXFileReference; fileEncoding = 4; lastKnownFileType = text; path = "7,3.csv"; sourceTree = "<group>"; };
		B6BA5EF21B0753CC004A5CEE /* 10,1.csv */ = {isa = PBXFileReference; fileEncoding = 4; lastKnownFileType = text; path = "10,1.csv"; sourceTree = "<group>"; };
		B6BA5EF31B0753CC004A5CEE /* 10,2.csv */ = {isa = PBXFileReference; fileEncoding = 4; lastKnownFileType = text; path = "10,2.csv"; sourceTree = "<group>"; };
		B6BA5EF41B0753CC004A5CEE /* 10,3.csv */ = {isa = PBXFileReference; fileEncoding = 4; lastKnownFileType = text; path = "10,3.csv"; sourceTree = "<group>"; };
		B6BA5EF51B0753CC004A5CEE /* 11,1.csv */ = {isa = PBXFileReference; fileEncoding = 4; lastKnownFileType = text; path = "11,1.csv"; sourceTree = "<group>"; };
		B6BA5EF61B0753CC004A5CEE /* 11,2.csv */ = {isa = PBXFileReference; fileEncoding = 4; lastKnownFileType = text; path = "11,2.csv"; sourceTree = "<group>"; };
		B6BA5EF71B0753CC004A5CEE /* 11,3.csv */ = {isa = PBXFileReference; fileEncoding = 4; lastKnownFileType = text; path = "11,3.csv"; sourceTree = "<group>"; };
		B6BA5EF81B0753CC004A5CEE /* 12,1.csv */ = {isa = PBXFileReference; fileEncoding = 4; lastKnownFileType = text; path = "12,1.csv"; sourceTree = "<group>"; };
		B6BA5EF91B0753CC004A5CEE /* 12,2.csv */ = {isa = PBXFileReference; fileEncoding = 4; lastKnownFileType = text; path = "12,2.csv"; sourceTree = "<group>"; };
		B6BA5EFA1B0753CC004A5CEE /* 12,3.csv */ = {isa = PBXFileReference; fileEncoding = 4; lastKnownFileType = text; path = "12,3.csv"; sourceTree = "<group>"; };
		B6BA5EFB1B0753CC004A5CEE /* 13,1.csv */ = {isa = PBXFileReference; fileEncoding = 4; lastKnownFileType = text; path = "13,1.csv"; sourceTree = "<group>"; };
		B6BA5EFC1B0753CC004A5CEE /* 13,2.csv */ = {isa = PBXFileReference; fileEncoding = 4; lastKnownFileType = text; path = "13,2.csv"; sourceTree = "<group>"; };
		B6BA5EFD1B0753CC004A5CEE /* 13,3.csv */ = {isa = PBXFileReference; fileEncoding = 4; lastKnownFileType = text; path = "13,3.csv"; sourceTree = "<group>"; };
		B6BA5EFE1B0753CC004A5CEE /* 14,1.csv */ = {isa = PBXFileReference; fileEncoding = 4; lastKnownFileType = text; path = "14,1.csv"; sourceTree = "<group>"; };
		B6BA5EFF1B0753CC004A5CEE /* 14,2.csv */ = {isa = PBXFileReference; fileEncoding = 4; lastKnownFileType = text; path = "14,2.csv"; sourceTree = "<group>"; };
		B6BA5F001B0753CC004A5CEE /* 14,3.csv */ = {isa = PBXFileReference; fileEncoding = 4; lastKnownFileType = text; path = "14,3.csv"; sourceTree = "<group>"; };
		B6BA5F011B0753CC004A5CEE /* 8,1.csv */ = {isa = PBXFileReference; fileEncoding = 4; lastKnownFileType = text; path = "8,1.csv"; sourceTree = "<group>"; };
		B6BA5F021B0753CC004A5CEE /* 8,2.csv */ = {isa = PBXFileReference; fileEncoding = 4; lastKnownFileType = text; path = "8,2.csv"; sourceTree = "<group>"; };
		B6BA5F031B0753CC004A5CEE /* 8,3.csv */ = {isa = PBXFileReference; fileEncoding = 4; lastKnownFileType = text; path = "8,3.csv"; sourceTree = "<group>"; };
		B6BA5F041B0753CC004A5CEE /* 9,1.csv */ = {isa = PBXFileReference; fileEncoding = 4; lastKnownFileType = text; path = "9,1.csv"; sourceTree = "<group>"; };
		B6BA5F051B0753CC004A5CEE /* 9,2.csv */ = {isa = PBXFileReference; fileEncoding = 4; lastKnownFileType = text; path = "9,2.csv"; sourceTree = "<group>"; };
		B6BA5F061B0753CC004A5CEE /* 9,3.csv */ = {isa = PBXFileReference; fileEncoding = 4; lastKnownFileType = text; path = "9,3.csv"; sourceTree = "<group>"; };
		B6BA5F081B0753CC004A5CEE /* 15,1.csv */ = {isa = PBXFileReference; fileEncoding = 4; lastKnownFileType = text; path = "15,1.csv"; sourceTree = "<group>"; };
		B6BA5F091B0753CC004A5CEE /* 15,2.csv */ = {isa = PBXFileReference; fileEncoding = 4; lastKnownFileType = text; path = "15,2.csv"; sourceTree = "<group>"; };
		B6BA5F0A1B0753CC004A5CEE /* 15,3.csv */ = {isa = PBXFileReference; fileEncoding = 4; lastKnownFileType = text; path = "15,3.csv"; sourceTree = "<group>"; };
		B6BA5F0B1B0753CC004A5CEE /* 16,1.csv */ = {isa = PBXFileReference; fileEncoding = 4; lastKnownFileType = text; path = "16,1.csv"; sourceTree = "<group>"; };
		B6BA5F0C1B0753CC004A5CEE /* 16,2.csv */ = {isa = PBXFileReference; fileEncoding = 4; lastKnownFileType = text; path = "16,2.csv"; sourceTree = "<group>"; };
		B6BA5F0D1B0753CC004A5CEE /* 16,3.csv */ = {isa = PBXFileReference; fileEncoding = 4; lastKnownFileType = text; path = "16,3.csv"; sourceTree = "<group>"; };
		B6BA5F0E1B0753CC004A5CEE /* 17,1.csv */ = {isa = PBXFileReference; fileEncoding = 4; lastKnownFileType = text; path = "17,1.csv"; sourceTree = "<group>"; };
		B6BA5F0F1B0753CC004A5CEE /* 17,2.csv */ = {isa = PBXFileReference; fileEncoding = 4; lastKnownFileType = text; path = "17,2.csv"; sourceTree = "<group>"; };
		B6BA5F101B0753CC004A5CEE /* 17,3.csv */ = {isa = PBXFileReference; fileEncoding = 4; lastKnownFileType = text; path = "17,3.csv"; sourceTree = "<group>"; };
		B6BA5F111B0753CC004A5CEE /* 18,1.csv */ = {isa = PBXFileReference; fileEncoding = 4; lastKnownFileType = text; path = "18,1.csv"; sourceTree = "<group>"; };
		B6BA5F121B0753CC004A5CEE /* 18,2.csv */ = {isa = PBXFileReference; fileEncoding = 4; lastKnownFileType = text; path = "18,2.csv"; sourceTree = "<group>"; };
		B6BA5F131B0753CC004A5CEE /* 18,3.csv */ = {isa = PBXFileReference; fileEncoding = 4; lastKnownFileType = text; path = "18,3.csv"; sourceTree = "<group>"; };
		B6BA5F141B0753CC004A5CEE /* 19,1.csv */ = {isa = PBXFileReference; fileEncoding = 4; lastKnownFileType = text; path = "19,1.csv"; sourceTree = "<group>"; };
		B6BA5F151B0753CC004A5CEE /* 19,2.csv */ = {isa = PBXFileReference; fileEncoding = 4; lastKnownFileType = text; path = "19,2.csv"; sourceTree = "<group>"; };
		B6BA5F161B0753CC004A5CEE /* 19,3.csv */ = {isa = PBXFileReference; fileEncoding = 4; lastKnownFileType = text; path = "19,3.csv"; sourceTree = "<group>"; };
		B6BA5F171B0753CC004A5CEE /* 20,1.csv */ = {isa = PBXFileReference; fileEncoding = 4; lastKnownFileType = text; path = "20,1.csv"; sourceTree = "<group>"; };
		B6BA5F181B0753CC004A5CEE /* 20,2.csv */ = {isa = PBXFileReference; fileEncoding = 4; lastKnownFileType = text; path = "20,2.csv"; sourceTree = "<group>"; };
		B6BA5F191B0753CC004A5CEE /* 20,3.csv */ = {isa = PBXFileReference; fileEncoding = 4; lastKnownFileType = text; path = "20,3.csv"; sourceTree = "<group>"; };
		B6BA5F1A1B0753CC004A5CEE /* 21,1.csv */ = {isa = PBXFileReference; fileEncoding = 4; lastKnownFileType = text; path = "21,1.csv"; sourceTree = "<group>"; };
		B6BA5F1B1B0753CC004A5CEE /* 21,2.csv */ = {isa = PBXFileReference; fileEncoding = 4; lastKnownFileType = text; path = "21,2.csv"; sourceTree = "<group>"; };
		B6BA5F1C1B0753CC004A5CEE /* 21,3.csv */ = {isa = PBXFileReference; fileEncoding = 4; lastKnownFileType = text; path = "21,3.csv"; sourceTree = "<group>"; };
		B6BA5F1D1B0753CC004A5CEE /* 22,1.csv */ = {isa = PBXFileReference; fileEncoding = 4; lastKnownFileType = text; path = "22,1.csv"; sourceTree = "<group>"; };
		B6BA5F1E1B0753CC004A5CEE /* 22,2.csv */ = {isa = PBXFileReference; fileEncoding = 4; lastKnownFileType = text; path = "22,2.csv"; sourceTree = "<group>"; };
		B6BA5F1F1B0753CC004A5CEE /* 22,3.csv */ = {isa = PBXFileReference; fileEncoding = 4; lastKnownFileType = text; path = "22,3.csv"; sourceTree = "<group>"; };
		B6BA5F201B0753CC004A5CEE /* 23,1.csv */ = {isa = PBXFileReference; fileEncoding = 4; lastKnownFileType = text; path = "23,1.csv"; sourceTree = "<group>"; };
		B6BA5F211B0753CC004A5CEE /* 23,2.csv */ = {isa = PBXFileReference; fileEncoding = 4; lastKnownFileType = text; path = "23,2.csv"; sourceTree = "<group>"; };
		B6BA5F221B0753CC004A5CEE /* 23,3.csv */ = {isa = PBXFileReference; fileEncoding = 4; lastKnownFileType = text; path = "23,3.csv"; sourceTree = "<group>"; };
		B6BA5F241B0753CC004A5CEE /* 24,1.csv */ = {isa = PBXFileReference; fileEncoding = 4; lastKnownFileType = text; path = "24,1.csv"; sourceTree = "<group>"; };
		B6BA5F251B0753CC004A5CEE /* 24,2.csv */ = {isa = PBXFileReference; fileEncoding = 4; lastKnownFileType = text; path = "24,2.csv"; sourceTree = "<group>"; };
		B6BA5F261B0753CC004A5CEE /* 24,3.csv */ = {isa = PBXFileReference; fileEncoding = 4; lastKnownFileType = text; path = "24,3.csv"; sourceTree = "<group>"; };
		B6BA5F271B0753CC004A5CEE /* 25,1.cs */ = {isa = PBXFileReference; fileEncoding = 4; lastKnownFileType = text; path = "25,1.cs"; sourceTree = "<group>"; };
		B6BA5F281B0753CC004A5CEE /* 25,1.csv */ = {isa = PBXFileReference; fileEncoding = 4; lastKnownFileType = text; path = "25,1.csv"; sourceTree = "<group>"; };
		B6BA5F291B0753CC004A5CEE /* 25,2.csv */ = {isa = PBXFileReference; fileEncoding = 4; lastKnownFileType = text; path = "25,2.csv"; sourceTree = "<group>"; };
		B6BA5F2A1B0753CC004A5CEE /* 25,3.csv */ = {isa = PBXFileReference; fileEncoding = 4; lastKnownFileType = text; path = "25,3.csv"; sourceTree = "<group>"; };
		B6BA5F2B1B0753CC004A5CEE /* 26,1.csv */ = {isa = PBXFileReference; fileEncoding = 4; lastKnownFileType = text; path = "26,1.csv"; sourceTree = "<group>"; };
		B6BA5F2C1B0753CC004A5CEE /* 26,2.csv */ = {isa = PBXFileReference; fileEncoding = 4; lastKnownFileType = text; path = "26,2.csv"; sourceTree = "<group>"; };
		B6BA5F2D1B0753CC004A5CEE /* 26,3.csv */ = {isa = PBXFileReference; fileEncoding = 4; lastKnownFileType = text; path = "26,3.csv"; sourceTree = "<group>"; };
		B6BA5F2E1B0753CC004A5CEE /* 27,1.csv */ = {isa = PBXFileReference; fileEncoding = 4; lastKnownFileType = text; path = "27,1.csv"; sourceTree = "<group>"; };
		B6BA5F2F1B0753CC004A5CEE /* 27,2.csv */ = {isa = PBXFileReference; fileEncoding = 4; lastKnownFileType = text; path = "27,2.csv"; sourceTree = "<group>"; };
		B6BA5F301B0753CC004A5CEE /* 27,3.csv */ = {isa = PBXFileReference; fileEncoding = 4; lastKnownFileType = text; path = "27,3.csv"; sourceTree = "<group>"; };
		B6BA5F311B0753CC004A5CEE /* 28,1.csv */ = {isa = PBXFileReference; fileEncoding = 4; lastKnownFileType = text; path = "28,1.csv"; sourceTree = "<group>"; };
		B6BA5F321B0753CC004A5CEE /* 28,2.csv */ = {isa = PBXFileReference; fileEncoding = 4; lastKnownFileType = text; path = "28,2.csv"; sourceTree = "<group>"; };
		B6BA5F331B0753CC004A5CEE /* 28,3.csv */ = {isa = PBXFileReference; fileEncoding = 4; lastKnownFileType = text; path = "28,3.csv"; sourceTree = "<group>"; };
		B6BA5F341B0753CC004A5CEE /* 29,1.csv */ = {isa = PBXFileReference; fileEncoding = 4; lastKnownFileType = text; path = "29,1.csv"; sourceTree = "<group>"; };
		B6BA5F351B0753CC004A5CEE /* 29,2.csv */ = {isa = PBXFileReference; fileEncoding = 4; lastKnownFileType = text; path = "29,2.csv"; sourceTree = "<group>"; };
		B6BA5F361B0753CC004A5CEE /* 29,3.csv */ = {isa = PBXFileReference; fileEncoding = 4; lastKnownFileType = text; path = "29,3.csv"; sourceTree = "<group>"; };
		B6BA5F371B0753CC004A5CEE /* 30,1.csv */ = {isa = PBXFileReference; fileEncoding = 4; lastKnownFileType = text; path = "30,1.csv"; sourceTree = "<group>"; };
		B6BA5F381B0753CC004A5CEE /* 30,2.csv */ = {isa = PBXFileReference; fileEncoding = 4; lastKnownFileType = text; path = "30,2.csv"; sourceTree = "<group>"; };
		B6BA5F391B0753CC004A5CEE /* 30,3.csv */ = {isa = PBXFileReference; fileEncoding = 4; lastKnownFileType = text; path = "30,3.csv"; sourceTree = "<group>"; };
		B6BA5F3B1B0753CD004A5CEE /* 31,1.csv */ = {isa = PBXFileReference; fileEncoding = 4; lastKnownFileType = text; path = "31,1.csv"; sourceTree = "<group>"; };
		B6BA5F3C1B0753CD004A5CEE /* 31,2.csv */ = {isa = PBXFileReference; fileEncoding = 4; lastKnownFileType = text; path = "31,2.csv"; sourceTree = "<group>"; };
		B6BA5F3D1B0753CD004A5CEE /* 31,3.csv */ = {isa = PBXFileReference; fileEncoding = 4; lastKnownFileType = text; path = "31,3.csv"; sourceTree = "<group>"; };
		B6BA5F3E1B0753CD004A5CEE /* 32,1.csv */ = {isa = PBXFileReference; fileEncoding = 4; lastKnownFileType = text; path = "32,1.csv"; sourceTree = "<group>"; };
		B6BA5F3F1B0753CD004A5CEE /* 32,2.csv */ = {isa = PBXFileReference; fileEncoding = 4; lastKnownFileType = text; path = "32,2.csv"; sourceTree = "<group>"; };
		B6BA5F401B0753CD004A5CEE /* 32,3.csv */ = {isa = PBXFileReference; fileEncoding = 4; lastKnownFileType = text; path = "32,3.csv"; sourceTree = "<group>"; };
		B6BA5F411B0753CD004A5CEE /* 33,1.csv */ = {isa = PBXFileReference; fileEncoding = 4; lastKnownFileType = text; path = "33,1.csv"; sourceTree = "<group>"; };
		B6BA5F421B0753CD004A5CEE /* 33,2.csv */ = {isa = PBXFileReference; fileEncoding = 4; lastKnownFileType = text; path = "33,2.csv"; sourceTree = "<group>"; };
		B6BA5F431B0753CD004A5CEE /* 33,3.csv */ = {isa = PBXFileReference; fileEncoding = 4; lastKnownFileType = text; path = "33,3.csv"; sourceTree = "<group>"; };
		B6BA5F441B0753CD004A5CEE /* 34,1.csv */ = {isa = PBXFileReference; fileEncoding = 4; lastKnownFileType = text; path = "34,1.csv"; sourceTree = "<group>"; };
		B6BA5F451B0753CD004A5CEE /* 34,2.csv */ = {isa = PBXFileReference; fileEncoding = 4; lastKnownFileType = text; path = "34,2.csv"; sourceTree = "<group>"; };
		B6BA5F461B0753CD004A5CEE /* 34,3.csv */ = {isa = PBXFileReference; fileEncoding = 4; lastKnownFileType = text; path = "34,3.csv"; sourceTree = "<group>"; };
		B6BA5F471B0753CD004A5CEE /* 35,1.csv */ = {isa = PBXFileReference; fileEncoding = 4; lastKnownFileType = text; path = "35,1.csv"; sourceTree = "<group>"; };
		B6BA5F481B0753CD004A5CEE /* 35,2.csv */ = {isa = PBXFileReference; fileEncoding = 4; lastKnownFileType = text; path = "35,2.csv"; sourceTree = "<group>"; };
		B6BA5F491B0753CD004A5CEE /* 35,3.csv */ = {isa = PBXFileReference; fileEncoding = 4; lastKnownFileType = text; path = "35,3.csv"; sourceTree = "<group>"; };
		B6BA5F4A1B0753CD004A5CEE /* 36,1.csv */ = {isa = PBXFileReference; fileEncoding = 4; lastKnownFileType = text; path = "36,1.csv"; sourceTree = "<group>"; };
		B6BA5F4B1B0753CD004A5CEE /* 36,2.csv */ = {isa = PBXFileReference; fileEncoding = 4; lastKnownFileType = text; path = "36,2.csv"; sourceTree = "<group>"; };
		B6BA5F4C1B0753CD004A5CEE /* 36,3.csv */ = {isa = PBXFileReference; fileEncoding = 4; lastKnownFileType = text; path = "36,3.csv"; sourceTree = "<group>"; };
		B6BA5F4D1B0753CD004A5CEE /* 37,1.csv */ = {isa = PBXFileReference; fileEncoding = 4; lastKnownFileType = text; path = "37,1.csv"; sourceTree = "<group>"; };
		B6BA5F4E1B0753CD004A5CEE /* 37,2.csv */ = {isa = PBXFileReference; fileEncoding = 4; lastKnownFileType = text; path = "37,2.csv"; sourceTree = "<group>"; };
		B6BA5F4F1B0753CD004A5CEE /* 37,3.csv */ = {isa = PBXFileReference; fileEncoding = 4; lastKnownFileType = text; path = "37,3.csv"; sourceTree = "<group>"; };
		B6BA5F501B0753CD004A5CEE /* 38,1.csv */ = {isa = PBXFileReference; fileEncoding = 4; lastKnownFileType = text; path = "38,1.csv"; sourceTree = "<group>"; };
		B6BA5F511B0753CD004A5CEE /* 38,2.csv */ = {isa = PBXFileReference; fileEncoding = 4; lastKnownFileType = text; path = "38,2.csv"; sourceTree = "<group>"; };
		B6BA5F521B0753CD004A5CEE /* 38,3.csv */ = {isa = PBXFileReference; fileEncoding = 4; lastKnownFileType = text; path = "38,3.csv"; sourceTree = "<group>"; };
		B6BA5F531B0753CD004A5CEE /* 39,1.csv */ = {isa = PBXFileReference; fileEncoding = 4; lastKnownFileType = text; path = "39,1.csv"; sourceTree = "<group>"; };
		B6BA5F541B0753CD004A5CEE /* 39,2.csv */ = {isa = PBXFileReference; fileEncoding = 4; lastKnownFileType = text; path = "39,2.csv"; sourceTree = "<group>"; };
		B6BA5F551B0753CD004A5CEE /* 39,3.csv */ = {isa = PBXFileReference; fileEncoding = 4; lastKnownFileType = text; path = "39,3.csv"; sourceTree = "<group>"; };
		B6BA5F571B0753CD004A5CEE /* 40,1.csv */ = {isa = PBXFileReference; fileEncoding = 4; lastKnownFileType = text; path = "40,1.csv"; sourceTree = "<group>"; };
		B6BA5F581B0753CD004A5CEE /* 40,2.csv */ = {isa = PBXFileReference; fileEncoding = 4; lastKnownFileType = text; path = "40,2.csv"; sourceTree = "<group>"; };
		B6BA5F591B0753CD004A5CEE /* 40,3.csv */ = {isa = PBXFileReference; fileEncoding = 4; lastKnownFileType = text; path = "40,3.csv"; sourceTree = "<group>"; };
		B6BA5F5A1B0753CD004A5CEE /* 41,1.csv */ = {isa = PBXFileReference; fileEncoding = 4; lastKnownFileType = text; path = "41,1.csv"; sourceTree = "<group>"; };
		B6BA5F5B1B0753CD004A5CEE /* 41,2.csv */ = {isa = PBXFileReference; fileEncoding = 4; lastKnownFileType = text; path = "41,2.csv"; sourceTree = "<group>"; };
		B6BA5F5C1B0753CD004A5CEE /* 41,3.csv */ = {isa = PBXFileReference; fileEncoding = 4; lastKnownFileType = text; path = "41,3.csv"; sourceTree = "<group>"; };
		B6BA5F5D1B0753CD004A5CEE /* 42,1.csv */ = {isa = PBXFileReference; fileEncoding = 4; lastKnownFileType = text; path = "42,1.csv"; sourceTree = "<group>"; };
		B6BA5F5E1B0753CD004A5CEE /* 42,2.csv */ = {isa = PBXFileReference; fileEncoding = 4; lastKnownFileType = text; path = "42,2.csv"; sourceTree = "<group>"; };
		B6BA5F5F1B0753CD004A5CEE /* 42,3.csv */ = {isa = PBXFileReference; fileEncoding = 4; lastKnownFileType = text; path = "42,3.csv"; sourceTree = "<group>"; };
		B6BA5F601B0753CD004A5CEE /* 43,1.csv */ = {isa = PBXFileReference; fileEncoding = 4; lastKnownFileType = text; path = "43,1.csv"; sourceTree = "<group>"; };
		B6BA5F611B0753CD004A5CEE /* 43,2.csv */ = {isa = PBXFileReference; fileEncoding = 4; lastKnownFileType = text; path = "43,2.csv"; sourceTree = "<group>"; };
		B6BA5F621B0753CD004A5CEE /* 43,3.csv */ = {isa = PBXFileReference; fileEncoding = 4; lastKnownFileType = text; path = "43,3.csv"; sourceTree = "<group>"; };
		B6BA5F631B0753CD004A5CEE /* 44,1.csv */ = {isa = PBXFileReference; fileEncoding = 4; lastKnownFileType = text; path = "44,1.csv"; sourceTree = "<group>"; };
		B6BA5F641B0753CD004A5CEE /* 44,2.csv */ = {isa = PBXFileReference; fileEncoding = 4; lastKnownFileType = text; path = "44,2.csv"; sourceTree = "<group>"; };
		B6BA5F651B0753CD004A5CEE /* 44,3.csv */ = {isa = PBXFileReference; fileEncoding = 4; lastKnownFileType = text; path = "44,3.csv"; sourceTree = "<group>"; };
		B6BA5F661B0753CD004A5CEE /* 45,1.csv */ = {isa = PBXFileReference; fileEncoding = 4; lastKnownFileType = text; path = "45,1.csv"; sourceTree = "<group>"; };
		B6BA5F671B0753CD004A5CEE /* 45,2.csv */ = {isa = PBXFileReference; fileEncoding = 4; lastKnownFileType = text; path = "45,2.csv"; sourceTree = "<group>"; };
		B6BA5F681B0753CD004A5CEE /* 45,3.csv */ = {isa = PBXFileReference; fileEncoding = 4; lastKnownFileType = text; path = "45,3.csv"; sourceTree = "<group>"; };
		B6BA5F691B0753CD004A5CEE /* 46,1.csv */ = {isa = PBXFileReference; fileEncoding = 4; lastKnownFileType = text; path = "46,1.csv"; sourceTree = "<group>"; };
		B6BA5F6A1B0753CD004A5CEE /* 46,2.csv */ = {isa = PBXFileReference; fileEncoding = 4; lastKnownFileType = text; path = "46,2.csv"; sourceTree = "<group>"; };
		B6BA5F6B1B0753CD004A5CEE /* 46,3.csv */ = {isa = PBXFileReference; fileEncoding = 4; lastKnownFileType = text; path = "46,3.csv"; sourceTree = "<group>"; };
		B6BA5F6C1B0753CD004A5CEE /* 47,1.csv */ = {isa = PBXFileReference; fileEncoding = 4; lastKnownFileType = text; path = "47,1.csv"; sourceTree = "<group>"; };
		B6BA5F6D1B0753CD004A5CEE /* 47,2.csv */ = {isa = PBXFileReference; fileEncoding = 4; lastKnownFileType = text; path = "47,2.csv"; sourceTree = "<group>"; };
		B6BA5F6E1B0753CD004A5CEE /* 47,3.csv */ = {isa = PBXFileReference; fileEncoding = 4; lastKnownFileType = text; path = "47,3.csv"; sourceTree = "<group>"; };
/* End PBXFileReference section */

/* Begin PBXFrameworksBuildPhase section */
		B69D2FEE1AF517F900440A78 /* Frameworks */ = {
			isa = PBXFrameworksBuildPhase;
			buildActionMask = 2147483647;
			files = (
				B6BA5DB01AF73572004A5CEE /* QuartzCore.framework in Frameworks */,
			);
			runOnlyForDeploymentPostprocessing = 0;
		};
		B69D30071AF517FA00440A78 /* Frameworks */ = {
			isa = PBXFrameworksBuildPhase;
			buildActionMask = 2147483647;
			files = (
			);
			runOnlyForDeploymentPostprocessing = 0;
		};
/* End PBXFrameworksBuildPhase section */

/* Begin PBXGroup section */
		B69D2FE81AF517F900440A78 = {
			isa = PBXGroup;
			children = (
				B6BA5DAF1AF73572004A5CEE /* QuartzCore.framework */,
				B69D2FF31AF517F900440A78 /* koukouhensati */,
				B69D300D1AF517FA00440A78 /* koukouhensatiTests */,
				B69D2FF21AF517F900440A78 /* Products */,
			);
			sourceTree = "<group>";
		};
		B69D2FF21AF517F900440A78 /* Products */ = {
			isa = PBXGroup;
			children = (
				B69D2FF11AF517F900440A78 /* koukouhensati.app */,
				B69D300A1AF517FA00440A78 /* koukouhensatiTests.xctest */,
			);
			name = Products;
			sourceTree = "<group>";
		};
		B69D2FF31AF517F900440A78 /* koukouhensati */ = {
			isa = PBXGroup;
			children = (
				B6BA5EDA1B0753CC004A5CEE /* 高校csv */,
				B69D30211AF5181E00440A78 /* Library */,
				B69D301E1AF5181E00440A78 /* ViewController.h */,
				B69D301D1AF5181E00440A78 /* ViewController.m */,
				B69D30201AF5181E00440A78 /* MenuViewController.h */,
				B69D301F1AF5181E00440A78 /* MenuViewController.m */,
				B6BA5ED71B073956004A5CEE /* WebViewController.h */,
				B6BA5ED81B073956004A5CEE /* WebViewController.m */,
				B69D2FF81AF517FA00440A78 /* AppDelegate.h */,
				B69D2FF91AF517FA00440A78 /* AppDelegate.m */,
				B69D30031AF517FA00440A78 /* LaunchScreen.xib */,
				B69D2FFE1AF517FA00440A78 /* Main.storyboard */,
				B69D30011AF517FA00440A78 /* Images.xcassets */,
				B69D2FF41AF517F900440A78 /* Supporting Files */,
			);
			path = koukouhensati;
			sourceTree = "<group>";
		};
		B69D2FF41AF517F900440A78 /* Supporting Files */ = {
			isa = PBXGroup;
			children = (
				B69D2FF51AF517F900440A78 /* Info.plist */,
				B69D2FF61AF517FA00440A78 /* main.m */,
			);
			name = "Supporting Files";
			sourceTree = "<group>";
		};
		B69D300D1AF517FA00440A78 /* koukouhensatiTests */ = {
			isa = PBXGroup;
			children = (
				B69D30101AF517FA00440A78 /* koukouhensatiTests.m */,
				B69D300E1AF517FA00440A78 /* Supporting Files */,
			);
			path = koukouhensatiTests;
			sourceTree = "<group>";
		};
		B69D300E1AF517FA00440A78 /* Supporting Files */ = {
			isa = PBXGroup;
			children = (
				B69D300F1AF517FA00440A78 /* Info.plist */,
			);
			name = "Supporting Files";
			sourceTree = "<group>";
		};
		B69D30211AF5181E00440A78 /* Library */ = {
			isa = PBXGroup;
			children = (
				B69D303D1AF5182F00440A78 /* BFPaperCheckBox */,
				B69D30241AF5181E00440A78 /* SVProgressHUD */,
				B69D302B1AF5181E00440A78 /* UIColor+BFPaperColors */,
			);
			name = Library;
			path = Classes;
			sourceTree = "<group>";
		};
		B69D30241AF5181E00440A78 /* SVProgressHUD */ = {
			isa = PBXGroup;
			children = (
				B69D30251AF5181E00440A78 /* SVIndefiniteAnimatedView.h */,
				B69D30261AF5181E00440A78 /* SVIndefiniteAnimatedView.m */,
				B69D30271AF5181E00440A78 /* SVProgressHUD-Prefix.pch */,
				B69D30281AF5181E00440A78 /* SVProgressHUD.bundle */,
				B69D30291AF5181E00440A78 /* SVProgressHUD.h */,
				B69D302A1AF5181E00440A78 /* SVProgressHUD.m */,
			);
			path = SVProgressHUD;
			sourceTree = "<group>";
		};
		B69D302B1AF5181E00440A78 /* UIColor+BFPaperColors */ = {
			isa = PBXGroup;
			children = (
				B69D302C1AF5181E00440A78 /* LICENSE.md */,
				B69D302D1AF5181E00440A78 /* README.md */,
				B69D302E1AF5181E00440A78 /* UIColor+BFPaperColors */,
			);
			path = "UIColor+BFPaperColors";
			sourceTree = "<group>";
		};
		B69D302E1AF5181E00440A78 /* UIColor+BFPaperColors */ = {
			isa = PBXGroup;
			children = (
				B69D302F1AF5181E00440A78 /* UIColor+BFPaperColors.h */,
				B69D30301AF5181E00440A78 /* UIColor+BFPaperColors.m */,
			);
			path = "UIColor+BFPaperColors";
			sourceTree = "<group>";
		};
		B69D303D1AF5182F00440A78 /* BFPaperCheckBox */ = {
			isa = PBXGroup;
			children = (
				B69D30221AF5181E00440A78 /* BFPaperCheckbox.h */,
				B69D30231AF5181E00440A78 /* BFPaperCheckbox.m */,
			);
			name = BFPaperCheckBox;
			sourceTree = "<group>";
		};
		B6BA5EDA1B0753CC004A5CEE /* 高校csv */ = {
			isa = PBXGroup;
			children = (
				B6BA5EDB1B0753CC004A5CEE /* 1北海道・東方 */,
				B6BA5EF11B0753CC004A5CEE /* 2関東 */,
				B6BA5F071B0753CC004A5CEE /* 3中部 */,
				B6BA5F231B0753CC004A5CEE /* 4.近畿 */,
				B6BA5F3A1B0753CD004A5CEE /* 5中国・四国 */,
				B6BA5F561B0753CD004A5CEE /* 6九州・沖縄 */,
			);
			path = "高校csv";
			sourceTree = "<group>";
		};
		B6BA5EDB1B0753CC004A5CEE /* 1北海道・東方 */ = {
			isa = PBXGroup;
			children = (
				B6BA5EDC1B0753CC004A5CEE /* 1,1.csv */,
				B6BA5EDD1B0753CC004A5CEE /* 1,2.csv */,
				B6BA5EDE1B0753CC004A5CEE /* 1,3.csv */,
				B6BA5EDF1B0753CC004A5CEE /* 2,1.csv */,
				B6BA5EE01B0753CC004A5CEE /* 2,2.csv */,
				B6BA5EE11B0753CC004A5CEE /* 2,3.csv */,
				B6BA5EE21B0753CC004A5CEE /* 3,1.csv */,
				B6BA5EE31B0753CC004A5CEE /* 3,2.csv */,
				B6BA5EE41B0753CC004A5CEE /* 3,3.csv */,
				B6BA5EE51B0753CC004A5CEE /* 4,1.csv */,
				B6BA5EE61B0753CC004A5CEE /* 4,2.csv */,
				B6BA5EE71B0753CC004A5CEE /* 4,3.csv */,
				B6BA5EE81B0753CC004A5CEE /* 5,1.csv */,
				B6BA5EE91B0753CC004A5CEE /* 5,2.csv */,
				B6BA5EEA1B0753CC004A5CEE /* 5,3.csv */,
				B6BA5EEB1B0753CC004A5CEE /* 6,1csv */,
				B6BA5EEC1B0753CC004A5CEE /* 6,2.csv */,
				B6BA5EED1B0753CC004A5CEE /* 6,3.csv */,
				B6BA5EEE1B0753CC004A5CEE /* 7,1.csv */,
				B6BA5EEF1B0753CC004A5CEE /* 7,2.csv */,
				B6BA5EF01B0753CC004A5CEE /* 7,3.csv */,
			);
			path = "1北海道・東方";
			sourceTree = "<group>";
		};
		B6BA5EF11B0753CC004A5CEE /* 2関東 */ = {
			isa = PBXGroup;
			children = (
				B6BA5EF21B0753CC004A5CEE /* 10,1.csv */,
				B6BA5EF31B0753CC004A5CEE /* 10,2.csv */,
				B6BA5EF41B0753CC004A5CEE /* 10,3.csv */,
				B6BA5EF51B0753CC004A5CEE /* 11,1.csv */,
				B6BA5EF61B0753CC004A5CEE /* 11,2.csv */,
				B6BA5EF71B0753CC004A5CEE /* 11,3.csv */,
				B6BA5EF81B0753CC004A5CEE /* 12,1.csv */,
				B6BA5EF91B0753CC004A5CEE /* 12,2.csv */,
				B6BA5EFA1B0753CC004A5CEE /* 12,3.csv */,
				B6BA5EFB1B0753CC004A5CEE /* 13,1.csv */,
				B6BA5EFC1B0753CC004A5CEE /* 13,2.csv */,
				B6BA5EFD1B0753CC004A5CEE /* 13,3.csv */,
				B6BA5EFE1B0753CC004A5CEE /* 14,1.csv */,
				B6BA5EFF1B0753CC004A5CEE /* 14,2.csv */,
				B6BA5F001B0753CC004A5CEE /* 14,3.csv */,
				B6BA5F011B0753CC004A5CEE /* 8,1.csv */,
				B6BA5F021B0753CC004A5CEE /* 8,2.csv */,
				B6BA5F031B0753CC004A5CEE /* 8,3.csv */,
				B6BA5F041B0753CC004A5CEE /* 9,1.csv */,
				B6BA5F051B0753CC004A5CEE /* 9,2.csv */,
				B6BA5F061B0753CC004A5CEE /* 9,3.csv */,
			);
			path = "2関東";
			sourceTree = "<group>";
		};
		B6BA5F071B0753CC004A5CEE /* 3中部 */ = {
			isa = PBXGroup;
			children = (
				B6BA5F081B0753CC004A5CEE /* 15,1.csv */,
				B6BA5F091B0753CC004A5CEE /* 15,2.csv */,
				B6BA5F0A1B0753CC004A5CEE /* 15,3.csv */,
				B6BA5F0B1B0753CC004A5CEE /* 16,1.csv */,
				B6BA5F0C1B0753CC004A5CEE /* 16,2.csv */,
				B6BA5F0D1B0753CC004A5CEE /* 16,3.csv */,
				B6BA5F0E1B0753CC004A5CEE /* 17,1.csv */,
				B6BA5F0F1B0753CC004A5CEE /* 17,2.csv */,
				B6BA5F101B0753CC004A5CEE /* 17,3.csv */,
				B6BA5F111B0753CC004A5CEE /* 18,1.csv */,
				B6BA5F121B0753CC004A5CEE /* 18,2.csv */,
				B6BA5F131B0753CC004A5CEE /* 18,3.csv */,
				B6BA5F141B0753CC004A5CEE /* 19,1.csv */,
				B6BA5F151B0753CC004A5CEE /* 19,2.csv */,
				B6BA5F161B0753CC004A5CEE /* 19,3.csv */,
				B6BA5F171B0753CC004A5CEE /* 20,1.csv */,
				B6BA5F181B0753CC004A5CEE /* 20,2.csv */,
				B6BA5F191B0753CC004A5CEE /* 20,3.csv */,
				B6BA5F1A1B0753CC004A5CEE /* 21,1.csv */,
				B6BA5F1B1B0753CC004A5CEE /* 21,2.csv */,
				B6BA5F1C1B0753CC004A5CEE /* 21,3.csv */,
				B6BA5F1D1B0753CC004A5CEE /* 22,1.csv */,
				B6BA5F1E1B0753CC004A5CEE /* 22,2.csv */,
				B6BA5F1F1B0753CC004A5CEE /* 22,3.csv */,
				B6BA5F201B0753CC004A5CEE /* 23,1.csv */,
				B6BA5F211B0753CC004A5CEE /* 23,2.csv */,
				B6BA5F221B0753CC004A5CEE /* 23,3.csv */,
			);
			path = "3中部";
			sourceTree = "<group>";
		};
		B6BA5F231B0753CC004A5CEE /* 4.近畿 */ = {
			isa = PBXGroup;
			children = (
				B6BA5F241B0753CC004A5CEE /* 24,1.csv */,
				B6BA5F251B0753CC004A5CEE /* 24,2.csv */,
				B6BA5F261B0753CC004A5CEE /* 24,3.csv */,
				B6BA5F271B0753CC004A5CEE /* 25,1.cs */,
				B6BA5F281B0753CC004A5CEE /* 25,1.csv */,
				B6BA5F291B0753CC004A5CEE /* 25,2.csv */,
				B6BA5F2A1B0753CC004A5CEE /* 25,3.csv */,
				B6BA5F2B1B0753CC004A5CEE /* 26,1.csv */,
				B6BA5F2C1B0753CC004A5CEE /* 26,2.csv */,
				B6BA5F2D1B0753CC004A5CEE /* 26,3.csv */,
				B6BA5F2E1B0753CC004A5CEE /* 27,1.csv */,
				B6BA5F2F1B0753CC004A5CEE /* 27,2.csv */,
				B6BA5F301B0753CC004A5CEE /* 27,3.csv */,
				B6BA5F311B0753CC004A5CEE /* 28,1.csv */,
				B6BA5F321B0753CC004A5CEE /* 28,2.csv */,
				B6BA5F331B0753CC004A5CEE /* 28,3.csv */,
				B6BA5F341B0753CC004A5CEE /* 29,1.csv */,
				B6BA5F351B0753CC004A5CEE /* 29,2.csv */,
				B6BA5F361B0753CC004A5CEE /* 29,3.csv */,
				B6BA5F371B0753CC004A5CEE /* 30,1.csv */,
				B6BA5F381B0753CC004A5CEE /* 30,2.csv */,
				B6BA5F391B0753CC004A5CEE /* 30,3.csv */,
			);
			path = "4.近畿";
			sourceTree = "<group>";
		};
		B6BA5F3A1B0753CD004A5CEE /* 5中国・四国 */ = {
			isa = PBXGroup;
			children = (
				B6BA5F3B1B0753CD004A5CEE /* 31,1.csv */,
				B6BA5F3C1B0753CD004A5CEE /* 31,2.csv */,
				B6BA5F3D1B0753CD004A5CEE /* 31,3.csv */,
				B6BA5F3E1B0753CD004A5CEE /* 32,1.csv */,
				B6BA5F3F1B0753CD004A5CEE /* 32,2.csv */,
				B6BA5F401B0753CD004A5CEE /* 32,3.csv */,
				B6BA5F411B0753CD004A5CEE /* 33,1.csv */,
				B6BA5F421B0753CD004A5CEE /* 33,2.csv */,
				B6BA5F431B0753CD004A5CEE /* 33,3.csv */,
				B6BA5F441B0753CD004A5CEE /* 34,1.csv */,
				B6BA5F451B0753CD004A5CEE /* 34,2.csv */,
				B6BA5F461B0753CD004A5CEE /* 34,3.csv */,
				B6BA5F471B0753CD004A5CEE /* 35,1.csv */,
				B6BA5F481B0753CD004A5CEE /* 35,2.csv */,
				B6BA5F491B0753CD004A5CEE /* 35,3.csv */,
				B6BA5F4A1B0753CD004A5CEE /* 36,1.csv */,
				B6BA5F4B1B0753CD004A5CEE /* 36,2.csv */,
				B6BA5F4C1B0753CD004A5CEE /* 36,3.csv */,
				B6BA5F4D1B0753CD004A5CEE /* 37,1.csv */,
				B6BA5F4E1B0753CD004A5CEE /* 37,2.csv */,
				B6BA5F4F1B0753CD004A5CEE /* 37,3.csv */,
				B6BA5F501B0753CD004A5CEE /* 38,1.csv */,
				B6BA5F511B0753CD004A5CEE /* 38,2.csv */,
				B6BA5F521B0753CD004A5CEE /* 38,3.csv */,
				B6BA5F531B0753CD004A5CEE /* 39,1.csv */,
				B6BA5F541B0753CD004A5CEE /* 39,2.csv */,
				B6BA5F551B0753CD004A5CEE /* 39,3.csv */,
			);
			path = "5中国・四国";
			sourceTree = "<group>";
		};
		B6BA5F561B0753CD004A5CEE /* 6九州・沖縄 */ = {
			isa = PBXGroup;
			children = (
				B6BA5F571B0753CD004A5CEE /* 40,1.csv */,
				B6BA5F581B0753CD004A5CEE /* 40,2.csv */,
				B6BA5F591B0753CD004A5CEE /* 40,3.csv */,
				B6BA5F5A1B0753CD004A5CEE /* 41,1.csv */,
				B6BA5F5B1B0753CD004A5CEE /* 41,2.csv */,
				B6BA5F5C1B0753CD004A5CEE /* 41,3.csv */,
				B6BA5F5D1B0753CD004A5CEE /* 42,1.csv */,
				B6BA5F5E1B0753CD004A5CEE /* 42,2.csv */,
				B6BA5F5F1B0753CD004A5CEE /* 42,3.csv */,
				B6BA5F601B0753CD004A5CEE /* 43,1.csv */,
				B6BA5F611B0753CD004A5CEE /* 43,2.csv */,
				B6BA5F621B0753CD004A5CEE /* 43,3.csv */,
				B6BA5F631B0753CD004A5CEE /* 44,1.csv */,
				B6BA5F641B0753CD004A5CEE /* 44,2.csv */,
				B6BA5F651B0753CD004A5CEE /* 44,3.csv */,
				B6BA5F661B0753CD004A5CEE /* 45,1.csv */,
				B6BA5F671B0753CD004A5CEE /* 45,2.csv */,
				B6BA5F681B0753CD004A5CEE /* 45,3.csv */,
				B6BA5F691B0753CD004A5CEE /* 46,1.csv */,
				B6BA5F6A1B0753CD004A5CEE /* 46,2.csv */,
				B6BA5F6B1B0753CD004A5CEE /* 46,3.csv */,
				B6BA5F6C1B0753CD004A5CEE /* 47,1.csv */,
				B6BA5F6D1B0753CD004A5CEE /* 47,2.csv */,
				B6BA5F6E1B0753CD004A5CEE /* 47,3.csv */,
			);
			path = "6九州・沖縄";
			sourceTree = "<group>";
		};
/* End PBXGroup section */

/* Begin PBXNativeTarget section */
		B69D2FF01AF517F900440A78 /* koukouhensati */ = {
			isa = PBXNativeTarget;
			buildConfigurationList = B69D30141AF517FA00440A78 /* Build configuration list for PBXNativeTarget "koukouhensati" */;
			buildPhases = (
				B69D2FED1AF517F900440A78 /* Sources */,
				B69D2FEE1AF517F900440A78 /* Frameworks */,
				B69D2FEF1AF517F900440A78 /* Resources */,
			);
			buildRules = (
			);
			dependencies = (
			);
			name = koukouhensati;
			productName = koukouhensati;
			productReference = B69D2FF11AF517F900440A78 /* koukouhensati.app */;
			productType = "com.apple.product-type.application";
		};
		B69D30091AF517FA00440A78 /* koukouhensatiTests */ = {
			isa = PBXNativeTarget;
			buildConfigurationList = B69D30171AF517FA00440A78 /* Build configuration list for PBXNativeTarget "koukouhensatiTests" */;
			buildPhases = (
				B69D30061AF517FA00440A78 /* Sources */,
				B69D30071AF517FA00440A78 /* Frameworks */,
				B69D30081AF517FA00440A78 /* Resources */,
			);
			buildRules = (
			);
			dependencies = (
				B69D300C1AF517FA00440A78 /* PBXTargetDependency */,
			);
			name = koukouhensatiTests;
			productName = koukouhensatiTests;
			productReference = B69D300A1AF517FA00440A78 /* koukouhensatiTests.xctest */;
			productType = "com.apple.product-type.bundle.unit-test";
		};
/* End PBXNativeTarget section */

/* Begin PBXProject section */
		B69D2FE91AF517F900440A78 /* Project object */ = {
			isa = PBXProject;
			attributes = {
				LastUpgradeCheck = 0620;
				ORGANIZATIONNAME = Taiki;
				TargetAttributes = {
					B69D2FF01AF517F900440A78 = {
						CreatedOnToolsVersion = 6.2;
					};
					B69D30091AF517FA00440A78 = {
						CreatedOnToolsVersion = 6.2;
						TestTargetID = B69D2FF01AF517F900440A78;
					};
				};
			};
			buildConfigurationList = B69D2FEC1AF517F900440A78 /* Build configuration list for PBXProject "koukouhensati" */;
			compatibilityVersion = "Xcode 3.2";
			developmentRegion = English;
			hasScannedForEncodings = 0;
			knownRegions = (
				en,
				Base,
			);
			mainGroup = B69D2FE81AF517F900440A78;
			productRefGroup = B69D2FF21AF517F900440A78 /* Products */;
			projectDirPath = "";
			projectRoot = "";
			targets = (
				B69D2FF01AF517F900440A78 /* koukouhensati */,
				B69D30091AF517FA00440A78 /* koukouhensatiTests */,
			);
		};
/* End PBXProject section */

/* Begin PBXResourcesBuildPhase section */
		B69D2FEF1AF517F900440A78 /* Resources */ = {
			isa = PBXResourcesBuildPhase;
			buildActionMask = 2147483647;
			files = (
				B6BA5FF81B0753CD004A5CEE /* 46,2.csv in Resources */,
				B6BA5FB81B0753CD004A5CEE /* 25,1.csv in Resources */,
				B6BA5F9D1B0753CD004A5CEE /* 16,2.csv in Resources */,
				B6BA5FE11B0753CD004A5CEE /* 38,3.csv in Resources */,
				B6BA5FE21B0753CD004A5CEE /* 39,1.csv in Resources */,
				B6BA5F951B0753CD004A5CEE /* 8,3.csv in Resources */,
				B6BA5FCA1B0753CD004A5CEE /* 31,1.csv in Resources */,
				B6BA5FBF1B0753CD004A5CEE /* 27,2.csv in Resources */,
				B6BA5FE91B0753CD004A5CEE /* 41,2.csv in Resources */,
				B6BA5F801B0753CD004A5CEE /* 6,3.csv in Resources */,
				B6BA5FCD1B0753CD004A5CEE /* 32,1.csv in Resources */,
				B6BA5FAC1B0753CD004A5CEE /* 21,2.csv in Resources */,
				B6BA5FAA1B0753CD004A5CEE /* 20,3.csv in Resources */,
				B6BA5FA11B0753CD004A5CEE /* 17,3.csv in Resources */,
				B6BA5F771B0753CD004A5CEE /* 3,3.csv in Resources */,
				B6BA5FBA1B0753CD004A5CEE /* 25,3.csv in Resources */,
				B6BA5F8A1B0753CD004A5CEE /* 12,1.csv in Resources */,
				B6BA5F9B1B0753CD004A5CEE /* 15,3.csv in Resources */,
				B6BA5FD71B0753CD004A5CEE /* 35,2.csv in Resources */,
				B6BA5F941B0753CD004A5CEE /* 8,2.csv in Resources */,
				B6BA5F721B0753CD004A5CEE /* 2,1.csv in Resources */,
				B6BA5FA71B0753CD004A5CEE /* 19,3.csv in Resources */,
				B6BA5F9E1B0753CD004A5CEE /* 16,3.csv in Resources */,
				B6BA5F9A1B0753CD004A5CEE /* 15,2.csv in Resources */,
				B6BA5F701B0753CD004A5CEE /* 1,2.csv in Resources */,
				B6BA5FD91B0753CD004A5CEE /* 36,1.csv in Resources */,
				B6BA5FF51B0753CD004A5CEE /* 45,2.csv in Resources */,
				B6BA5F6F1B0753CD004A5CEE /* 1,1.csv in Resources */,
				B6BA5F7A1B0753CD004A5CEE /* 4,3.csv in Resources */,
				B6BA5F821B0753CD004A5CEE /* 7,2.csv in Resources */,
				B6BA5FCB1B0753CD004A5CEE /* 31,2.csv in Resources */,
				B6BA5F7E1B0753CD004A5CEE /* 6,1csv in Resources */,
				B6BA5FAE1B0753CD004A5CEE /* 22,1.csv in Resources */,
				B6BA5FCF1B0753CD004A5CEE /* 32,3.csv in Resources */,
				B6BA5FA21B0753CD004A5CEE /* 18,1.csv in Resources */,
				B6BA5FB41B0753CD004A5CEE /* 24,1.csv in Resources */,
				B6BA5FBE1B0753CD004A5CEE /* 27,1.csv in Resources */,
				B6BA5FBB1B0753CD004A5CEE /* 26,1.csv in Resources */,
				B6BA5FDD1B0753CD004A5CEE /* 37,2.csv in Resources */,
				B6BA5F731B0753CD004A5CEE /* 2,2.csv in Resources */,
				B6BA5FA61B0753CD004A5CEE /* 19,2.csv in Resources */,
				B6BA5FE31B0753CD004A5CEE /* 39,2.csv in Resources */,
				B6BA5FFA1B0753CD004A5CEE /* 47,1.csv in Resources */,
				B6BA5F901B0753CD004A5CEE /* 14,1.csv in Resources */,
				B6BA5FCE1B0753CD004A5CEE /* 32,2.csv in Resources */,
				B6BA5FC31B0753CD004A5CEE /* 28,3.csv in Resources */,
				B6BA5FB11B0753CD004A5CEE /* 23,1.csv in Resources */,
				B6BA5FB91B0753CD004A5CEE /* 25,2.csv in Resources */,
				B6BA5F741B0753CD004A5CEE /* 2,3.csv in Resources */,
				B6BA5FD01B0753CD004A5CEE /* 33,1.csv in Resources */,
				B6BA5F781B0753CD004A5CEE /* 4,1.csv in Resources */,
				B6BA5FD41B0753CD004A5CEE /* 34,2.csv in Resources */,
				B6BA5F981B0753CD004A5CEE /* 9,3.csv in Resources */,
				B6BA5F961B0753CD004A5CEE /* 9,1.csv in Resources */,
				B6BA5F711B0753CD004A5CEE /* 1,3.csv in Resources */,
				B6BA5F8D1B0753CD004A5CEE /* 13,1.csv in Resources */,
				B6BA5FD51B0753CD004A5CEE /* 34,3.csv in Resources */,
				B6BA5FAB1B0753CD004A5CEE /* 21,1.csv in Resources */,
				B6BA5FB51B0753CD004A5CEE /* 24,2.csv in Resources */,
				B6BA5FF91B0753CD004A5CEE /* 46,3.csv in Resources */,
				B6BA5F761B0753CD004A5CEE /* 3,2.csv in Resources */,
				B6BA5FA01B0753CD004A5CEE /* 17,2.csv in Resources */,
				B6BA5FD61B0753CD004A5CEE /* 35,1.csv in Resources */,
				B6BA5FB31B0753CD004A5CEE /* 23,3.csv in Resources */,
				B6BA5F891B0753CD004A5CEE /* 11,3.csv in Resources */,
				B6BA5FED1B0753CD004A5CEE /* 42,3.csv in Resources */,
				B6BA5FE81B0753CD004A5CEE /* 41,1.csv in Resources */,
				B6BA5FA41B0753CD004A5CEE /* 18,3.csv in Resources */,
				B6BA5FDA1B0753CD004A5CEE /* 36,2.csv in Resources */,
				B6BA5F9F1B0753CD004A5CEE /* 17,1.csv in Resources */,
				B6BA5FFC1B0753CD004A5CEE /* 47,3.csv in Resources */,
				B6BA5FC01B0753CD004A5CEE /* 27,3.csv in Resources */,
				B6BA5FC91B0753CD004A5CEE /* 30,3.csv in Resources */,
				B69D30381AF5181E00440A78 /* SVProgressHUD.bundle in Resources */,
				B6BA5FEC1B0753CD004A5CEE /* 42,2.csv in Resources */,
				B6BA5F841B0753CD004A5CEE /* 10,1.csv in Resources */,
				B6BA5F931B0753CD004A5CEE /* 8,1.csv in Resources */,
				B6BA5FF21B0753CD004A5CEE /* 44,2.csv in Resources */,
				B6BA5FEA1B0753CD004A5CEE /* 41,3.csv in Resources */,
				B6BA5FE71B0753CD004A5CEE /* 40,3.csv in Resources */,
				B6BA5FC81B0753CD004A5CEE /* 30,2.csv in Resources */,
				B6BA5FC21B0753CD004A5CEE /* 28,2.csv in Resources */,
				B6BA5F811B0753CD004A5CEE /* 7,1.csv in Resources */,
				B6BA5F991B0753CD004A5CEE /* 15,1.csv in Resources */,
				B6BA5FF11B0753CD004A5CEE /* 44,1.csv in Resources */,
				B6BA5FA81B0753CD004A5CEE /* 20,1.csv in Resources */,
				B6BA5FF31B0753CD004A5CEE /* 44,3.csv in Resources */,
				B6BA5FD31B0753CD004A5CEE /* 34,1.csv in Resources */,
				B6BA5FAF1B0753CD004A5CEE /* 22,2.csv in Resources */,
				B6BA5FB01B0753CD004A5CEE /* 22,3.csv in Resources */,
				B6BA5FD11B0753CD004A5CEE /* 33,2.csv in Resources */,
				B69D30001AF517FA00440A78 /* Main.storyboard in Resources */,
				B6BA5F7C1B0753CD004A5CEE /* 5,2.csv in Resources */,
				B6BA5FDB1B0753CD004A5CEE /* 36,3.csv in Resources */,
				B6BA5F881B0753CD004A5CEE /* 11,2.csv in Resources */,
				B6BA5FF41B0753CD004A5CEE /* 45,1.csv in Resources */,
				B6BA5FDF1B0753CD004A5CEE /* 38,1.csv in Resources */,
				B6BA5F7D1B0753CD004A5CEE /* 5,3.csv in Resources */,
				B6BA5FA91B0753CD004A5CEE /* 20,2.csv in Resources */,
				B6BA5FF01B0753CD004A5CEE /* 43,3.csv in Resources */,
				B6BA5FD21B0753CD004A5CEE /* 33,3.csv in Resources */,
				B6BA5FE41B0753CD004A5CEE /* 39,3.csv in Resources */,
				B6BA5FB71B0753CD004A5CEE /* 25,1.cs in Resources */,
				B69D30051AF517FA00440A78 /* LaunchScreen.xib in Resources */,
				B6BA5FDE1B0753CD004A5CEE /* 37,3.csv in Resources */,
				B6BA5F8F1B0753CD004A5CEE /* 13,3.csv in Resources */,
				B6BA5FBD1B0753CD004A5CEE /* 26,3.csv in Resources */,
				B6BA5FAD1B0753CD004A5CEE /* 21,3.csv in Resources */,
				B6BA5F8E1B0753CD004A5CEE /* 13,2.csv in Resources */,
				B6BA5FC61B0753CD004A5CEE /* 29,3.csv in Resources */,
				B6BA5F831B0753CD004A5CEE /* 7,3.csv in Resources */,
				B6BA5F791B0753CD004A5CEE /* 4,2.csv in Resources */,
				B6BA5F871B0753CD004A5CEE /* 11,1.csv in Resources */,
				B6BA5FA51B0753CD004A5CEE /* 19,1.csv in Resources */,
				B6BA5F911B0753CD004A5CEE /* 14,2.csv in Resources */,
				B6BA5FF71B0753CD004A5CEE /* 46,1.csv in Resources */,
				B6BA5F8C1B0753CD004A5CEE /* 12,3.csv in Resources */,
				B6BA5F861B0753CD004A5CEE /* 10,3.csv in Resources */,
				B69D30021AF517FA00440A78 /* Images.xcassets in Resources */,
				B6BA5FA31B0753CD004A5CEE /* 18,2.csv in Resources */,
				B6BA5FC71B0753CD004A5CEE /* 30,1.csv in Resources */,
				B6BA5F7F1B0753CD004A5CEE /* 6,2.csv in Resources */,
				B6BA5FC41B0753CD004A5CEE /* 29,1.csv in Resources */,
				B6BA5FF61B0753CD004A5CEE /* 45,3.csv in Resources */,
				B6BA5FBC1B0753CD004A5CEE /* 26,2.csv in Resources */,
				B6BA5FB61B0753CD004A5CEE /* 24,3.csv in Resources */,
				B6BA5FE61B0753CD004A5CEE /* 40,2.csv in Resources */,
				B6BA5FC51B0753CD004A5CEE /* 29,2.csv in Resources */,
				B6BA5F851B0753CD004A5CEE /* 10,2.csv in Resources */,
				B6BA5F8B1B0753CD004A5CEE /* 12,2.csv in Resources */,
				B6BA5F751B0753CD004A5CEE /* 3,1.csv in Resources */,
				B6BA5FDC1B0753CD004A5CEE /* 37,1.csv in Resources */,
				B6BA5FC11B0753CD004A5CEE /* 28,1.csv in Resources */,
				B6BA5FD81B0753CD004A5CEE /* 35,3.csv in Resources */,
				B6BA5FFB1B0753CD004A5CEE /* 47,2.csv in Resources */,
				B6BA5F971B0753CD004A5CEE /* 9,2.csv in Resources */,
				B6BA5FCC1B0753CD004A5CEE /* 31,3.csv in Resources */,
				B6BA5FEF1B0753CD004A5CEE /* 43,2.csv in Resources */,
				B6BA5FE01B0753CD004A5CEE /* 38,2.csv in Resources */,
				B6BA5F921B0753CD004A5CEE /* 14,3.csv in Resources */,
				B6BA5FEE1B0753CD004A5CEE /* 43,1.csv in Resources */,
				B6BA5FB21B0753CD004A5CEE /* 23,2.csv in Resources */,
				B6BA5FE51B0753CD004A5CEE /* 40,1.csv in Resources */,
				B6BA5FEB1B0753CD004A5CEE /* 42,1.csv in Resources */,
				B6BA5F9C1B0753CD004A5CEE /* 16,1.csv in Resources */,
				B6BA5F7B1B0753CD004A5CEE /* 5,1.csv in Resources */,
			);
			runOnlyForDeploymentPostprocessing = 0;
		};
		B69D30081AF517FA00440A78 /* Resources */ = {
			isa = PBXResourcesBuildPhase;
			buildActionMask = 2147483647;
			files = (
			);
			runOnlyForDeploymentPostprocessing = 0;
		};
/* End PBXResourcesBuildPhase section */

/* Begin PBXSourcesBuildPhase section */
		B69D2FED1AF517F900440A78 /* Sources */ = {
			isa = PBXSourcesBuildPhase;
			buildActionMask = 2147483647;
			files = (
				B69D30341AF5181E00440A78 /* ViewController.m in Sources */,
				B69D2FFA1AF517FA00440A78 /* AppDelegate.m in Sources */,
				B6BA5ED91B073956004A5CEE /* WebViewController.m in Sources */,
				B69D2FF71AF517FA00440A78 /* main.m in Sources */,
				B69D30391AF5181E00440A78 /* SVProgressHUD.m in Sources */,
				B69D303C1AF5181E00440A78 /* UIColor+BFPaperColors.m in Sources */,
				B69D303A1AF5181E00440A78 /* LICENSE.md in Sources */,
				B69D30361AF5181E00440A78 /* BFPaperCheckbox.m in Sources */,
				B69D303B1AF5181E00440A78 /* README.md in Sources */,
				B69D30351AF5181E00440A78 /* MenuViewController.m in Sources */,
				B69D30371AF5181E00440A78 /* SVIndefiniteAnimatedView.m in Sources */,
			);
			runOnlyForDeploymentPostprocessing = 0;
		};
		B69D30061AF517FA00440A78 /* Sources */ = {
			isa = PBXSourcesBuildPhase;
			buildActionMask = 2147483647;
			files = (
				B69D30111AF517FA00440A78 /* koukouhensatiTests.m in Sources */,
			);
			runOnlyForDeploymentPostprocessing = 0;
		};
/* End PBXSourcesBuildPhase section */

/* Begin PBXTargetDependency section */
		B69D300C1AF517FA00440A78 /* PBXTargetDependency */ = {
			isa = PBXTargetDependency;
			target = B69D2FF01AF517F900440A78 /* koukouhensati */;
			targetProxy = B69D300B1AF517FA00440A78 /* PBXContainerItemProxy */;
		};
/* End PBXTargetDependency section */

/* Begin PBXVariantGroup section */
		B69D2FFE1AF517FA00440A78 /* Main.storyboard */ = {
			isa = PBXVariantGroup;
			children = (
				B69D2FFF1AF517FA00440A78 /* Base */,
			);
			name = Main.storyboard;
			sourceTree = "<group>";
		};
		B69D30031AF517FA00440A78 /* LaunchScreen.xib */ = {
			isa = PBXVariantGroup;
			children = (
				B69D30041AF517FA00440A78 /* Base */,
			);
			name = LaunchScreen.xib;
			sourceTree = "<group>";
		};
/* End PBXVariantGroup section */

/* Begin XCBuildConfiguration section */
		B69D30121AF517FA00440A78 /* Debug */ = {
			isa = XCBuildConfiguration;
			buildSettings = {
				ALWAYS_SEARCH_USER_PATHS = NO;
				CLANG_CXX_LANGUAGE_STANDARD = "gnu++0x";
				CLANG_CXX_LIBRARY = "libc++";
				CLANG_ENABLE_MODULES = YES;
				CLANG_ENABLE_OBJC_ARC = YES;
				CLANG_WARN_BOOL_CONVERSION = YES;
				CLANG_WARN_CONSTANT_CONVERSION = YES;
				CLANG_WARN_DIRECT_OBJC_ISA_USAGE = YES_ERROR;
				CLANG_WARN_EMPTY_BODY = YES;
				CLANG_WARN_ENUM_CONVERSION = YES;
				CLANG_WARN_INT_CONVERSION = YES;
				CLANG_WARN_OBJC_ROOT_CLASS = YES_ERROR;
				CLANG_WARN_UNREACHABLE_CODE = YES;
				CLANG_WARN__DUPLICATE_METHOD_MATCH = YES;
				"CODE_SIGN_IDENTITY[sdk=iphoneos*]" = "iPhone Developer";
				COPY_PHASE_STRIP = NO;
				ENABLE_STRICT_OBJC_MSGSEND = YES;
				GCC_C_LANGUAGE_STANDARD = gnu99;
				GCC_DYNAMIC_NO_PIC = NO;
				GCC_OPTIMIZATION_LEVEL = 0;
				GCC_PREPROCESSOR_DEFINITIONS = (
					"DEBUG=1",
					"$(inherited)",
				);
				GCC_SYMBOLS_PRIVATE_EXTERN = NO;
				GCC_WARN_64_TO_32_BIT_CONVERSION = YES;
				GCC_WARN_ABOUT_RETURN_TYPE = YES_ERROR;
				GCC_WARN_UNDECLARED_SELECTOR = YES;
				GCC_WARN_UNINITIALIZED_AUTOS = YES_AGGRESSIVE;
				GCC_WARN_UNUSED_FUNCTION = YES;
				GCC_WARN_UNUSED_VARIABLE = YES;
				IPHONEOS_DEPLOYMENT_TARGET = 8.2;
				MTL_ENABLE_DEBUG_INFO = YES;
				ONLY_ACTIVE_ARCH = YES;
				SDKROOT = iphoneos;
			};
			name = Debug;
		};
		B69D30131AF517FA00440A78 /* Release */ = {
			isa = XCBuildConfiguration;
			buildSettings = {
				ALWAYS_SEARCH_USER_PATHS = NO;
				CLANG_CXX_LANGUAGE_STANDARD = "gnu++0x";
				CLANG_CXX_LIBRARY = "libc++";
				CLANG_ENABLE_MODULES = YES;
				CLANG_ENABLE_OBJC_ARC = YES;
				CLANG_WARN_BOOL_CONVERSION = YES;
				CLANG_WARN_CONSTANT_CONVERSION = YES;
				CLANG_WARN_DIRECT_OBJC_ISA_USAGE = YES_ERROR;
				CLANG_WARN_EMPTY_BODY = YES;
				CLANG_WARN_ENUM_CONVERSION = YES;
				CLANG_WARN_INT_CONVERSION = YES;
				CLANG_WARN_OBJC_ROOT_CLASS = YES_ERROR;
				CLANG_WARN_UNREACHABLE_CODE = YES;
				CLANG_WARN__DUPLICATE_METHOD_MATCH = YES;
				"CODE_SIGN_IDENTITY[sdk=iphoneos*]" = "iPhone Developer";
				COPY_PHASE_STRIP = NO;
				ENABLE_NS_ASSERTIONS = NO;
				ENABLE_STRICT_OBJC_MSGSEND = YES;
				GCC_C_LANGUAGE_STANDARD = gnu99;
				GCC_WARN_64_TO_32_BIT_CONVERSION = YES;
				GCC_WARN_ABOUT_RETURN_TYPE = YES_ERROR;
				GCC_WARN_UNDECLARED_SELECTOR = YES;
				GCC_WARN_UNINITIALIZED_AUTOS = YES_AGGRESSIVE;
				GCC_WARN_UNUSED_FUNCTION = YES;
				GCC_WARN_UNUSED_VARIABLE = YES;
				IPHONEOS_DEPLOYMENT_TARGET = 8.2;
				MTL_ENABLE_DEBUG_INFO = NO;
				SDKROOT = iphoneos;
				VALIDATE_PRODUCT = YES;
			};
			name = Release;
		};
		B69D30151AF517FA00440A78 /* Debug */ = {
			isa = XCBuildConfiguration;
			buildSettings = {
				ASSETCATALOG_COMPILER_APPICON_NAME = AppIcon;
				INFOPLIST_FILE = koukouhensati/Info.plist;
				LD_RUNPATH_SEARCH_PATHS = "$(inherited) @executable_path/Frameworks";
				PRODUCT_NAME = "$(TARGET_NAME)";
			};
			name = Debug;
		};
		B69D30161AF517FA00440A78 /* Release */ = {
			isa = XCBuildConfiguration;
			buildSettings = {
				ASSETCATALOG_COMPILER_APPICON_NAME = AppIcon;
				INFOPLIST_FILE = koukouhensati/Info.plist;
				LD_RUNPATH_SEARCH_PATHS = "$(inherited) @executable_path/Frameworks";
				PRODUCT_NAME = "$(TARGET_NAME)";
			};
			name = Release;
		};
		B69D30181AF517FA00440A78 /* Debug */ = {
			isa = XCBuildConfiguration;
			buildSettings = {
				BUNDLE_LOADER = "$(TEST_HOST)";
				FRAMEWORK_SEARCH_PATHS = (
					"$(SDKROOT)/Developer/Library/Frameworks",
					"$(inherited)",
				);
				GCC_PREPROCESSOR_DEFINITIONS = (
					"DEBUG=1",
					"$(inherited)",
				);
				INFOPLIST_FILE = koukouhensatiTests/Info.plist;
				LD_RUNPATH_SEARCH_PATHS = "$(inherited) @executable_path/Frameworks @loader_path/Frameworks";
				PRODUCT_NAME = "$(TARGET_NAME)";
				TEST_HOST = "$(BUILT_PRODUCTS_DIR)/koukouhensati.app/koukouhensati";
			};
			name = Debug;
		};
		B69D30191AF517FA00440A78 /* Release */ = {
			isa = XCBuildConfiguration;
			buildSettings = {
				BUNDLE_LOADER = "$(TEST_HOST)";
				FRAMEWORK_SEARCH_PATHS = (
					"$(SDKROOT)/Developer/Library/Frameworks",
					"$(inherited)",
				);
				INFOPLIST_FILE = koukouhensatiTests/Info.plist;
				LD_RUNPATH_SEARCH_PATHS = "$(inherited) @executable_path/Frameworks @loader_path/Frameworks";
				PRODUCT_NAME = "$(TARGET_NAME)";
				TEST_HOST = "$(BUILT_PRODUCTS_DIR)/koukouhensati.app/koukouhensati";
			};
			name = Release;
		};
/* End XCBuildConfiguration section */

/* Begin XCConfigurationList section */
		B69D2FEC1AF517F900440A78 /* Build configuration list for PBXProject "koukouhensati" */ = {
			isa = XCConfigurationList;
			buildConfigurations = (
				B69D30121AF517FA00440A78 /* Debug */,
				B69D30131AF517FA00440A78 /* Release */,
			);
			defaultConfigurationIsVisible = 0;
			defaultConfigurationName = Release;
		};
		B69D30141AF517FA00440A78 /* Build configuration list for PBXNativeTarget "koukouhensati" */ = {
			isa = XCConfigurationList;
			buildConfigurations = (
				B69D30151AF517FA00440A78 /* Debug */,
				B69D30161AF517FA00440A78 /* Release */,
			);
			defaultConfigurationIsVisible = 0;
			defaultConfigurationName = Release;
		};
		B69D30171AF517FA00440A78 /* Build configuration list for PBXNativeTarget "koukouhensatiTests" */ = {
			isa = XCConfigurationList;
			buildConfigurations = (
				B69D30181AF517FA00440A78 /* Debug */,
				B69D30191AF517FA00440A78 /* Release */,
			);
			defaultConfigurationIsVisible = 0;
			defaultConfigurationName = Release;
		};
/* End XCConfigurationList section */
	};
	rootObject = B69D2FE91AF517F900440A78 /* Project object */;
}
