// !$*UTF8*$!
{
	archiveVersion = 1;
	classes = {
	};
	objectVersion = 46;
	objects = {

/* Begin PBXBuildFile section */
		B69D2FF71AF517FA00440A78 /* main.m in Sources */ = {isa = PBXBuildFile; fileRef = B69D2FF61AF517FA00440A78 /* main.m */; };
		B69D2FFA1AF517FA00440A78 /* AppDelegate.m in Sources */ = {isa = PBXBuildFile; fileRef = B69D2FF91AF517FA00440A78 /* AppDelegate.m */; };
		B69D30001AF517FA00440A78 /* Main4.storyboard in Resources */ = {isa = PBXBuildFile; fileRef = B69D2FFE1AF517FA00440A78 /* Main4.storyboard */; };
		B69D30021AF517FA00440A78 /* Images.xcassets in Resources */ = {isa = PBXBuildFile; fileRef = B69D30011AF517FA00440A78 /* Images.xcassets */; };
		B69D30051AF517FA00440A78 /* LaunchScreen.xib in Resources */ = {isa = PBXBuildFile; fileRef = B69D30031AF517FA00440A78 /* LaunchScreen.xib */; };
		B69D30111AF517FA00440A78 /* koukouhensatiTests.m in Sources */ = {isa = PBXBuildFile; fileRef = B69D30101AF517FA00440A78 /* koukouhensatiTests.m */; };
		B69D30341AF5181E00440A78 /* ViewController.m in Sources */ = {isa = PBXBuildFile; fileRef = B69D301D1AF5181E00440A78 /* ViewController.m */; };
		B69D30351AF5181E00440A78 /* MenuViewController.m in Sources */ = {isa = PBXBuildFile; fileRef = B69D301F1AF5181E00440A78 /* MenuViewController.m */; };
		B69D30361AF5181E00440A78 /* BFPaperCheckbox.m in Sources */ = {isa = PBXBuildFile; fileRef = B69D30231AF5181E00440A78 /* BFPaperCheckbox.m */; };
		B69D30371AF5181E00440A78 /* SVIndefiniteAnimatedView.m in Sources */ = {isa = PBXBuildFile; fileRef = B69D30261AF5181E00440A78 /* SVIndefiniteAnimatedView.m */; };
		B69D30381AF5181E00440A78 /* SVProgressHUD.bundle in Resources */ = {isa = PBXBuildFile; fileRef = B69D30281AF5181E00440A78 /* SVProgressHUD.bundle */; };
		B69D30391AF5181E00440A78 /* SVProgressHUD.m in Sources */ = {isa = PBXBuildFile; fileRef = B69D302A1AF5181E00440A78 /* SVProgressHUD.m */; };
		B69D303A1AF5181E00440A78 /* LICENSE.md in Sources */ = {isa = PBXBuildFile; fileRef = B69D302C1AF5181E00440A78 /* LICENSE.md */; };
		B69D303B1AF5181E00440A78 /* README.md in Sources */ = {isa = PBXBuildFile; fileRef = B69D302D1AF5181E00440A78 /* README.md */; };
		B69D303C1AF5181E00440A78 /* UIColor+BFPaperColors.m in Sources */ = {isa = PBXBuildFile; fileRef = B69D30301AF5181E00440A78 /* UIColor+BFPaperColors.m */; };
		B69FB98E1B661614006F7DC5 /* Main.storyboard in Resources */ = {isa = PBXBuildFile; fileRef = B69FB98D1B661614006F7DC5 /* Main.storyboard */; };
		B69FB9901B661761006F7DC5 /* ipad.storyboard in Resources */ = {isa = PBXBuildFile; fileRef = B69FB98F1B661761006F7DC5 /* ipad.storyboard */; };
		B6BA5DB01AF73572004A5CEE /* QuartzCore.framework in Frameworks */ = {isa = PBXBuildFile; fileRef = B6BA5DAF1AF73572004A5CEE /* QuartzCore.framework */; };
		B6BA5ED91B073956004A5CEE /* WebViewController.m in Sources */ = {isa = PBXBuildFile; fileRef = B6BA5ED81B073956004A5CEE /* WebViewController.m */; };
		B6BA60911B075B2B004A5CEE /* 1,1.csv in Resources */ = {isa = PBXBuildFile; fileRef = B6BA5FFF1B075B2A004A5CEE /* 1,1.csv */; };
		B6BA60921B075B2B004A5CEE /* 1,2.csv in Resources */ = {isa = PBXBuildFile; fileRef = B6BA60001B075B2A004A5CEE /* 1,2.csv */; };
		B6BA60931B075B2B004A5CEE /* 1,3.csv in Resources */ = {isa = PBXBuildFile; fileRef = B6BA60011B075B2A004A5CEE /* 1,3.csv */; };
		B6BA60941B075B2B004A5CEE /* 2,1.csv in Resources */ = {isa = PBXBuildFile; fileRef = B6BA60021B075B2A004A5CEE /* 2,1.csv */; };
		B6BA60951B075B2B004A5CEE /* 2,2.csv in Resources */ = {isa = PBXBuildFile; fileRef = B6BA60031B075B2A004A5CEE /* 2,2.csv */; };
		B6BA60961B075B2B004A5CEE /* 2,3.csv in Resources */ = {isa = PBXBuildFile; fileRef = B6BA60041B075B2A004A5CEE /* 2,3.csv */; };
		B6BA60971B075B2B004A5CEE /* 3,1.csv in Resources */ = {isa = PBXBuildFile; fileRef = B6BA60051B075B2A004A5CEE /* 3,1.csv */; };
		B6BA60981B075B2B004A5CEE /* 3,2.csv in Resources */ = {isa = PBXBuildFile; fileRef = B6BA60061B075B2A004A5CEE /* 3,2.csv */; };
		B6BA60991B075B2B004A5CEE /* 3,3.csv in Resources */ = {isa = PBXBuildFile; fileRef = B6BA60071B075B2A004A5CEE /* 3,3.csv */; };
		B6BA609A1B075B2B004A5CEE /* 4,1.csv in Resources */ = {isa = PBXBuildFile; fileRef = B6BA60081B075B2A004A5CEE /* 4,1.csv */; };
		B6BA609B1B075B2B004A5CEE /* 4,2.csv in Resources */ = {isa = PBXBuildFile; fileRef = B6BA60091B075B2A004A5CEE /* 4,2.csv */; };
		B6BA609C1B075B2B004A5CEE /* 4,3.csv in Resources */ = {isa = PBXBuildFile; fileRef = B6BA600A1B075B2A004A5CEE /* 4,3.csv */; };
		B6BA609D1B075B2B004A5CEE /* 5,1.csv in Resources */ = {isa = PBXBuildFile; fileRef = B6BA600B1B075B2A004A5CEE /* 5,1.csv */; };
		B6BA609E1B075B2B004A5CEE /* 5,2.csv in Resources */ = {isa = PBXBuildFile; fileRef = B6BA600C1B075B2A004A5CEE /* 5,2.csv */; };
		B6BA609F1B075B2B004A5CEE /* 5,3.csv in Resources */ = {isa = PBXBuildFile; fileRef = B6BA600D1B075B2A004A5CEE /* 5,3.csv */; };
		B6BA60A01B075B2B004A5CEE /* 6,1.csv in Resources */ = {isa = PBXBuildFile; fileRef = B6BA600E1B075B2A004A5CEE /* 6,1.csv */; };
		B6BA60A11B075B2B004A5CEE /* 6,2.csv in Resources */ = {isa = PBXBuildFile; fileRef = B6BA600F1B075B2A004A5CEE /* 6,2.csv */; };
		B6BA60A21B075B2B004A5CEE /* 6,3.csv in Resources */ = {isa = PBXBuildFile; fileRef = B6BA60101B075B2A004A5CEE /* 6,3.csv */; };
		B6BA60A31B075B2B004A5CEE /* 7,1.csv in Resources */ = {isa = PBXBuildFile; fileRef = B6BA60111B075B2A004A5CEE /* 7,1.csv */; };
		B6BA60A41B075B2B004A5CEE /* 7,2.csv in Resources */ = {isa = PBXBuildFile; fileRef = B6BA60121B075B2A004A5CEE /* 7,2.csv */; };
		B6BA60A51B075B2B004A5CEE /* 7,3.csv in Resources */ = {isa = PBXBuildFile; fileRef = B6BA60131B075B2A004A5CEE /* 7,3.csv */; };
		B6BA60A61B075B2B004A5CEE /* 10,1.csv in Resources */ = {isa = PBXBuildFile; fileRef = B6BA60151B075B2A004A5CEE /* 10,1.csv */; };
		B6BA60A71B075B2B004A5CEE /* 10,2.csv in Resources */ = {isa = PBXBuildFile; fileRef = B6BA60161B075B2A004A5CEE /* 10,2.csv */; };
		B6BA60A81B075B2B004A5CEE /* 10,3.csv in Resources */ = {isa = PBXBuildFile; fileRef = B6BA60171B075B2A004A5CEE /* 10,3.csv */; };
		B6BA60A91B075B2B004A5CEE /* 11,1.csv in Resources */ = {isa = PBXBuildFile; fileRef = B6BA60181B075B2A004A5CEE /* 11,1.csv */; };
		B6BA60AA1B075B2B004A5CEE /* 11,2.csv in Resources */ = {isa = PBXBuildFile; fileRef = B6BA60191B075B2A004A5CEE /* 11,2.csv */; };
		B6BA60AB1B075B2B004A5CEE /* 11,3.csv in Resources */ = {isa = PBXBuildFile; fileRef = B6BA601A1B075B2A004A5CEE /* 11,3.csv */; };
		B6BA60AC1B075B2B004A5CEE /* 12,1.csv in Resources */ = {isa = PBXBuildFile; fileRef = B6BA601B1B075B2A004A5CEE /* 12,1.csv */; };
		B6BA60AD1B075B2B004A5CEE /* 12,2.csv in Resources */ = {isa = PBXBuildFile; fileRef = B6BA601C1B075B2A004A5CEE /* 12,2.csv */; };
		B6BA60AE1B075B2B004A5CEE /* 12,3.csv in Resources */ = {isa = PBXBuildFile; fileRef = B6BA601D1B075B2A004A5CEE /* 12,3.csv */; };
		B6BA60AF1B075B2B004A5CEE /* 13,1.csv in Resources */ = {isa = PBXBuildFile; fileRef = B6BA601E1B075B2A004A5CEE /* 13,1.csv */; };
		B6BA60B01B075B2B004A5CEE /* 13,2.csv in Resources */ = {isa = PBXBuildFile; fileRef = B6BA601F1B075B2A004A5CEE /* 13,2.csv */; };
		B6BA60B11B075B2B004A5CEE /* 13,3.csv in Resources */ = {isa = PBXBuildFile; fileRef = B6BA60201B075B2A004A5CEE /* 13,3.csv */; };
		B6BA60B21B075B2B004A5CEE /* 14,1.csv in Resources */ = {isa = PBXBuildFile; fileRef = B6BA60211B075B2A004A5CEE /* 14,1.csv */; };
		B6BA60B31B075B2B004A5CEE /* 14,2.csv in Resources */ = {isa = PBXBuildFile; fileRef = B6BA60221B075B2A004A5CEE /* 14,2.csv */; };
		B6BA60B41B075B2B004A5CEE /* 14,3.csv in Resources */ = {isa = PBXBuildFile; fileRef = B6BA60231B075B2A004A5CEE /* 14,3.csv */; };
		B6BA60B51B075B2B004A5CEE /* 8,1.csv in Resources */ = {isa = PBXBuildFile; fileRef = B6BA60241B075B2A004A5CEE /* 8,1.csv */; };
		B6BA60B61B075B2B004A5CEE /* 8,2.csv in Resources */ = {isa = PBXBuildFile; fileRef = B6BA60251B075B2A004A5CEE /* 8,2.csv */; };
		B6BA60B71B075B2B004A5CEE /* 8,3.csv in Resources */ = {isa = PBXBuildFile; fileRef = B6BA60261B075B2A004A5CEE /* 8,3.csv */; };
		B6BA60B81B075B2B004A5CEE /* 9,1.csv in Resources */ = {isa = PBXBuildFile; fileRef = B6BA60271B075B2A004A5CEE /* 9,1.csv */; };
		B6BA60B91B075B2B004A5CEE /* 9,2.csv in Resources */ = {isa = PBXBuildFile; fileRef = B6BA60281B075B2A004A5CEE /* 9,2.csv */; };
		B6BA60BA1B075B2B004A5CEE /* 9,3.csv in Resources */ = {isa = PBXBuildFile; fileRef = B6BA60291B075B2A004A5CEE /* 9,3.csv */; };
		B6BA60BB1B075B2B004A5CEE /* 15,1.csv in Resources */ = {isa = PBXBuildFile; fileRef = B6BA602B1B075B2A004A5CEE /* 15,1.csv */; };
		B6BA60BC1B075B2B004A5CEE /* 15,2.csv in Resources */ = {isa = PBXBuildFile; fileRef = B6BA602C1B075B2A004A5CEE /* 15,2.csv */; };
		B6BA60BD1B075B2B004A5CEE /* 15,3.csv in Resources */ = {isa = PBXBuildFile; fileRef = B6BA602D1B075B2A004A5CEE /* 15,3.csv */; };
		B6BA60BE1B075B2B004A5CEE /* 16,1.csv in Resources */ = {isa = PBXBuildFile; fileRef = B6BA602E1B075B2A004A5CEE /* 16,1.csv */; };
		B6BA60BF1B075B2B004A5CEE /* 16,2.csv in Resources */ = {isa = PBXBuildFile; fileRef = B6BA602F1B075B2A004A5CEE /* 16,2.csv */; };
		B6BA60C01B075B2B004A5CEE /* 16,3.csv in Resources */ = {isa = PBXBuildFile; fileRef = B6BA60301B075B2B004A5CEE /* 16,3.csv */; };
		B6BA60C11B075B2B004A5CEE /* 17,1.csv in Resources */ = {isa = PBXBuildFile; fileRef = B6BA60311B075B2B004A5CEE /* 17,1.csv */; };
		B6BA60C21B075B2B004A5CEE /* 17,2.csv in Resources */ = {isa = PBXBuildFile; fileRef = B6BA60321B075B2B004A5CEE /* 17,2.csv */; };
		B6BA60C31B075B2B004A5CEE /* 17,3.csv in Resources */ = {isa = PBXBuildFile; fileRef = B6BA60331B075B2B004A5CEE /* 17,3.csv */; };
		B6BA60C41B075B2B004A5CEE /* 18,1.csv in Resources */ = {isa = PBXBuildFile; fileRef = B6BA60341B075B2B004A5CEE /* 18,1.csv */; };
		B6BA60C51B075B2B004A5CEE /* 18,2.csv in Resources */ = {isa = PBXBuildFile; fileRef = B6BA60351B075B2B004A5CEE /* 18,2.csv */; };
		B6BA60C61B075B2B004A5CEE /* 18,3.csv in Resources */ = {isa = PBXBuildFile; fileRef = B6BA60361B075B2B004A5CEE /* 18,3.csv */; };
		B6BA60C71B075B2B004A5CEE /* 19,1.csv in Resources */ = {isa = PBXBuildFile; fileRef = B6BA60371B075B2B004A5CEE /* 19,1.csv */; };
		B6BA60C81B075B2B004A5CEE /* 19,2.csv in Resources */ = {isa = PBXBuildFile; fileRef = B6BA60381B075B2B004A5CEE /* 19,2.csv */; };
		B6BA60C91B075B2B004A5CEE /* 19,3.csv in Resources */ = {isa = PBXBuildFile; fileRef = B6BA60391B075B2B004A5CEE /* 19,3.csv */; };
		B6BA60CA1B075B2B004A5CEE /* 20,1.csv in Resources */ = {isa = PBXBuildFile; fileRef = B6BA603A1B075B2B004A5CEE /* 20,1.csv */; };
		B6BA60CB1B075B2B004A5CEE /* 20,2.csv in Resources */ = {isa = PBXBuildFile; fileRef = B6BA603B1B075B2B004A5CEE /* 20,2.csv */; };
		B6BA60CC1B075B2B004A5CEE /* 20,3.csv in Resources */ = {isa = PBXBuildFile; fileRef = B6BA603C1B075B2B004A5CEE /* 20,3.csv */; };
		B6BA60CD1B075B2B004A5CEE /* 21,1.csv in Resources */ = {isa = PBXBuildFile; fileRef = B6BA603D1B075B2B004A5CEE /* 21,1.csv */; };
		B6BA60CE1B075B2B004A5CEE /* 21,2.csv in Resources */ = {isa = PBXBuildFile; fileRef = B6BA603E1B075B2B004A5CEE /* 21,2.csv */; };
		B6BA60CF1B075B2B004A5CEE /* 21,3.csv in Resources */ = {isa = PBXBuildFile; fileRef = B6BA603F1B075B2B004A5CEE /* 21,3.csv */; };
		B6BA60D01B075B2B004A5CEE /* 22,1.csv in Resources */ = {isa = PBXBuildFile; fileRef = B6BA60401B075B2B004A5CEE /* 22,1.csv */; };
		B6BA60D11B075B2B004A5CEE /* 22,2.csv in Resources */ = {isa = PBXBuildFile; fileRef = B6BA60411B075B2B004A5CEE /* 22,2.csv */; };
		B6BA60D21B075B2B004A5CEE /* 22,3.csv in Resources */ = {isa = PBXBuildFile; fileRef = B6BA60421B075B2B004A5CEE /* 22,3.csv */; };
		B6BA60D31B075B2B004A5CEE /* 23,1.csv in Resources */ = {isa = PBXBuildFile; fileRef = B6BA60431B075B2B004A5CEE /* 23,1.csv */; };
		B6BA60D41B075B2B004A5CEE /* 23,2.csv in Resources */ = {isa = PBXBuildFile; fileRef = B6BA60441B075B2B004A5CEE /* 23,2.csv */; };
		B6BA60D51B075B2B004A5CEE /* 23,3.csv in Resources */ = {isa = PBXBuildFile; fileRef = B6BA60451B075B2B004A5CEE /* 23,3.csv */; };
		B6BA60D61B075B2B004A5CEE /* 24,1.csv in Resources */ = {isa = PBXBuildFile; fileRef = B6BA60471B075B2B004A5CEE /* 24,1.csv */; };
		B6BA60D71B075B2B004A5CEE /* 24,2.csv in Resources */ = {isa = PBXBuildFile; fileRef = B6BA60481B075B2B004A5CEE /* 24,2.csv */; };
		B6BA60D81B075B2B004A5CEE /* 24,3.csv in Resources */ = {isa = PBXBuildFile; fileRef = B6BA60491B075B2B004A5CEE /* 24,3.csv */; };
		B6BA60D91B075B2B004A5CEE /* 25,1.csv in Resources */ = {isa = PBXBuildFile; fileRef = B6BA604A1B075B2B004A5CEE /* 25,1.csv */; };
		B6BA60DA1B075B2B004A5CEE /* 25,2.csv in Resources */ = {isa = PBXBuildFile; fileRef = B6BA604B1B075B2B004A5CEE /* 25,2.csv */; };
		B6BA60DB1B075B2B004A5CEE /* 25,3.csv in Resources */ = {isa = PBXBuildFile; fileRef = B6BA604C1B075B2B004A5CEE /* 25,3.csv */; };
		B6BA60DC1B075B2B004A5CEE /* 26,1.csv in Resources */ = {isa = PBXBuildFile; fileRef = B6BA604D1B075B2B004A5CEE /* 26,1.csv */; };
		B6BA60DD1B075B2B004A5CEE /* 26,2.csv in Resources */ = {isa = PBXBuildFile; fileRef = B6BA604E1B075B2B004A5CEE /* 26,2.csv */; };
		B6BA60DE1B075B2B004A5CEE /* 26,3.csv in Resources */ = {isa = PBXBuildFile; fileRef = B6BA604F1B075B2B004A5CEE /* 26,3.csv */; };
		B6BA60DF1B075B2B004A5CEE /* 27,1.csv in Resources */ = {isa = PBXBuildFile; fileRef = B6BA60501B075B2B004A5CEE /* 27,1.csv */; };
		B6BA60E01B075B2B004A5CEE /* 27,2.csv in Resources */ = {isa = PBXBuildFile; fileRef = B6BA60511B075B2B004A5CEE /* 27,2.csv */; };
		B6BA60E11B075B2B004A5CEE /* 27,3.csv in Resources */ = {isa = PBXBuildFile; fileRef = B6BA60521B075B2B004A5CEE /* 27,3.csv */; };
		B6BA60E21B075B2B004A5CEE /* 28,1.csv in Resources */ = {isa = PBXBuildFile; fileRef = B6BA60531B075B2B004A5CEE /* 28,1.csv */; };
		B6BA60E31B075B2B004A5CEE /* 28,2.csv in Resources */ = {isa = PBXBuildFile; fileRef = B6BA60541B075B2B004A5CEE /* 28,2.csv */; };
		B6BA60E41B075B2B004A5CEE /* 28,3.csv in Resources */ = {isa = PBXBuildFile; fileRef = B6BA60551B075B2B004A5CEE /* 28,3.csv */; };
		B6BA60E51B075B2B004A5CEE /* 29,1.csv in Resources */ = {isa = PBXBuildFile; fileRef = B6BA60561B075B2B004A5CEE /* 29,1.csv */; };
		B6BA60E61B075B2B004A5CEE /* 29,2.csv in Resources */ = {isa = PBXBuildFile; fileRef = B6BA60571B075B2B004A5CEE /* 29,2.csv */; };
		B6BA60E71B075B2B004A5CEE /* 29,3.csv in Resources */ = {isa = PBXBuildFile; fileRef = B6BA60581B075B2B004A5CEE /* 29,3.csv */; };
		B6BA60E81B075B2B004A5CEE /* 30,1.csv in Resources */ = {isa = PBXBuildFile; fileRef = B6BA60591B075B2B004A5CEE /* 30,1.csv */; };
		B6BA60E91B075B2B004A5CEE /* 30,2.csv in Resources */ = {isa = PBXBuildFile; fileRef = B6BA605A1B075B2B004A5CEE /* 30,2.csv */; };
		B6BA60EA1B075B2B004A5CEE /* 30,3.csv in Resources */ = {isa = PBXBuildFile; fileRef = B6BA605B1B075B2B004A5CEE /* 30,3.csv */; };
		B6BA60EB1B075B2B004A5CEE /* 31,1.csv in Resources */ = {isa = PBXBuildFile; fileRef = B6BA605D1B075B2B004A5CEE /* 31,1.csv */; };
		B6BA60EC1B075B2B004A5CEE /* 31,2.csv in Resources */ = {isa = PBXBuildFile; fileRef = B6BA605E1B075B2B004A5CEE /* 31,2.csv */; };
		B6BA60ED1B075B2B004A5CEE /* 31,3.csv in Resources */ = {isa = PBXBuildFile; fileRef = B6BA605F1B075B2B004A5CEE /* 31,3.csv */; };
		B6BA60EE1B075B2B004A5CEE /* 32,1.csv in Resources */ = {isa = PBXBuildFile; fileRef = B6BA60601B075B2B004A5CEE /* 32,1.csv */; };
		B6BA60EF1B075B2B004A5CEE /* 32,2.csv in Resources */ = {isa = PBXBuildFile; fileRef = B6BA60611B075B2B004A5CEE /* 32,2.csv */; };
		B6BA60F01B075B2B004A5CEE /* 32,3.csv in Resources */ = {isa = PBXBuildFile; fileRef = B6BA60621B075B2B004A5CEE /* 32,3.csv */; };
		B6BA60F11B075B2B004A5CEE /* 33,1.csv in Resources */ = {isa = PBXBuildFile; fileRef = B6BA60631B075B2B004A5CEE /* 33,1.csv */; };
		B6BA60F21B075B2B004A5CEE /* 33,2.csv in Resources */ = {isa = PBXBuildFile; fileRef = B6BA60641B075B2B004A5CEE /* 33,2.csv */; };
		B6BA60F31B075B2B004A5CEE /* 33,3.csv in Resources */ = {isa = PBXBuildFile; fileRef = B6BA60651B075B2B004A5CEE /* 33,3.csv */; };
		B6BA60F41B075B2B004A5CEE /* 34,1.csv in Resources */ = {isa = PBXBuildFile; fileRef = B6BA60661B075B2B004A5CEE /* 34,1.csv */; };
		B6BA60F51B075B2B004A5CEE /* 34,2.csv in Resources */ = {isa = PBXBuildFile; fileRef = B6BA60671B075B2B004A5CEE /* 34,2.csv */; };
		B6BA60F61B075B2B004A5CEE /* 34,3.csv in Resources */ = {isa = PBXBuildFile; fileRef = B6BA60681B075B2B004A5CEE /* 34,3.csv */; };
		B6BA60F71B075B2B004A5CEE /* 35,1.csv in Resources */ = {isa = PBXBuildFile; fileRef = B6BA60691B075B2B004A5CEE /* 35,1.csv */; };
		B6BA60F81B075B2B004A5CEE /* 35,2.csv in Resources */ = {isa = PBXBuildFile; fileRef = B6BA606A1B075B2B004A5CEE /* 35,2.csv */; };
		B6BA60F91B075B2B004A5CEE /* 35,3.csv in Resources */ = {isa = PBXBuildFile; fileRef = B6BA606B1B075B2B004A5CEE /* 35,3.csv */; };
		B6BA60FA1B075B2B004A5CEE /* 36,1.csv in Resources */ = {isa = PBXBuildFile; fileRef = B6BA606C1B075B2B004A5CEE /* 36,1.csv */; };
		B6BA60FB1B075B2B004A5CEE /* 36,2.csv in Resources */ = {isa = PBXBuildFile; fileRef = B6BA606D1B075B2B004A5CEE /* 36,2.csv */; };
		B6BA60FC1B075B2B004A5CEE /* 36,3.csv in Resources */ = {isa = PBXBuildFile; fileRef = B6BA606E1B075B2B004A5CEE /* 36,3.csv */; };
		B6BA60FD1B075B2B004A5CEE /* 37,1.csv in Resources */ = {isa = PBXBuildFile; fileRef = B6BA606F1B075B2B004A5CEE /* 37,1.csv */; };
		B6BA60FE1B075B2B004A5CEE /* 37,2.csv in Resources */ = {isa = PBXBuildFile; fileRef = B6BA60701B075B2B004A5CEE /* 37,2.csv */; };
		B6BA60FF1B075B2B004A5CEE /* 37,3.csv in Resources */ = {isa = PBXBuildFile; fileRef = B6BA60711B075B2B004A5CEE /* 37,3.csv */; };
		B6BA61001B075B2B004A5CEE /* 38,1.csv in Resources */ = {isa = PBXBuildFile; fileRef = B6BA60721B075B2B004A5CEE /* 38,1.csv */; };
		B6BA61011B075B2B004A5CEE /* 38,2.csv in Resources */ = {isa = PBXBuildFile; fileRef = B6BA60731B075B2B004A5CEE /* 38,2.csv */; };
		B6BA61021B075B2B004A5CEE /* 38,3.csv in Resources */ = {isa = PBXBuildFile; fileRef = B6BA60741B075B2B004A5CEE /* 38,3.csv */; };
		B6BA61031B075B2B004A5CEE /* 39,1.csv in Resources */ = {isa = PBXBuildFile; fileRef = B6BA60751B075B2B004A5CEE /* 39,1.csv */; };
		B6BA61041B075B2B004A5CEE /* 39,2.csv in Resources */ = {isa = PBXBuildFile; fileRef = B6BA60761B075B2B004A5CEE /* 39,2.csv */; };
		B6BA61051B075B2B004A5CEE /* 39,3.csv in Resources */ = {isa = PBXBuildFile; fileRef = B6BA60771B075B2B004A5CEE /* 39,3.csv */; };
		B6BA61061B075B2B004A5CEE /* 40,1.csv in Resources */ = {isa = PBXBuildFile; fileRef = B6BA60791B075B2B004A5CEE /* 40,1.csv */; };
		B6BA61071B075B2B004A5CEE /* 40,2.csv in Resources */ = {isa = PBXBuildFile; fileRef = B6BA607A1B075B2B004A5CEE /* 40,2.csv */; };
		B6BA61081B075B2B004A5CEE /* 40,3.csv in Resources */ = {isa = PBXBuildFile; fileRef = B6BA607B1B075B2B004A5CEE /* 40,3.csv */; };
		B6BA61091B075B2B004A5CEE /* 41,1.csv in Resources */ = {isa = PBXBuildFile; fileRef = B6BA607C1B075B2B004A5CEE /* 41,1.csv */; };
		B6BA610A1B075B2B004A5CEE /* 41,2.csv in Resources */ = {isa = PBXBuildFile; fileRef = B6BA607D1B075B2B004A5CEE /* 41,2.csv */; };
		B6BA610B1B075B2B004A5CEE /* 41,3.csv in Resources */ = {isa = PBXBuildFile; fileRef = B6BA607E1B075B2B004A5CEE /* 41,3.csv */; };
		B6BA610C1B075B2B004A5CEE /* 42,1.csv in Resources */ = {isa = PBXBuildFile; fileRef = B6BA607F1B075B2B004A5CEE /* 42,1.csv */; };
		B6BA610D1B075B2B004A5CEE /* 42,2.csv in Resources */ = {isa = PBXBuildFile; fileRef = B6BA60801B075B2B004A5CEE /* 42,2.csv */; };
		B6BA610E1B075B2B004A5CEE /* 42,3.csv in Resources */ = {isa = PBXBuildFile; fileRef = B6BA60811B075B2B004A5CEE /* 42,3.csv */; };
		B6BA610F1B075B2B004A5CEE /* 43,1.csv in Resources */ = {isa = PBXBuildFile; fileRef = B6BA60821B075B2B004A5CEE /* 43,1.csv */; };
		B6BA61101B075B2B004A5CEE /* 43,2.csv in Resources */ = {isa = PBXBuildFile; fileRef = B6BA60831B075B2B004A5CEE /* 43,2.csv */; };
		B6BA61111B075B2B004A5CEE /* 43,3.csv in Resources */ = {isa = PBXBuildFile; fileRef = B6BA60841B075B2B004A5CEE /* 43,3.csv */; };
		B6BA61121B075B2B004A5CEE /* 44,1.csv in Resources */ = {isa = PBXBuildFile; fileRef = B6BA60851B075B2B004A5CEE /* 44,1.csv */; };
		B6BA61131B075B2B004A5CEE /* 44,2.csv in Resources */ = {isa = PBXBuildFile; fileRef = B6BA60861B075B2B004A5CEE /* 44,2.csv */; };
		B6BA61141B075B2B004A5CEE /* 44,3.csv in Resources */ = {isa = PBXBuildFile; fileRef = B6BA60871B075B2B004A5CEE /* 44,3.csv */; };
		B6BA61151B075B2B004A5CEE /* 45,1.csv in Resources */ = {isa = PBXBuildFile; fileRef = B6BA60881B075B2B004A5CEE /* 45,1.csv */; };
		B6BA61161B075B2B004A5CEE /* 45,2.csv in Resources */ = {isa = PBXBuildFile; fileRef = B6BA60891B075B2B004A5CEE /* 45,2.csv */; };
		B6BA61171B075B2B004A5CEE /* 45,3.csv in Resources */ = {isa = PBXBuildFile; fileRef = B6BA608A1B075B2B004A5CEE /* 45,3.csv */; };
		B6BA61181B075B2B004A5CEE /* 46,1.csv in Resources */ = {isa = PBXBuildFile; fileRef = B6BA608B1B075B2B004A5CEE /* 46,1.csv */; };
		B6BA61191B075B2B004A5CEE /* 46,2.csv in Resources */ = {isa = PBXBuildFile; fileRef = B6BA608C1B075B2B004A5CEE /* 46,2.csv */; };
		B6BA611A1B075B2B004A5CEE /* 46,3.csv in Resources */ = {isa = PBXBuildFile; fileRef = B6BA608D1B075B2B004A5CEE /* 46,3.csv */; };
		B6BA611B1B075B2B004A5CEE /* 47,1.csv in Resources */ = {isa = PBXBuildFile; fileRef = B6BA608E1B075B2B004A5CEE /* 47,1.csv */; };
		B6BA611C1B075B2B004A5CEE /* 47,2.csv in Resources */ = {isa = PBXBuildFile; fileRef = B6BA608F1B075B2B004A5CEE /* 47,2.csv */; };
		B6BA611D1B075B2B004A5CEE /* 47,3.csv in Resources */ = {isa = PBXBuildFile; fileRef = B6BA60901B075B2B004A5CEE /* 47,3.csv */; };
		B6CA08551B19866C00FCF5D9 /* FavViewController.m in Sources */ = {isa = PBXBuildFile; fileRef = B6CA08541B19866C00FCF5D9 /* FavViewController.m */; };
		B6CA6FA71B3E7E680068058A /* 設定@2x-04.png in Resources */ = {isa = PBXBuildFile; fileRef = B6CA6FA61B3E7E680068058A /* 設定@2x-04.png */; };
		B6CA6FAA1B3E7F030068058A /* お気に入り@2x-04.png in Resources */ = {isa = PBXBuildFile; fileRef = B6CA6FA81B3E7F030068058A /* お気に入り@2x-04.png */; };
		B6CA6FAB1B3E7F030068058A /* 学校@2x-04.png in Resources */ = {isa = PBXBuildFile; fileRef = B6CA6FA91B3E7F030068058A /* 学校@2x-04.png */; };
		B6E47AA91B50F6EB00ECFC96 /* 左矢印@2x-03.png in Resources */ = {isa = PBXBuildFile; fileRef = B6E47AA81B50F6EB00ECFC96 /* 左矢印@2x-03.png */; };
		B6E47AAB1B50F76500ECFC96 /* 右矢印@2x-03.png in Resources */ = {isa = PBXBuildFile; fileRef = B6E47AAA1B50F76500ECFC96 /* 右矢印@2x-03.png */; };
/* End PBXBuildFile section */

/* Begin PBXContainerItemProxy section */
		B69D300B1AF517FA00440A78 /* PBXContainerItemProxy */ = {
			isa = PBXContainerItemProxy;
			containerPortal = B69D2FE91AF517F900440A78 /* Project object */;
			proxyType = 1;
			remoteGlobalIDString = B69D2FF01AF517F900440A78;
			remoteInfo = koukouhensati;
		};
/* End PBXContainerItemProxy section */

/* Begin PBXFileReference section */
		B69D2FF11AF517F900440A78 /* koukouhensati.app */ = {isa = PBXFileReference; explicitFileType = wrapper.application; includeInIndex = 0; path = koukouhensati.app; sourceTree = BUILT_PRODUCTS_DIR; };
		B69D2FF51AF517F900440A78 /* Info.plist */ = {isa = PBXFileReference; lastKnownFileType = text.plist.xml; path = Info.plist; sourceTree = "<group>"; };
		B69D2FF61AF517FA00440A78 /* main.m */ = {isa = PBXFileReference; lastKnownFileType = sourcecode.c.objc; path = main.m; sourceTree = "<group>"; };
		B69D2FF81AF517FA00440A78 /* AppDelegate.h */ = {isa = PBXFileReference; lastKnownFileType = sourcecode.c.h; path = AppDelegate.h; sourceTree = "<group>"; };
		B69D2FF91AF517FA00440A78 /* AppDelegate.m */ = {isa = PBXFileReference; lastKnownFileType = sourcecode.c.objc; path = AppDelegate.m; sourceTree = "<group>"; };
		B69D2FFF1AF517FA00440A78 /* Base */ = {isa = PBXFileReference; lastKnownFileType = file.storyboard; name = Base; path = Base.lproj/Main4.storyboard; sourceTree = "<group>"; };
		B69D30011AF517FA00440A78 /* Images.xcassets */ = {isa = PBXFileReference; lastKnownFileType = folder.assetcatalog; path = Images.xcassets; sourceTree = "<group>"; };
		B69D30041AF517FA00440A78 /* Base */ = {isa = PBXFileReference; lastKnownFileType = file.xib; name = Base; path = Base.lproj/LaunchScreen.xib; sourceTree = "<group>"; };
		B69D300A1AF517FA00440A78 /* koukouhensatiTests.xctest */ = {isa = PBXFileReference; explicitFileType = wrapper.cfbundle; includeInIndex = 0; path = koukouhensatiTests.xctest; sourceTree = BUILT_PRODUCTS_DIR; };
		B69D300F1AF517FA00440A78 /* Info.plist */ = {isa = PBXFileReference; lastKnownFileType = text.plist.xml; path = Info.plist; sourceTree = "<group>"; };
		B69D30101AF517FA00440A78 /* koukouhensatiTests.m */ = {isa = PBXFileReference; lastKnownFileType = sourcecode.c.objc; path = koukouhensatiTests.m; sourceTree = "<group>"; };
		B69D301D1AF5181E00440A78 /* ViewController.m */ = {isa = PBXFileReference; fileEncoding = 4; lastKnownFileType = sourcecode.c.objc; path = ViewController.m; sourceTree = "<group>"; };
		B69D301E1AF5181E00440A78 /* ViewController.h */ = {isa = PBXFileReference; fileEncoding = 4; lastKnownFileType = sourcecode.c.h; path = ViewController.h; sourceTree = "<group>"; };
		B69D301F1AF5181E00440A78 /* MenuViewController.m */ = {isa = PBXFileReference; fileEncoding = 4; lastKnownFileType = sourcecode.c.objc; path = MenuViewController.m; sourceTree = "<group>"; };
		B69D30201AF5181E00440A78 /* MenuViewController.h */ = {isa = PBXFileReference; fileEncoding = 4; lastKnownFileType = sourcecode.c.h; path = MenuViewController.h; sourceTree = "<group>"; };
		B69D30221AF5181E00440A78 /* BFPaperCheckbox.h */ = {isa = PBXFileReference; fileEncoding = 4; lastKnownFileType = sourcecode.c.h; path = BFPaperCheckbox.h; sourceTree = "<group>"; };
		B69D30231AF5181E00440A78 /* BFPaperCheckbox.m */ = {isa = PBXFileReference; fileEncoding = 4; lastKnownFileType = sourcecode.c.objc; path = BFPaperCheckbox.m; sourceTree = "<group>"; };
		B69D30251AF5181E00440A78 /* SVIndefiniteAnimatedView.h */ = {isa = PBXFileReference; fileEncoding = 4; lastKnownFileType = sourcecode.c.h; path = SVIndefiniteAnimatedView.h; sourceTree = "<group>"; };
		B69D30261AF5181E00440A78 /* SVIndefiniteAnimatedView.m */ = {isa = PBXFileReference; fileEncoding = 4; lastKnownFileType = sourcecode.c.objc; path = SVIndefiniteAnimatedView.m; sourceTree = "<group>"; };
		B69D30271AF5181E00440A78 /* SVProgressHUD-Prefix.pch */ = {isa = PBXFileReference; fileEncoding = 4; lastKnownFileType = sourcecode.c.h; path = "SVProgressHUD-Prefix.pch"; sourceTree = "<group>"; };
		B69D30281AF5181E00440A78 /* SVProgressHUD.bundle */ = {isa = PBXFileReference; lastKnownFileType = "wrapper.plug-in"; path = SVProgressHUD.bundle; sourceTree = "<group>"; };
		B69D30291AF5181E00440A78 /* SVProgressHUD.h */ = {isa = PBXFileReference; fileEncoding = 4; lastKnownFileType = sourcecode.c.h; path = SVProgressHUD.h; sourceTree = "<group>"; };
		B69D302A1AF5181E00440A78 /* SVProgressHUD.m */ = {isa = PBXFileReference; fileEncoding = 4; lastKnownFileType = sourcecode.c.objc; path = SVProgressHUD.m; sourceTree = "<group>"; };
		B69D302C1AF5181E00440A78 /* LICENSE.md */ = {isa = PBXFileReference; fileEncoding = 4; lastKnownFileType = net.daringfireball.markdown; path = LICENSE.md; sourceTree = "<group>"; };
		B69D302D1AF5181E00440A78 /* README.md */ = {isa = PBXFileReference; fileEncoding = 4; lastKnownFileType = net.daringfireball.markdown; path = README.md; sourceTree = "<group>"; };
		B69D302F1AF5181E00440A78 /* UIColor+BFPaperColors.h */ = {isa = PBXFileReference; fileEncoding = 4; lastKnownFileType = sourcecode.c.h; path = "UIColor+BFPaperColors.h"; sourceTree = "<group>"; };
		B69D30301AF5181E00440A78 /* UIColor+BFPaperColors.m */ = {isa = PBXFileReference; fileEncoding = 4; lastKnownFileType = sourcecode.c.objc; path = "UIColor+BFPaperColors.m"; sourceTree = "<group>"; };
		B69FB98D1B661614006F7DC5 /* Main.storyboard */ = {isa = PBXFileReference; fileEncoding = 4; lastKnownFileType = file.storyboard; name = Main.storyboard; path = ../Main.storyboard; sourceTree = "<group>"; };
		B69FB98F1B661761006F7DC5 /* ipad.storyboard */ = {isa = PBXFileReference; fileEncoding = 4; lastKnownFileType = file.storyboard; name = ipad.storyboard; path = ../ipad.storyboard; sourceTree = "<group>"; };
		B6BA5DAF1AF73572004A5CEE /* QuartzCore.framework */ = {isa = PBXFileReference; lastKnownFileType = wrapper.framework; name = QuartzCore.framework; path = System/Library/Frameworks/QuartzCore.framework; sourceTree = SDKROOT; };
		B6BA5ED71B073956004A5CEE /* WebViewController.h */ = {isa = PBXFileReference; fileEncoding = 4; lastKnownFileType = sourcecode.c.h; path = WebViewController.h; sourceTree = "<group>"; };
		B6BA5ED81B073956004A5CEE /* WebViewController.m */ = {isa = PBXFileReference; fileEncoding = 4; lastKnownFileType = sourcecode.c.objc; path = WebViewController.m; sourceTree = "<group>"; };
		B6BA5FFF1B075B2A004A5CEE /* 1,1.csv */ = {isa = PBXFileReference; fileEncoding = 4; lastKnownFileType = text; path = "1,1.csv"; sourceTree = "<group>"; };
		B6BA60001B075B2A004A5CEE /* 1,2.csv */ = {isa = PBXFileReference; fileEncoding = 4; lastKnownFileType = text; path = "1,2.csv"; sourceTree = "<group>"; };
		B6BA60011B075B2A004A5CEE /* 1,3.csv */ = {isa = PBXFileReference; fileEncoding = 4; lastKnownFileType = text; path = "1,3.csv"; sourceTree = "<group>"; };
		B6BA60021B075B2A004A5CEE /* 2,1.csv */ = {isa = PBXFileReference; fileEncoding = 4; lastKnownFileType = text; path = "2,1.csv"; sourceTree = "<group>"; };
		B6BA60031B075B2A004A5CEE /* 2,2.csv */ = {isa = PBXFileReference; fileEncoding = 4; lastKnownFileType = text; path = "2,2.csv"; sourceTree = "<group>"; };
		B6BA60041B075B2A004A5CEE /* 2,3.csv */ = {isa = PBXFileReference; fileEncoding = 4; lastKnownFileType = text; path = "2,3.csv"; sourceTree = "<group>"; };
		B6BA60051B075B2A004A5CEE /* 3,1.csv */ = {isa = PBXFileReference; fileEncoding = 4; lastKnownFileType = text; path = "3,1.csv"; sourceTree = "<group>"; };
		B6BA60061B075B2A004A5CEE /* 3,2.csv */ = {isa = PBXFileReference; fileEncoding = 4; lastKnownFileType = text; path = "3,2.csv"; sourceTree = "<group>"; };
		B6BA60071B075B2A004A5CEE /* 3,3.csv */ = {isa = PBXFileReference; fileEncoding = 4; lastKnownFileType = text; path = "3,3.csv"; sourceTree = "<group>"; };
		B6BA60081B075B2A004A5CEE /* 4,1.csv */ = {isa = PBXFileReference; fileEncoding = 4; lastKnownFileType = text; path = "4,1.csv"; sourceTree = "<group>"; };
		B6BA60091B075B2A004A5CEE /* 4,2.csv */ = {isa = PBXFileReference; fileEncoding = 4; lastKnownFileType = text; path = "4,2.csv"; sourceTree = "<group>"; };
		B6BA600A1B075B2A004A5CEE /* 4,3.csv */ = {isa = PBXFileReference; fileEncoding = 4; lastKnownFileType = text; path = "4,3.csv"; sourceTree = "<group>"; };
		B6BA600B1B075B2A004A5CEE /* 5,1.csv */ = {isa = PBXFileReference; fileEncoding = 4; lastKnownFileType = text; path = "5,1.csv"; sourceTree = "<group>"; };
		B6BA600C1B075B2A004A5CEE /* 5,2.csv */ = {isa = PBXFileReference; fileEncoding = 4; lastKnownFileType = text; path = "5,2.csv"; sourceTree = "<group>"; };
		B6BA600D1B075B2A004A5CEE /* 5,3.csv */ = {isa = PBXFileReference; fileEncoding = 4; lastKnownFileType = text; path = "5,3.csv"; sourceTree = "<group>"; };
		B6BA600E1B075B2A004A5CEE /* 6,1.csv */ = {isa = PBXFileReference; fileEncoding = 4; lastKnownFileType = text; path = "6,1.csv"; sourceTree = "<group>"; };
		B6BA600F1B075B2A004A5CEE /* 6,2.csv */ = {isa = PBXFileReference; fileEncoding = 4; lastKnownFileType = text; path = "6,2.csv"; sourceTree = "<group>"; };
		B6BA60101B075B2A004A5CEE /* 6,3.csv */ = {isa = PBXFileReference; fileEncoding = 4; lastKnownFileType = text; path = "6,3.csv"; sourceTree = "<group>"; };
		B6BA60111B075B2A004A5CEE /* 7,1.csv */ = {isa = PBXFileReference; fileEncoding = 4; lastKnownFileType = text; path = "7,1.csv"; sourceTree = "<group>"; };
		B6BA60121B075B2A004A5CEE /* 7,2.csv */ = {isa = PBXFileReference; fileEncoding = 4; lastKnownFileType = text; path = "7,2.csv"; sourceTree = "<group>"; };
		B6BA60131B075B2A004A5CEE /* 7,3.csv */ = {isa = PBXFileReference; fileEncoding = 4; lastKnownFileType = text; path = "7,3.csv"; sourceTree = "<group>"; };
		B6BA60151B075B2A004A5CEE /* 10,1.csv */ = {isa = PBXFileReference; fileEncoding = 4; lastKnownFileType = text; path = "10,1.csv"; sourceTree = "<group>"; };
		B6BA60161B075B2A004A5CEE /* 10,2.csv */ = {isa = PBXFileReference; fileEncoding = 4; lastKnownFileType = text; path = "10,2.csv"; sourceTree = "<group>"; };
		B6BA60171B075B2A004A5CEE /* 10,3.csv */ = {isa = PBXFileReference; fileEncoding = 4; lastKnownFileType = text; path = "10,3.csv"; sourceTree = "<group>"; };
		B6BA60181B075B2A004A5CEE /* 11,1.csv */ = {isa = PBXFileReference; fileEncoding = 4; lastKnownFileType = text; path = "11,1.csv"; sourceTree = "<group>"; };
		B6BA60191B075B2A004A5CEE /* 11,2.csv */ = {isa = PBXFileReference; fileEncoding = 4; lastKnownFileType = text; path = "11,2.csv"; sourceTree = "<group>"; };
		B6BA601A1B075B2A004A5CEE /* 11,3.csv */ = {isa = PBXFileReference; fileEncoding = 4; lastKnownFileType = text; path = "11,3.csv"; sourceTree = "<group>"; };
		B6BA601B1B075B2A004A5CEE /* 12,1.csv */ = {isa = PBXFileReference; fileEncoding = 4; lastKnownFileType = text; path = "12,1.csv"; sourceTree = "<group>"; };
		B6BA601C1B075B2A004A5CEE /* 12,2.csv */ = {isa = PBXFileReference; fileEncoding = 4; lastKnownFileType = text; path = "12,2.csv"; sourceTree = "<group>"; };
		B6BA601D1B075B2A004A5CEE /* 12,3.csv */ = {isa = PBXFileReference; fileEncoding = 4; lastKnownFileType = text; path = "12,3.csv"; sourceTree = "<group>"; };
		B6BA601E1B075B2A004A5CEE /* 13,1.csv */ = {isa = PBXFileReference; fileEncoding = 4; lastKnownFileType = text; path = "13,1.csv"; sourceTree = "<group>"; };
		B6BA601F1B075B2A004A5CEE /* 13,2.csv */ = {isa = PBXFileReference; fileEncoding = 4; lastKnownFileType = text; path = "13,2.csv"; sourceTree = "<group>"; };
		B6BA60201B075B2A004A5CEE /* 13,3.csv */ = {isa = PBXFileReference; fileEncoding = 4; lastKnownFileType = text; path = "13,3.csv"; sourceTree = "<group>"; };
		B6BA60211B075B2A004A5CEE /* 14,1.csv */ = {isa = PBXFileReference; fileEncoding = 4; lastKnownFileType = text; path = "14,1.csv"; sourceTree = "<group>"; };
		B6BA60221B075B2A004A5CEE /* 14,2.csv */ = {isa = PBXFileReference; fileEncoding = 4; lastKnownFileType = text; path = "14,2.csv"; sourceTree = "<group>"; };
		B6BA60231B075B2A004A5CEE /* 14,3.csv */ = {isa = PBXFileReference; fileEncoding = 4; lastKnownFileType = text; path = "14,3.csv"; sourceTree = "<group>"; };
		B6BA60241B075B2A004A5CEE /* 8,1.csv */ = {isa = PBXFileReference; fileEncoding = 4; lastKnownFileType = text; path = "8,1.csv"; sourceTree = "<group>"; };
		B6BA60251B075B2A004A5CEE /* 8,2.csv */ = {isa = PBXFileReference; fileEncoding = 4; lastKnownFileType = text; path = "8,2.csv"; sourceTree = "<group>"; };
		B6BA60261B075B2A004A5CEE /* 8,3.csv */ = {isa = PBXFileReference; fileEncoding = 4; lastKnownFileType = text; path = "8,3.csv"; sourceTree = "<group>"; };
		B6BA60271B075B2A004A5CEE /* 9,1.csv */ = {isa = PBXFileReference; fileEncoding = 4; lastKnownFileType = text; path = "9,1.csv"; sourceTree = "<group>"; };
		B6BA60281B075B2A004A5CEE /* 9,2.csv */ = {isa = PBXFileReference; fileEncoding = 4; lastKnownFileType = text; path = "9,2.csv"; sourceTree = "<group>"; };
		B6BA60291B075B2A004A5CEE /* 9,3.csv */ = {isa = PBXFileReference; fileEncoding = 4; lastKnownFileType = text; path = "9,3.csv"; sourceTree = "<group>"; };
		B6BA602B1B075B2A004A5CEE /* 15,1.csv */ = {isa = PBXFileReference; fileEncoding = 4; lastKnownFileType = text; path = "15,1.csv"; sourceTree = "<group>"; };
		B6BA602C1B075B2A004A5CEE /* 15,2.csv */ = {isa = PBXFileReference; fileEncoding = 4; lastKnownFileType = text; path = "15,2.csv"; sourceTree = "<group>"; };
		B6BA602D1B075B2A004A5CEE /* 15,3.csv */ = {isa = PBXFileReference; fileEncoding = 4; lastKnownFileType = text; path = "15,3.csv"; sourceTree = "<group>"; };
		B6BA602E1B075B2A004A5CEE /* 16,1.csv */ = {isa = PBXFileReference; fileEncoding = 4; lastKnownFileType = text; path = "16,1.csv"; sourceTree = "<group>"; };
		B6BA602F1B075B2A004A5CEE /* 16,2.csv */ = {isa = PBXFileReference; fileEncoding = 4; lastKnownFileType = text; path = "16,2.csv"; sourceTree = "<group>"; };
		B6BA60301B075B2B004A5CEE /* 16,3.csv */ = {isa = PBXFileReference; fileEncoding = 4; lastKnownFileType = text; path = "16,3.csv"; sourceTree = "<group>"; };
		B6BA60311B075B2B004A5CEE /* 17,1.csv */ = {isa = PBXFileReference; fileEncoding = 4; lastKnownFileType = text; path = "17,1.csv"; sourceTree = "<group>"; };
		B6BA60321B075B2B004A5CEE /* 17,2.csv */ = {isa = PBXFileReference; fileEncoding = 4; lastKnownFileType = text; path = "17,2.csv"; sourceTree = "<group>"; };
		B6BA60331B075B2B004A5CEE /* 17,3.csv */ = {isa = PBXFileReference; fileEncoding = 4; lastKnownFileType = text; path = "17,3.csv"; sourceTree = "<group>"; };
		B6BA60341B075B2B004A5CEE /* 18,1.csv */ = {isa = PBXFileReference; fileEncoding = 4; lastKnownFileType = text; path = "18,1.csv"; sourceTree = "<group>"; };
		B6BA60351B075B2B004A5CEE /* 18,2.csv */ = {isa = PBXFileReference; fileEncoding = 4; lastKnownFileType = text; path = "18,2.csv"; sourceTree = "<group>"; };
		B6BA60361B075B2B004A5CEE /* 18,3.csv */ = {isa = PBXFileReference; fileEncoding = 4; lastKnownFileType = text; path = "18,3.csv"; sourceTree = "<group>"; };
		B6BA60371B075B2B004A5CEE /* 19,1.csv */ = {isa = PBXFileReference; fileEncoding = 4; lastKnownFileType = text; path = "19,1.csv"; sourceTree = "<group>"; };
		B6BA60381B075B2B004A5CEE /* 19,2.csv */ = {isa = PBXFileReference; fileEncoding = 4; lastKnownFileType = text; path = "19,2.csv"; sourceTree = "<group>"; };
		B6BA60391B075B2B004A5CEE /* 19,3.csv */ = {isa = PBXFileReference; fileEncoding = 4; lastKnownFileType = text; path = "19,3.csv"; sourceTree = "<group>"; };
		B6BA603A1B075B2B004A5CEE /* 20,1.csv */ = {isa = PBXFileReference; fileEncoding = 4; lastKnownFileType = text; path = "20,1.csv"; sourceTree = "<group>"; };
		B6BA603B1B075B2B004A5CEE /* 20,2.csv */ = {isa = PBXFileReference; fileEncoding = 4; lastKnownFileType = text; path = "20,2.csv"; sourceTree = "<group>"; };
		B6BA603C1B075B2B004A5CEE /* 20,3.csv */ = {isa = PBXFileReference; fileEncoding = 4; lastKnownFileType = text; path = "20,3.csv"; sourceTree = "<group>"; };
		B6BA603D1B075B2B004A5CEE /* 21,1.csv */ = {isa = PBXFileReference; fileEncoding = 4; lastKnownFileType = text; path = "21,1.csv"; sourceTree = "<group>"; };
		B6BA603E1B075B2B004A5CEE /* 21,2.csv */ = {isa = PBXFileReference; fileEncoding = 4; lastKnownFileType = text; path = "21,2.csv"; sourceTree = "<group>"; };
		B6BA603F1B075B2B004A5CEE /* 21,3.csv */ = {isa = PBXFileReference; fileEncoding = 4; lastKnownFileType = text; path = "21,3.csv"; sourceTree = "<group>"; };
		B6BA60401B075B2B004A5CEE /* 22,1.csv */ = {isa = PBXFileReference; fileEncoding = 4; lastKnownFileType = text; path = "22,1.csv"; sourceTree = "<group>"; };
		B6BA60411B075B2B004A5CEE /* 22,2.csv */ = {isa = PBXFileReference; fileEncoding = 4; lastKnownFileType = text; path = "22,2.csv"; sourceTree = "<group>"; };
		B6BA60421B075B2B004A5CEE /* 22,3.csv */ = {isa = PBXFileReference; fileEncoding = 4; lastKnownFileType = text; path = "22,3.csv"; sourceTree = "<group>"; };
		B6BA60431B075B2B004A5CEE /* 23,1.csv */ = {isa = PBXFileReference; fileEncoding = 4; lastKnownFileType = text; path = "23,1.csv"; sourceTree = "<group>"; };
		B6BA60441B075B2B004A5CEE /* 23,2.csv */ = {isa = PBXFileReference; fileEncoding = 4; lastKnownFileType = text; path = "23,2.csv"; sourceTree = "<group>"; };
		B6BA60451B075B2B004A5CEE /* 23,3.csv */ = {isa = PBXFileReference; fileEncoding = 4; lastKnownFileType = text; path = "23,3.csv"; sourceTree = "<group>"; };
		B6BA60471B075B2B004A5CEE /* 24,1.csv */ = {isa = PBXFileReference; fileEncoding = 4; lastKnownFileType = text; path = "24,1.csv"; sourceTree = "<group>"; };
		B6BA60481B075B2B004A5CEE /* 24,2.csv */ = {isa = PBXFileReference; fileEncoding = 4; lastKnownFileType = text; path = "24,2.csv"; sourceTree = "<group>"; };
		B6BA60491B075B2B004A5CEE /* 24,3.csv */ = {isa = PBXFileReference; fileEncoding = 4; lastKnownFileType = text; path = "24,3.csv"; sourceTree = "<group>"; };
		B6BA604A1B075B2B004A5CEE /* 25,1.csv */ = {isa = PBXFileReference; fileEncoding = 4; lastKnownFileType = text; path = "25,1.csv"; sourceTree = "<group>"; };
		B6BA604B1B075B2B004A5CEE /* 25,2.csv */ = {isa = PBXFileReference; fileEncoding = 4; lastKnownFileType = text; path = "25,2.csv"; sourceTree = "<group>"; };
		B6BA604C1B075B2B004A5CEE /* 25,3.csv */ = {isa = PBXFileReference; fileEncoding = 4; lastKnownFileType = text; path = "25,3.csv"; sourceTree = "<group>"; };
		B6BA604D1B075B2B004A5CEE /* 26,1.csv */ = {isa = PBXFileReference; fileEncoding = 4; lastKnownFileType = text; path = "26,1.csv"; sourceTree = "<group>"; };
		B6BA604E1B075B2B004A5CEE /* 26,2.csv */ = {isa = PBXFileReference; fileEncoding = 4; lastKnownFileType = text; path = "26,2.csv"; sourceTree = "<group>"; };
		B6BA604F1B075B2B004A5CEE /* 26,3.csv */ = {isa = PBXFileReference; fileEncoding = 4; lastKnownFileType = text; path = "26,3.csv"; sourceTree = "<group>"; };
		B6BA60501B075B2B004A5CEE /* 27,1.csv */ = {isa = PBXFileReference; fileEncoding = 4; lastKnownFileType = text; path = "27,1.csv"; sourceTree = "<group>"; };
		B6BA60511B075B2B004A5CEE /* 27,2.csv */ = {isa = PBXFileReference; fileEncoding = 4; lastKnownFileType = text; path = "27,2.csv"; sourceTree = "<group>"; };
		B6BA60521B075B2B004A5CEE /* 27,3.csv */ = {isa = PBXFileReference; fileEncoding = 4; lastKnownFileType = text; path = "27,3.csv"; sourceTree = "<group>"; };
		B6BA60531B075B2B004A5CEE /* 28,1.csv */ = {isa = PBXFileReference; fileEncoding = 4; lastKnownFileType = text; path = "28,1.csv"; sourceTree = "<group>"; };
		B6BA60541B075B2B004A5CEE /* 28,2.csv */ = {isa = PBXFileReference; fileEncoding = 4; lastKnownFileType = text; path = "28,2.csv"; sourceTree = "<group>"; };
		B6BA60551B075B2B004A5CEE /* 28,3.csv */ = {isa = PBXFileReference; fileEncoding = 4; lastKnownFileType = text; path = "28,3.csv"; sourceTree = "<group>"; };
		B6BA60561B075B2B004A5CEE /* 29,1.csv */ = {isa = PBXFileReference; fileEncoding = 4; lastKnownFileType = text; path = "29,1.csv"; sourceTree = "<group>"; };
		B6BA60571B075B2B004A5CEE /* 29,2.csv */ = {isa = PBXFileReference; fileEncoding = 4; lastKnownFileType = text; path = "29,2.csv"; sourceTree = "<group>"; };
		B6BA60581B075B2B004A5CEE /* 29,3.csv */ = {isa = PBXFileReference; fileEncoding = 4; lastKnownFileType = text; path = "29,3.csv"; sourceTree = "<group>"; };
		B6BA60591B075B2B004A5CEE /* 30,1.csv */ = {isa = PBXFileReference; fileEncoding = 4; lastKnownFileType = text; path = "30,1.csv"; sourceTree = "<group>"; };
		B6BA605A1B075B2B004A5CEE /* 30,2.csv */ = {isa = PBXFileReference; fileEncoding = 4; lastKnownFileType = text; path = "30,2.csv"; sourceTree = "<group>"; };
		B6BA605B1B075B2B004A5CEE /* 30,3.csv */ = {isa = PBXFileReference; fileEncoding = 4; lastKnownFileType = text; path = "30,3.csv"; sourceTree = "<group>"; };
		B6BA605D1B075B2B004A5CEE /* 31,1.csv */ = {isa = PBXFileReference; fileEncoding = 4; lastKnownFileType = text; path = "31,1.csv"; sourceTree = "<group>"; };
		B6BA605E1B075B2B004A5CEE /* 31,2.csv */ = {isa = PBXFileReference; fileEncoding = 4; lastKnownFileType = text; path = "31,2.csv"; sourceTree = "<group>"; };
		B6BA605F1B075B2B004A5CEE /* 31,3.csv */ = {isa = PBXFileReference; fileEncoding = 4; lastKnownFileType = text; path = "31,3.csv"; sourceTree = "<group>"; };
		B6BA60601B075B2B004A5CEE /* 32,1.csv */ = {isa = PBXFileReference; fileEncoding = 4; lastKnownFileType = text; path = "32,1.csv"; sourceTree = "<group>"; };
		B6BA60611B075B2B004A5CEE /* 32,2.csv */ = {isa = PBXFileReference; fileEncoding = 4; lastKnownFileType = text; path = "32,2.csv"; sourceTree = "<group>"; };
		B6BA60621B075B2B004A5CEE /* 32,3.csv */ = {isa = PBXFileReference; fileEncoding = 4; lastKnownFileType = text; path = "32,3.csv"; sourceTree = "<group>"; };
		B6BA60631B075B2B004A5CEE /* 33,1.csv */ = {isa = PBXFileReference; fileEncoding = 4; lastKnownFileType = text; path = "33,1.csv"; sourceTree = "<group>"; };
		B6BA60641B075B2B004A5CEE /* 33,2.csv */ = {isa = PBXFileReference; fileEncoding = 4; lastKnownFileType = text; path = "33,2.csv"; sourceTree = "<group>"; };
		B6BA60651B075B2B004A5CEE /* 33,3.csv */ = {isa = PBXFileReference; fileEncoding = 4; lastKnownFileType = text; path = "33,3.csv"; sourceTree = "<group>"; };
		B6BA60661B075B2B004A5CEE /* 34,1.csv */ = {isa = PBXFileReference; fileEncoding = 4; lastKnownFileType = text; path = "34,1.csv"; sourceTree = "<group>"; };
		B6BA60671B075B2B004A5CEE /* 34,2.csv */ = {isa = PBXFileReference; fileEncoding = 4; lastKnownFileType = text; path = "34,2.csv"; sourceTree = "<group>"; };
		B6BA60681B075B2B004A5CEE /* 34,3.csv */ = {isa = PBXFileReference; fileEncoding = 4; lastKnownFileType = text; path = "34,3.csv"; sourceTree = "<group>"; };
		B6BA60691B075B2B004A5CEE /* 35,1.csv */ = {isa = PBXFileReference; fileEncoding = 4; lastKnownFileType = text; path = "35,1.csv"; sourceTree = "<group>"; };
		B6BA606A1B075B2B004A5CEE /* 35,2.csv */ = {isa = PBXFileReference; fileEncoding = 4; lastKnownFileType = text; path = "35,2.csv"; sourceTree = "<group>"; };
		B6BA606B1B075B2B004A5CEE /* 35,3.csv */ = {isa = PBXFileReference; fileEncoding = 4; lastKnownFileType = text; path = "35,3.csv"; sourceTree = "<group>"; };
		B6BA606C1B075B2B004A5CEE /* 36,1.csv */ = {isa = PBXFileReference; fileEncoding = 4; lastKnownFileType = text; path = "36,1.csv"; sourceTree = "<group>"; };
		B6BA606D1B075B2B004A5CEE /* 36,2.csv */ = {isa = PBXFileReference; fileEncoding = 4; lastKnownFileType = text; path = "36,2.csv"; sourceTree = "<group>"; };
		B6BA606E1B075B2B004A5CEE /* 36,3.csv */ = {isa = PBXFileReference; fileEncoding = 4; lastKnownFileType = text; path = "36,3.csv"; sourceTree = "<group>"; };
		B6BA606F1B075B2B004A5CEE /* 37,1.csv */ = {isa = PBXFileReference; fileEncoding = 4; lastKnownFileType = text; path = "37,1.csv"; sourceTree = "<group>"; };
		B6BA60701B075B2B004A5CEE /* 37,2.csv */ = {isa = PBXFileReference; fileEncoding = 4; lastKnownFileType = text; path = "37,2.csv"; sourceTree = "<group>"; };
		B6BA60711B075B2B004A5CEE /* 37,3.csv */ = {isa = PBXFileReference; fileEncoding = 4; lastKnownFileType = text; path = "37,3.csv"; sourceTree = "<group>"; };
		B6BA60721B075B2B004A5CEE /* 38,1.csv */ = {isa = PBXFileReference; fileEncoding = 4; lastKnownFileType = text; path = "38,1.csv"; sourceTree = "<group>"; };
		B6BA60731B075B2B004A5CEE /* 38,2.csv */ = {isa = PBXFileReference; fileEncoding = 4; lastKnownFileType = text; path = "38,2.csv"; sourceTree = "<group>"; };
		B6BA60741B075B2B004A5CEE /* 38,3.csv */ = {isa = PBXFileReference; fileEncoding = 4; lastKnownFileType = text; path = "38,3.csv"; sourceTree = "<group>"; };
		B6BA60751B075B2B004A5CEE /* 39,1.csv */ = {isa = PBXFileReference; fileEncoding = 4; lastKnownFileType = text; path = "39,1.csv"; sourceTree = "<group>"; };
		B6BA60761B075B2B004A5CEE /* 39,2.csv */ = {isa = PBXFileReference; fileEncoding = 4; lastKnownFileType = text; path = "39,2.csv"; sourceTree = "<group>"; };
		B6BA60771B075B2B004A5CEE /* 39,3.csv */ = {isa = PBXFileReference; fileEncoding = 4; lastKnownFileType = text; path = "39,3.csv"; sourceTree = "<group>"; };
		B6BA60791B075B2B004A5CEE /* 40,1.csv */ = {isa = PBXFileReference; fileEncoding = 4; lastKnownFileType = text; path = "40,1.csv"; sourceTree = "<group>"; };
		B6BA607A1B075B2B004A5CEE /* 40,2.csv */ = {isa = PBXFileReference; fileEncoding = 4; lastKnownFileType = text; path = "40,2.csv"; sourceTree = "<group>"; };
		B6BA607B1B075B2B004A5CEE /* 40,3.csv */ = {isa = PBXFileReference; fileEncoding = 4; lastKnownFileType = text; path = "40,3.csv"; sourceTree = "<group>"; };
		B6BA607C1B075B2B004A5CEE /* 41,1.csv */ = {isa = PBXFileReference; fileEncoding = 4; lastKnownFileType = text; path = "41,1.csv"; sourceTree = "<group>"; };
		B6BA607D1B075B2B004A5CEE /* 41,2.csv */ = {isa = PBXFileReference; fileEncoding = 4; lastKnownFileType = text; path = "41,2.csv"; sourceTree = "<group>"; };
		B6BA607E1B075B2B004A5CEE /* 41,3.csv */ = {isa = PBXFileReference; fileEncoding = 4; lastKnownFileType = text; path = "41,3.csv"; sourceTree = "<group>"; };
		B6BA607F1B075B2B004A5CEE /* 42,1.csv */ = {isa = PBXFileReference; fileEncoding = 4; lastKnownFileType = text; path = "42,1.csv"; sourceTree = "<group>"; };
		B6BA60801B075B2B004A5CEE /* 42,2.csv */ = {isa = PBXFileReference; fileEncoding = 4; lastKnownFileType = text; path = "42,2.csv"; sourceTree = "<group>"; };
		B6BA60811B075B2B004A5CEE /* 42,3.csv */ = {isa = PBXFileReference; fileEncoding = 4; lastKnownFileType = text; path = "42,3.csv"; sourceTree = "<group>"; };
		B6BA60821B075B2B004A5CEE /* 43,1.csv */ = {isa = PBXFileReference; fileEncoding = 4; lastKnownFileType = text; path = "43,1.csv"; sourceTree = "<group>"; };
		B6BA60831B075B2B004A5CEE /* 43,2.csv */ = {isa = PBXFileReference; fileEncoding = 4; lastKnownFileType = text; path = "43,2.csv"; sourceTree = "<group>"; };
		B6BA60841B075B2B004A5CEE /* 43,3.csv */ = {isa = PBXFileReference; fileEncoding = 4; lastKnownFileType = text; path = "43,3.csv"; sourceTree = "<group>"; };
		B6BA60851B075B2B004A5CEE /* 44,1.csv */ = {isa = PBXFileReference; fileEncoding = 4; lastKnownFileType = text; path = "44,1.csv"; sourceTree = "<group>"; };
		B6BA60861B075B2B004A5CEE /* 44,2.csv */ = {isa = PBXFileReference; fileEncoding = 4; lastKnownFileType = text; path = "44,2.csv"; sourceTree = "<group>"; };
		B6BA60871B075B2B004A5CEE /* 44,3.csv */ = {isa = PBXFileReference; fileEncoding = 4; lastKnownFileType = text; path = "44,3.csv"; sourceTree = "<group>"; };
		B6BA60881B075B2B004A5CEE /* 45,1.csv */ = {isa = PBXFileReference; fileEncoding = 4; lastKnownFileType = text; path = "45,1.csv"; sourceTree = "<group>"; };
		B6BA60891B075B2B004A5CEE /* 45,2.csv */ = {isa = PBXFileReference; fileEncoding = 4; lastKnownFileType = text; path = "45,2.csv"; sourceTree = "<group>"; };
		B6BA608A1B075B2B004A5CEE /* 45,3.csv */ = {isa = PBXFileReference; fileEncoding = 4; lastKnownFileType = text; path = "45,3.csv"; sourceTree = "<group>"; };
		B6BA608B1B075B2B004A5CEE /* 46,1.csv */ = {isa = PBXFileReference; fileEncoding = 4; lastKnownFileType = text; path = "46,1.csv"; sourceTree = "<group>"; };
		B6BA608C1B075B2B004A5CEE /* 46,2.csv */ = {isa = PBXFileReference; fileEncoding = 4; lastKnownFileType = text; path = "46,2.csv"; sourceTree = "<group>"; };
		B6BA608D1B075B2B004A5CEE /* 46,3.csv */ = {isa = PBXFileReference; fileEncoding = 4; lastKnownFileType = text; path = "46,3.csv"; sourceTree = "<group>"; };
		B6BA608E1B075B2B004A5CEE /* 47,1.csv */ = {isa = PBXFileReference; fileEncoding = 4; lastKnownFileType = text; path = "47,1.csv"; sourceTree = "<group>"; };
		B6BA608F1B075B2B004A5CEE /* 47,2.csv */ = {isa = PBXFileReference; fileEncoding = 4; lastKnownFileType = text; path = "47,2.csv"; sourceTree = "<group>"; };
		B6BA60901B075B2B004A5CEE /* 47,3.csv */ = {isa = PBXFileReference; fileEncoding = 4; lastKnownFileType = text; path = "47,3.csv"; sourceTree = "<group>"; };
		B6CA08531B19866C00FCF5D9 /* FavViewController.h */ = {isa = PBXFileReference; fileEncoding = 4; lastKnownFileType = sourcecode.c.h; path = FavViewController.h; sourceTree = "<group>"; };
		B6CA08541B19866C00FCF5D9 /* FavViewController.m */ = {isa = PBXFileReference; fileEncoding = 4; lastKnownFileType = sourcecode.c.objc; path = FavViewController.m; sourceTree = "<group>"; };
		B6CA6FA61B3E7E680068058A /* 設定@2x-04.png */ = {isa = PBXFileReference; lastKnownFileType = image.png; path = "設定@2x-04.png"; sourceTree = "<group>"; };
		B6CA6FA81B3E7F030068058A /* お気に入り@2x-04.png */ = {isa = PBXFileReference; lastKnownFileType = image.png; path = "お気に入り@2x-04.png"; sourceTree = "<group>"; };
		B6CA6FA91B3E7F030068058A /* 学校@2x-04.png */ = {isa = PBXFileReference; lastKnownFileType = image.png; path = "学校@2x-04.png"; sourceTree = "<group>"; };
		B6E47AA81B50F6EB00ECFC96 /* 左矢印@2x-03.png */ = {isa = PBXFileReference; lastKnownFileType = image.png; name = "左矢印@2x-03.png"; path = "../左矢印@2x-03.png"; sourceTree = "<group>"; };
		B6E47AAA1B50F76500ECFC96 /* 右矢印@2x-03.png */ = {isa = PBXFileReference; lastKnownFileType = image.png; path = "右矢印@2x-03.png"; sourceTree = "<group>"; };
/* End PBXFileReference section */

/* Begin PBXFrameworksBuildPhase section */
		B69D2FEE1AF517F900440A78 /* Frameworks */ = {
			isa = PBXFrameworksBuildPhase;
			buildActionMask = 2147483647;
			files = (
				B6BA5DB01AF73572004A5CEE /* QuartzCore.framework in Frameworks */,
			);
			runOnlyForDeploymentPostprocessing = 0;
		};
		B69D30071AF517FA00440A78 /* Frameworks */ = {
			isa = PBXFrameworksBuildPhase;
			buildActionMask = 2147483647;
			files = (
			);
			runOnlyForDeploymentPostprocessing = 0;
		};
/* End PBXFrameworksBuildPhase section */

/* Begin PBXGroup section */
		B69D2FE81AF517F900440A78 = {
			isa = PBXGroup;
			children = (
				B6BA5DAF1AF73572004A5CEE /* QuartzCore.framework */,
				B69D2FF31AF517F900440A78 /* koukouhensati */,
				B69D300D1AF517FA00440A78 /* koukouhensatiTests */,
				B69D2FF21AF517F900440A78 /* Products */,
			);
			sourceTree = "<group>";
		};
		B69D2FF21AF517F900440A78 /* Products */ = {
			isa = PBXGroup;
			children = (
				B69D2FF11AF517F900440A78 /* koukouhensati.app */,
				B69D300A1AF517FA00440A78 /* koukouhensatiTests.xctest */,
			);
			name = Products;
			sourceTree = "<group>";
		};
		B69D2FF31AF517F900440A78 /* koukouhensati */ = {
			isa = PBXGroup;
			children = (
				B6E47AAA1B50F76500ECFC96 /* 右矢印@2x-03.png */,
				B6E47AA81B50F6EB00ECFC96 /* 左矢印@2x-03.png */,
				B6CA6FA81B3E7F030068058A /* お気に入り@2x-04.png */,
				B6CA6FA91B3E7F030068058A /* 学校@2x-04.png */,
				B6CA6FA61B3E7E680068058A /* 設定@2x-04.png */,
				B6BA5FFD1B075B2A004A5CEE /* 高校csvファイル */,
				B69D30211AF5181E00440A78 /* Library */,
				B69D301E1AF5181E00440A78 /* ViewController.h */,
				B69D301D1AF5181E00440A78 /* ViewController.m */,
				B69D30201AF5181E00440A78 /* MenuViewController.h */,
				B69D301F1AF5181E00440A78 /* MenuViewController.m */,
				B6BA5ED71B073956004A5CEE /* WebViewController.h */,
				B6BA5ED81B073956004A5CEE /* WebViewController.m */,
				B6CA08531B19866C00FCF5D9 /* FavViewController.h */,
				B6CA08541B19866C00FCF5D9 /* FavViewController.m */,
				B69D2FF81AF517FA00440A78 /* AppDelegate.h */,
				B69D2FF91AF517FA00440A78 /* AppDelegate.m */,
				B69D30031AF517FA00440A78 /* LaunchScreen.xib */,
				B69D2FFE1AF517FA00440A78 /* Main4.storyboard */,
				B69FB98D1B661614006F7DC5 /* Main.storyboard */,
				B69FB98F1B661761006F7DC5 /* ipad.storyboard */,
				B69D30011AF517FA00440A78 /* Images.xcassets */,
				B69D2FF41AF517F900440A78 /* Supporting Files */,
			);
			path = koukouhensati;
			sourceTree = "<group>";
		};
		B69D2FF41AF517F900440A78 /* Supporting Files */ = {
			isa = PBXGroup;
			children = (
				B69D2FF51AF517F900440A78 /* Info.plist */,
				B69D2FF61AF517FA00440A78 /* main.m */,
			);
			name = "Supporting Files";
			sourceTree = "<group>";
		};
		B69D300D1AF517FA00440A78 /* koukouhensatiTests */ = {
			isa = PBXGroup;
			children = (
				B69D30101AF517FA00440A78 /* koukouhensatiTests.m */,
				B69D300E1AF517FA00440A78 /* Supporting Files */,
			);
			path = koukouhensatiTests;
			sourceTree = "<group>";
		};
		B69D300E1AF517FA00440A78 /* Supporting Files */ = {
			isa = PBXGroup;
			children = (
				B69D300F1AF517FA00440A78 /* Info.plist */,
			);
			name = "Supporting Files";
			sourceTree = "<group>";
		};
		B69D30211AF5181E00440A78 /* Library */ = {
			isa = PBXGroup;
			children = (
				B69D303D1AF5182F00440A78 /* BFPaperCheckBox */,
				B69D30241AF5181E00440A78 /* SVProgressHUD */,
				B69D302B1AF5181E00440A78 /* UIColor+BFPaperColors */,
			);
			name = Library;
			path = Classes;
			sourceTree = "<group>";
		};
		B69D30241AF5181E00440A78 /* SVProgressHUD */ = {
			isa = PBXGroup;
			children = (
				B69D30251AF5181E00440A78 /* SVIndefiniteAnimatedView.h */,
				B69D30261AF5181E00440A78 /* SVIndefiniteAnimatedView.m */,
				B69D30271AF5181E00440A78 /* SVProgressHUD-Prefix.pch */,
				B69D30281AF5181E00440A78 /* SVProgressHUD.bundle */,
				B69D30291AF5181E00440A78 /* SVProgressHUD.h */,
				B69D302A1AF5181E00440A78 /* SVProgressHUD.m */,
			);
			path = SVProgressHUD;
			sourceTree = "<group>";
		};
		B69D302B1AF5181E00440A78 /* UIColor+BFPaperColors */ = {
			isa = PBXGroup;
			children = (
				B69D302C1AF5181E00440A78 /* LICENSE.md */,
				B69D302D1AF5181E00440A78 /* README.md */,
				B69D302E1AF5181E00440A78 /* UIColor+BFPaperColors */,
			);
			path = "UIColor+BFPaperColors";
			sourceTree = "<group>";
		};
		B69D302E1AF5181E00440A78 /* UIColor+BFPaperColors */ = {
			isa = PBXGroup;
			children = (
				B69D302F1AF5181E00440A78 /* UIColor+BFPaperColors.h */,
				B69D30301AF5181E00440A78 /* UIColor+BFPaperColors.m */,
			);
			path = "UIColor+BFPaperColors";
			sourceTree = "<group>";
		};
		B69D303D1AF5182F00440A78 /* BFPaperCheckBox */ = {
			isa = PBXGroup;
			children = (
				B69D30221AF5181E00440A78 /* BFPaperCheckbox.h */,
				B69D30231AF5181E00440A78 /* BFPaperCheckbox.m */,
			);
			name = BFPaperCheckBox;
			sourceTree = "<group>";
		};
		B6BA5FFD1B075B2A004A5CEE /* 高校csvファイル */ = {
			isa = PBXGroup;
			children = (
				B6BA5FFE1B075B2A004A5CEE /* 1北海道・東方 */,
				B6BA60141B075B2A004A5CEE /* 2関東 */,
				B6BA602A1B075B2A004A5CEE /* 3中部 */,
				B6BA60461B075B2B004A5CEE /* 4.近畿 */,
				B6BA605C1B075B2B004A5CEE /* 5中国・四国 */,
				B6BA60781B075B2B004A5CEE /* 6九州・沖縄 */,
			);
			path = "高校csvファイル";
			sourceTree = "<group>";
		};
		B6BA5FFE1B075B2A004A5CEE /* 1北海道・東方 */ = {
			isa = PBXGroup;
			children = (
				B6BA5FFF1B075B2A004A5CEE /* 1,1.csv */,
				B6BA60001B075B2A004A5CEE /* 1,2.csv */,
				B6BA60011B075B2A004A5CEE /* 1,3.csv */,
				B6BA60021B075B2A004A5CEE /* 2,1.csv */,
				B6BA60031B075B2A004A5CEE /* 2,2.csv */,
				B6BA60041B075B2A004A5CEE /* 2,3.csv */,
				B6BA60051B075B2A004A5CEE /* 3,1.csv */,
				B6BA60061B075B2A004A5CEE /* 3,2.csv */,
				B6BA60071B075B2A004A5CEE /* 3,3.csv */,
				B6BA60081B075B2A004A5CEE /* 4,1.csv */,
				B6BA60091B075B2A004A5CEE /* 4,2.csv */,
				B6BA600A1B075B2A004A5CEE /* 4,3.csv */,
				B6BA600B1B075B2A004A5CEE /* 5,1.csv */,
				B6BA600C1B075B2A004A5CEE /* 5,2.csv */,
				B6BA600D1B075B2A004A5CEE /* 5,3.csv */,
				B6BA600E1B075B2A004A5CEE /* 6,1.csv */,
				B6BA600F1B075B2A004A5CEE /* 6,2.csv */,
				B6BA60101B075B2A004A5CEE /* 6,3.csv */,
				B6BA60111B075B2A004A5CEE /* 7,1.csv */,
				B6BA60121B075B2A004A5CEE /* 7,2.csv */,
				B6BA60131B075B2A004A5CEE /* 7,3.csv */,
			);
			path = "1北海道・東方";
			sourceTree = "<group>";
		};
		B6BA60141B075B2A004A5CEE /* 2関東 */ = {
			isa = PBXGroup;
			children = (
				B6BA60151B075B2A004A5CEE /* 10,1.csv */,
				B6BA60161B075B2A004A5CEE /* 10,2.csv */,
				B6BA60171B075B2A004A5CEE /* 10,3.csv */,
				B6BA60181B075B2A004A5CEE /* 11,1.csv */,
				B6BA60191B075B2A004A5CEE /* 11,2.csv */,
				B6BA601A1B075B2A004A5CEE /* 11,3.csv */,
				B6BA601B1B075B2A004A5CEE /* 12,1.csv */,
				B6BA601C1B075B2A004A5CEE /* 12,2.csv */,
				B6BA601D1B075B2A004A5CEE /* 12,3.csv */,
				B6BA601E1B075B2A004A5CEE /* 13,1.csv */,
				B6BA601F1B075B2A004A5CEE /* 13,2.csv */,
				B6BA60201B075B2A004A5CEE /* 13,3.csv */,
				B6BA60211B075B2A004A5CEE /* 14,1.csv */,
				B6BA60221B075B2A004A5CEE /* 14,2.csv */,
				B6BA60231B075B2A004A5CEE /* 14,3.csv */,
				B6BA60241B075B2A004A5CEE /* 8,1.csv */,
				B6BA60251B075B2A004A5CEE /* 8,2.csv */,
				B6BA60261B075B2A004A5CEE /* 8,3.csv */,
				B6BA60271B075B2A004A5CEE /* 9,1.csv */,
				B6BA60281B075B2A004A5CEE /* 9,2.csv */,
				B6BA60291B075B2A004A5CEE /* 9,3.csv */,
			);
			path = "2関東";
			sourceTree = "<group>";
		};
		B6BA602A1B075B2A004A5CEE /* 3中部 */ = {
			isa = PBXGroup;
			children = (
				B6BA602B1B075B2A004A5CEE /* 15,1.csv */,
				B6BA602C1B075B2A004A5CEE /* 15,2.csv */,
				B6BA602D1B075B2A004A5CEE /* 15,3.csv */,
				B6BA602E1B075B2A004A5CEE /* 16,1.csv */,
				B6BA602F1B075B2A004A5CEE /* 16,2.csv */,
				B6BA60301B075B2B004A5CEE /* 16,3.csv */,
				B6BA60311B075B2B004A5CEE /* 17,1.csv */,
				B6BA60321B075B2B004A5CEE /* 17,2.csv */,
				B6BA60331B075B2B004A5CEE /* 17,3.csv */,
				B6BA60341B075B2B004A5CEE /* 18,1.csv */,
				B6BA60351B075B2B004A5CEE /* 18,2.csv */,
				B6BA60361B075B2B004A5CEE /* 18,3.csv */,
				B6BA60371B075B2B004A5CEE /* 19,1.csv */,
				B6BA60381B075B2B004A5CEE /* 19,2.csv */,
				B6BA60391B075B2B004A5CEE /* 19,3.csv */,
				B6BA603A1B075B2B004A5CEE /* 20,1.csv */,
				B6BA603B1B075B2B004A5CEE /* 20,2.csv */,
				B6BA603C1B075B2B004A5CEE /* 20,3.csv */,
				B6BA603D1B075B2B004A5CEE /* 21,1.csv */,
				B6BA603E1B075B2B004A5CEE /* 21,2.csv */,
				B6BA603F1B075B2B004A5CEE /* 21,3.csv */,
				B6BA60401B075B2B004A5CEE /* 22,1.csv */,
				B6BA60411B075B2B004A5CEE /* 22,2.csv */,
				B6BA60421B075B2B004A5CEE /* 22,3.csv */,
				B6BA60431B075B2B004A5CEE /* 23,1.csv */,
				B6BA60441B075B2B004A5CEE /* 23,2.csv */,
				B6BA60451B075B2B004A5CEE /* 23,3.csv */,
			);
			path = "3中部";
			sourceTree = "<group>";
		};
		B6BA60461B075B2B004A5CEE /* 4.近畿 */ = {
			isa = PBXGroup;
			children = (
				B6BA60471B075B2B004A5CEE /* 24,1.csv */,
				B6BA60481B075B2B004A5CEE /* 24,2.csv */,
				B6BA60491B075B2B004A5CEE /* 24,3.csv */,
				B6BA604A1B075B2B004A5CEE /* 25,1.csv */,
				B6BA604B1B075B2B004A5CEE /* 25,2.csv */,
				B6BA604C1B075B2B004A5CEE /* 25,3.csv */,
				B6BA604D1B075B2B004A5CEE /* 26,1.csv */,
				B6BA604E1B075B2B004A5CEE /* 26,2.csv */,
				B6BA604F1B075B2B004A5CEE /* 26,3.csv */,
				B6BA60501B075B2B004A5CEE /* 27,1.csv */,
				B6BA60511B075B2B004A5CEE /* 27,2.csv */,
				B6BA60521B075B2B004A5CEE /* 27,3.csv */,
				B6BA60531B075B2B004A5CEE /* 28,1.csv */,
				B6BA60541B075B2B004A5CEE /* 28,2.csv */,
				B6BA60551B075B2B004A5CEE /* 28,3.csv */,
				B6BA60561B075B2B004A5CEE /* 29,1.csv */,
				B6BA60571B075B2B004A5CEE /* 29,2.csv */,
				B6BA60581B075B2B004A5CEE /* 29,3.csv */,
				B6BA60591B075B2B004A5CEE /* 30,1.csv */,
				B6BA605A1B075B2B004A5CEE /* 30,2.csv */,
				B6BA605B1B075B2B004A5CEE /* 30,3.csv */,
			);
			path = "4.近畿";
			sourceTree = "<group>";
		};
		B6BA605C1B075B2B004A5CEE /* 5中国・四国 */ = {
			isa = PBXGroup;
			children = (
				B6BA605D1B075B2B004A5CEE /* 31,1.csv */,
				B6BA605E1B075B2B004A5CEE /* 31,2.csv */,
				B6BA605F1B075B2B004A5CEE /* 31,3.csv */,
				B6BA60601B075B2B004A5CEE /* 32,1.csv */,
				B6BA60611B075B2B004A5CEE /* 32,2.csv */,
				B6BA60621B075B2B004A5CEE /* 32,3.csv */,
				B6BA60631B075B2B004A5CEE /* 33,1.csv */,
				B6BA60641B075B2B004A5CEE /* 33,2.csv */,
				B6BA60651B075B2B004A5CEE /* 33,3.csv */,
				B6BA60661B075B2B004A5CEE /* 34,1.csv */,
				B6BA60671B075B2B004A5CEE /* 34,2.csv */,
				B6BA60681B075B2B004A5CEE /* 34,3.csv */,
				B6BA60691B075B2B004A5CEE /* 35,1.csv */,
				B6BA606A1B075B2B004A5CEE /* 35,2.csv */,
				B6BA606B1B075B2B004A5CEE /* 35,3.csv */,
				B6BA606C1B075B2B004A5CEE /* 36,1.csv */,
				B6BA606D1B075B2B004A5CEE /* 36,2.csv */,
				B6BA606E1B075B2B004A5CEE /* 36,3.csv */,
				B6BA606F1B075B2B004A5CEE /* 37,1.csv */,
				B6BA60701B075B2B004A5CEE /* 37,2.csv */,
				B6BA60711B075B2B004A5CEE /* 37,3.csv */,
				B6BA60721B075B2B004A5CEE /* 38,1.csv */,
				B6BA60731B075B2B004A5CEE /* 38,2.csv */,
				B6BA60741B075B2B004A5CEE /* 38,3.csv */,
				B6BA60751B075B2B004A5CEE /* 39,1.csv */,
				B6BA60761B075B2B004A5CEE /* 39,2.csv */,
				B6BA60771B075B2B004A5CEE /* 39,3.csv */,
			);
			path = "5中国・四国";
			sourceTree = "<group>";
		};
		B6BA60781B075B2B004A5CEE /* 6九州・沖縄 */ = {
			isa = PBXGroup;
			children = (
				B6BA60791B075B2B004A5CEE /* 40,1.csv */,
				B6BA607A1B075B2B004A5CEE /* 40,2.csv */,
				B6BA607B1B075B2B004A5CEE /* 40,3.csv */,
				B6BA607C1B075B2B004A5CEE /* 41,1.csv */,
				B6BA607D1B075B2B004A5CEE /* 41,2.csv */,
				B6BA607E1B075B2B004A5CEE /* 41,3.csv */,
				B6BA607F1B075B2B004A5CEE /* 42,1.csv */,
				B6BA60801B075B2B004A5CEE /* 42,2.csv */,
				B6BA60811B075B2B004A5CEE /* 42,3.csv */,
				B6BA60821B075B2B004A5CEE /* 43,1.csv */,
				B6BA60831B075B2B004A5CEE /* 43,2.csv */,
				B6BA60841B075B2B004A5CEE /* 43,3.csv */,
				B6BA60851B075B2B004A5CEE /* 44,1.csv */,
				B6BA60861B075B2B004A5CEE /* 44,2.csv */,
				B6BA60871B075B2B004A5CEE /* 44,3.csv */,
				B6BA60881B075B2B004A5CEE /* 45,1.csv */,
				B6BA60891B075B2B004A5CEE /* 45,2.csv */,
				B6BA608A1B075B2B004A5CEE /* 45,3.csv */,
				B6BA608B1B075B2B004A5CEE /* 46,1.csv */,
				B6BA608C1B075B2B004A5CEE /* 46,2.csv */,
				B6BA608D1B075B2B004A5CEE /* 46,3.csv */,
				B6BA608E1B075B2B004A5CEE /* 47,1.csv */,
				B6BA608F1B075B2B004A5CEE /* 47,2.csv */,
				B6BA60901B075B2B004A5CEE /* 47,3.csv */,
			);
			path = "6九州・沖縄";
			sourceTree = "<group>";
		};
/* End PBXGroup section */

/* Begin PBXNativeTarget section */
		B69D2FF01AF517F900440A78 /* koukouhensati */ = {
			isa = PBXNativeTarget;
			buildConfigurationList = B69D30141AF517FA00440A78 /* Build configuration list for PBXNativeTarget "koukouhensati" */;
			buildPhases = (
				B69D2FED1AF517F900440A78 /* Sources */,
				B69D2FEE1AF517F900440A78 /* Frameworks */,
				B69D2FEF1AF517F900440A78 /* Resources */,
			);
			buildRules = (
			);
			dependencies = (
			);
			name = koukouhensati;
			productName = koukouhensati;
			productReference = B69D2FF11AF517F900440A78 /* koukouhensati.app */;
			productType = "com.apple.product-type.application";
		};
		B69D30091AF517FA00440A78 /* koukouhensatiTests */ = {
			isa = PBXNativeTarget;
			buildConfigurationList = B69D30171AF517FA00440A78 /* Build configuration list for PBXNativeTarget "koukouhensatiTests" */;
			buildPhases = (
				B69D30061AF517FA00440A78 /* Sources */,
				B69D30071AF517FA00440A78 /* Frameworks */,
				B69D30081AF517FA00440A78 /* Resources */,
			);
			buildRules = (
			);
			dependencies = (
				B69D300C1AF517FA00440A78 /* PBXTargetDependency */,
			);
			name = koukouhensatiTests;
			productName = koukouhensatiTests;
			productReference = B69D300A1AF517FA00440A78 /* koukouhensatiTests.xctest */;
			productType = "com.apple.product-type.bundle.unit-test";
		};
/* End PBXNativeTarget section */

/* Begin PBXProject section */
		B69D2FE91AF517F900440A78 /* Project object */ = {
			isa = PBXProject;
			attributes = {
				LastUpgradeCheck = 0620;
				ORGANIZATIONNAME = Taiki;
				TargetAttributes = {
					B69D2FF01AF517F900440A78 = {
						CreatedOnToolsVersion = 6.2;
						DevelopmentTeam = EAJ5XMYFEV;
					};
					B69D30091AF517FA00440A78 = {
						CreatedOnToolsVersion = 6.2;
						TestTargetID = B69D2FF01AF517F900440A78;
					};
				};
			};
			buildConfigurationList = B69D2FEC1AF517F900440A78 /* Build configuration list for PBXProject "koukouhensati" */;
			compatibilityVersion = "Xcode 3.2";
			developmentRegion = English;
			hasScannedForEncodings = 0;
			knownRegions = (
				en,
				Base,
			);
			mainGroup = B69D2FE81AF517F900440A78;
			productRefGroup = B69D2FF21AF517F900440A78 /* Products */;
			projectDirPath = "";
			projectRoot = "";
			targets = (
				B69D2FF01AF517F900440A78 /* koukouhensati */,
				B69D30091AF517FA00440A78 /* koukouhensatiTests */,
			);
		};
/* End PBXProject section */

/* Begin PBXResourcesBuildPhase section */
		B69D2FEF1AF517F900440A78 /* Resources */ = {
			isa = PBXResourcesBuildPhase;
			buildActionMask = 2147483647;
			files = (
				B6BA60BF1B075B2B004A5CEE /* 16,2.csv in Resources */,
				B6CA6FA71B3E7E680068058A /* 設定@2x-04.png in Resources */,
				B6BA60DB1B075B2B004A5CEE /* 25,3.csv in Resources */,
				B6BA611B1B075B2B004A5CEE /* 47,1.csv in Resources */,
				B6BA60B71B075B2B004A5CEE /* 8,3.csv in Resources */,
				B6BA61071B075B2B004A5CEE /* 40,2.csv in Resources */,
				B6BA60FB1B075B2B004A5CEE /* 36,2.csv in Resources */,
				B6BA60A21B075B2B004A5CEE /* 6,3.csv in Resources */,
				B6BA60CE1B075B2B004A5CEE /* 21,2.csv in Resources */,
				B6BA60CC1B075B2B004A5CEE /* 20,3.csv in Resources */,
				B6BA60ED1B075B2B004A5CEE /* 31,3.csv in Resources */,
				B6BA60C31B075B2B004A5CEE /* 17,3.csv in Resources */,
				B6BA60A01B075B2B004A5CEE /* 6,1.csv in Resources */,
				B6BA60EA1B075B2B004A5CEE /* 30,3.csv in Resources */,
				B6BA610D1B075B2B004A5CEE /* 42,2.csv in Resources */,
				B6BA60E71B075B2B004A5CEE /* 29,3.csv in Resources */,
				B6BA60AC1B075B2B004A5CEE /* 12,1.csv in Resources */,
				B6BA60BD1B075B2B004A5CEE /* 15,3.csv in Resources */,
				B6BA610A1B075B2B004A5CEE /* 41,2.csv in Resources */,
				B6BA61141B075B2B004A5CEE /* 44,3.csv in Resources */,
				B6BA60B61B075B2B004A5CEE /* 8,2.csv in Resources */,
				B6BA60991B075B2B004A5CEE /* 3,3.csv in Resources */,
				B6BA60C91B075B2B004A5CEE /* 19,3.csv in Resources */,
				B6BA61191B075B2B004A5CEE /* 46,2.csv in Resources */,
				B6BA60F31B075B2B004A5CEE /* 33,3.csv in Resources */,
				B6BA60C01B075B2B004A5CEE /* 16,3.csv in Resources */,
				B6BA60F51B075B2B004A5CEE /* 34,2.csv in Resources */,
				B6BA60F11B075B2B004A5CEE /* 33,1.csv in Resources */,
				B6BA60F21B075B2B004A5CEE /* 33,2.csv in Resources */,
				B6BA60BC1B075B2B004A5CEE /* 15,2.csv in Resources */,
				B6BA60F01B075B2B004A5CEE /* 32,3.csv in Resources */,
				B6BA60F71B075B2B004A5CEE /* 35,1.csv in Resources */,
				B6BA60F81B075B2B004A5CEE /* 35,2.csv in Resources */,
				B6BA60FC1B075B2B004A5CEE /* 36,3.csv in Resources */,
				B6CA6FAA1B3E7F030068058A /* お気に入り@2x-04.png in Resources */,
				B6BA60941B075B2B004A5CEE /* 2,1.csv in Resources */,
				B6BA60F91B075B2B004A5CEE /* 35,3.csv in Resources */,
				B6BA60921B075B2B004A5CEE /* 1,2.csv in Resources */,
				B6BA60911B075B2B004A5CEE /* 1,1.csv in Resources */,
				B6BA60A41B075B2B004A5CEE /* 7,2.csv in Resources */,
				B6BA609C1B075B2B004A5CEE /* 4,3.csv in Resources */,
				B6BA60D01B075B2B004A5CEE /* 22,1.csv in Resources */,
				B6BA60EF1B075B2B004A5CEE /* 32,2.csv in Resources */,
				B6BA60E01B075B2B004A5CEE /* 27,2.csv in Resources */,
				B6BA60C41B075B2B004A5CEE /* 18,1.csv in Resources */,
				B6BA611D1B075B2B004A5CEE /* 47,3.csv in Resources */,
				B6BA60D61B075B2B004A5CEE /* 24,1.csv in Resources */,
				B6BA60DC1B075B2B004A5CEE /* 26,1.csv in Resources */,
				B6BA60951B075B2B004A5CEE /* 2,2.csv in Resources */,
				B6BA60C81B075B2B004A5CEE /* 19,2.csv in Resources */,
				B6BA60B21B075B2B004A5CEE /* 14,1.csv in Resources */,
				B6BA60D31B075B2B004A5CEE /* 23,1.csv in Resources */,
				B6BA60FF1B075B2B004A5CEE /* 37,3.csv in Resources */,
				B6BA60E81B075B2B004A5CEE /* 30,1.csv in Resources */,
				B6BA61171B075B2B004A5CEE /* 45,3.csv in Resources */,
				B6BA61031B075B2B004A5CEE /* 39,1.csv in Resources */,
				B6BA60961B075B2B004A5CEE /* 2,3.csv in Resources */,
				B6BA609A1B075B2B004A5CEE /* 4,1.csv in Resources */,
				B6BA60E21B075B2B004A5CEE /* 28,1.csv in Resources */,
				B6BA61021B075B2B004A5CEE /* 38,3.csv in Resources */,
				B6BA60BA1B075B2B004A5CEE /* 9,3.csv in Resources */,
				B6BA60FE1B075B2B004A5CEE /* 37,2.csv in Resources */,
				B6BA60EC1B075B2B004A5CEE /* 31,2.csv in Resources */,
				B6BA60E61B075B2B004A5CEE /* 29,2.csv in Resources */,
				B6BA60E91B075B2B004A5CEE /* 30,2.csv in Resources */,
				B6BA60B81B075B2B004A5CEE /* 9,1.csv in Resources */,
				B6BA60E11B075B2B004A5CEE /* 27,3.csv in Resources */,
				B6BA60E41B075B2B004A5CEE /* 28,3.csv in Resources */,
				B6BA60931B075B2B004A5CEE /* 1,3.csv in Resources */,
				B6BA60AF1B075B2B004A5CEE /* 13,1.csv in Resources */,
				B6BA60CD1B075B2B004A5CEE /* 21,1.csv in Resources */,
				B6BA60D71B075B2B004A5CEE /* 24,2.csv in Resources */,
				B6BA61151B075B2B004A5CEE /* 45,1.csv in Resources */,
				B6BA60981B075B2B004A5CEE /* 3,2.csv in Resources */,
				B6BA60DE1B075B2B004A5CEE /* 26,3.csv in Resources */,
				B6BA610F1B075B2B004A5CEE /* 43,1.csv in Resources */,
				B6BA60FA1B075B2B004A5CEE /* 36,1.csv in Resources */,
				B6BA60F41B075B2B004A5CEE /* 34,1.csv in Resources */,
				B6BA60C21B075B2B004A5CEE /* 17,2.csv in Resources */,
				B6BA610C1B075B2B004A5CEE /* 42,1.csv in Resources */,
				B6BA60EB1B075B2B004A5CEE /* 31,1.csv in Resources */,
				B6BA60E51B075B2B004A5CEE /* 29,1.csv in Resources */,
				B6BA610E1B075B2B004A5CEE /* 42,3.csv in Resources */,
				B6BA60D51B075B2B004A5CEE /* 23,3.csv in Resources */,
				B6BA60AB1B075B2B004A5CEE /* 11,3.csv in Resources */,
				B6BA611A1B075B2B004A5CEE /* 46,3.csv in Resources */,
				B6BA60C61B075B2B004A5CEE /* 18,3.csv in Resources */,
				B69FB98E1B661614006F7DC5 /* Main.storyboard in Resources */,
				B6BA61131B075B2B004A5CEE /* 44,2.csv in Resources */,
				B6BA61001B075B2B004A5CEE /* 38,1.csv in Resources */,
				B6BA610B1B075B2B004A5CEE /* 41,3.csv in Resources */,
				B6BA60C11B075B2B004A5CEE /* 17,1.csv in Resources */,
				B69FB9901B661761006F7DC5 /* ipad.storyboard in Resources */,
				B69D30381AF5181E00440A78 /* SVProgressHUD.bundle in Resources */,
				B6BA60A61B075B2B004A5CEE /* 10,1.csv in Resources */,
				B6CA6FAB1B3E7F030068058A /* 学校@2x-04.png in Resources */,
				B6BA60B51B075B2B004A5CEE /* 8,1.csv in Resources */,
				B6BA61061B075B2B004A5CEE /* 40,1.csv in Resources */,
				B6BA61121B075B2B004A5CEE /* 44,1.csv in Resources */,
				B6BA60A31B075B2B004A5CEE /* 7,1.csv in Resources */,
				B6BA61111B075B2B004A5CEE /* 43,3.csv in Resources */,
				B6BA60BB1B075B2B004A5CEE /* 15,1.csv in Resources */,
				B6BA60CA1B075B2B004A5CEE /* 20,1.csv in Resources */,
				B6BA60D11B075B2B004A5CEE /* 22,2.csv in Resources */,
				B6BA60D21B075B2B004A5CEE /* 22,3.csv in Resources */,
				B6BA60D91B075B2B004A5CEE /* 25,1.csv in Resources */,
				B6BA60DD1B075B2B004A5CEE /* 26,2.csv in Resources */,
				B69D30001AF517FA00440A78 /* Main4.storyboard in Resources */,
				B6BA609E1B075B2B004A5CEE /* 5,2.csv in Resources */,
				B6BA60AA1B075B2B004A5CEE /* 11,2.csv in Resources */,
				B6BA609F1B075B2B004A5CEE /* 5,3.csv in Resources */,
				B6E47AA91B50F6EB00ECFC96 /* 左矢印@2x-03.png in Resources */,
				B6BA60CB1B075B2B004A5CEE /* 20,2.csv in Resources */,
				B69D30051AF517FA00440A78 /* LaunchScreen.xib in Resources */,
				B6BA60B11B075B2B004A5CEE /* 13,3.csv in Resources */,
				B6BA60CF1B075B2B004A5CEE /* 21,3.csv in Resources */,
				B6BA60FD1B075B2B004A5CEE /* 37,1.csv in Resources */,
				B6BA60DA1B075B2B004A5CEE /* 25,2.csv in Resources */,
				B6BA60B01B075B2B004A5CEE /* 13,2.csv in Resources */,
				B6BA61081B075B2B004A5CEE /* 40,3.csv in Resources */,
				B6BA60A51B075B2B004A5CEE /* 7,3.csv in Resources */,
				B6BA609B1B075B2B004A5CEE /* 4,2.csv in Resources */,
				B6BA60A91B075B2B004A5CEE /* 11,1.csv in Resources */,
				B6BA61011B075B2B004A5CEE /* 38,2.csv in Resources */,
				B6BA60C71B075B2B004A5CEE /* 19,1.csv in Resources */,
				B6BA61051B075B2B004A5CEE /* 39,3.csv in Resources */,
				B6BA60EE1B075B2B004A5CEE /* 32,1.csv in Resources */,
				B6BA61101B075B2B004A5CEE /* 43,2.csv in Resources */,
				B6BA60B31B075B2B004A5CEE /* 14,2.csv in Resources */,
				B6BA60AE1B075B2B004A5CEE /* 12,3.csv in Resources */,
				B6BA611C1B075B2B004A5CEE /* 47,2.csv in Resources */,
				B6BA60A81B075B2B004A5CEE /* 10,3.csv in Resources */,
				B69D30021AF517FA00440A78 /* Images.xcassets in Resources */,
				B6BA60C51B075B2B004A5CEE /* 18,2.csv in Resources */,
				B6BA60A11B075B2B004A5CEE /* 6,2.csv in Resources */,
				B6BA61161B075B2B004A5CEE /* 45,2.csv in Resources */,
				B6BA60DF1B075B2B004A5CEE /* 27,1.csv in Resources */,
				B6BA61041B075B2B004A5CEE /* 39,2.csv in Resources */,
				B6BA61091B075B2B004A5CEE /* 41,1.csv in Resources */,
				B6BA60D81B075B2B004A5CEE /* 24,3.csv in Resources */,
				B6BA60E31B075B2B004A5CEE /* 28,2.csv in Resources */,
				B6BA60A71B075B2B004A5CEE /* 10,2.csv in Resources */,
				B6BA60F61B075B2B004A5CEE /* 34,3.csv in Resources */,
				B6BA60AD1B075B2B004A5CEE /* 12,2.csv in Resources */,
				B6BA61181B075B2B004A5CEE /* 46,1.csv in Resources */,
				B6E47AAB1B50F76500ECFC96 /* 右矢印@2x-03.png in Resources */,
				B6BA60971B075B2B004A5CEE /* 3,1.csv in Resources */,
				B6BA60B91B075B2B004A5CEE /* 9,2.csv in Resources */,
				B6BA60B41B075B2B004A5CEE /* 14,3.csv in Resources */,
				B6BA60D41B075B2B004A5CEE /* 23,2.csv in Resources */,
				B6BA60BE1B075B2B004A5CEE /* 16,1.csv in Resources */,
				B6BA609D1B075B2B004A5CEE /* 5,1.csv in Resources */,
			);
			runOnlyForDeploymentPostprocessing = 0;
		};
		B69D30081AF517FA00440A78 /* Resources */ = {
			isa = PBXResourcesBuildPhase;
			buildActionMask = 2147483647;
			files = (
			);
			runOnlyForDeploymentPostprocessing = 0;
		};
/* End PBXResourcesBuildPhase section */

/* Begin PBXSourcesBuildPhase section */
		B69D2FED1AF517F900440A78 /* Sources */ = {
			isa = PBXSourcesBuildPhase;
			buildActionMask = 2147483647;
			files = (
				B69D30341AF5181E00440A78 /* ViewController.m in Sources */,
				B69D2FFA1AF517FA00440A78 /* AppDelegate.m in Sources */,
				B6CA08551B19866C00FCF5D9 /* FavViewController.m in Sources */,
				B6BA5ED91B073956004A5CEE /* WebViewController.m in Sources */,
				B69D2FF71AF517FA00440A78 /* main.m in Sources */,
				B69D30391AF5181E00440A78 /* SVProgressHUD.m in Sources */,
				B69D303C1AF5181E00440A78 /* UIColor+BFPaperColors.m in Sources */,
				B69D303A1AF5181E00440A78 /* LICENSE.md in Sources */,
				B69D30361AF5181E00440A78 /* BFPaperCheckbox.m in Sources */,
				B69D303B1AF5181E00440A78 /* README.md in Sources */,
				B69D30351AF5181E00440A78 /* MenuViewController.m in Sources */,
				B69D30371AF5181E00440A78 /* SVIndefiniteAnimatedView.m in Sources */,
			);
			runOnlyForDeploymentPostprocessing = 0;
		};
		B69D30061AF517FA00440A78 /* Sources */ = {
			isa = PBXSourcesBuildPhase;
			buildActionMask = 2147483647;
			files = (
				B69D30111AF517FA00440A78 /* koukouhensatiTests.m in Sources */,
			);
			runOnlyForDeploymentPostprocessing = 0;
		};
/* End PBXSourcesBuildPhase section */

/* Begin PBXTargetDependency section */
		B69D300C1AF517FA00440A78 /* PBXTargetDependency */ = {
			isa = PBXTargetDependency;
			target = B69D2FF01AF517F900440A78 /* koukouhensati */;
			targetProxy = B69D300B1AF517FA00440A78 /* PBXContainerItemProxy */;
		};
/* End PBXTargetDependency section */

/* Begin PBXVariantGroup section */
		B69D2FFE1AF517FA00440A78 /* Main4.storyboard */ = {
			isa = PBXVariantGroup;
			children = (
				B69D2FFF1AF517FA00440A78 /* Base */,
			);
			name = Main4.storyboard;
			sourceTree = "<group>";
		};
		B69D30031AF517FA00440A78 /* LaunchScreen.xib */ = {
			isa = PBXVariantGroup;
			children = (
				B69D30041AF517FA00440A78 /* Base */,
			);
			name = LaunchScreen.xib;
			sourceTree = "<group>";
		};
/* End PBXVariantGroup section */

/* Begin XCBuildConfiguration section */
		B69D30121AF517FA00440A78 /* Debug */ = {
			isa = XCBuildConfiguration;
			buildSettings = {
				ALWAYS_SEARCH_USER_PATHS = NO;
				CLANG_CXX_LANGUAGE_STANDARD = "gnu++0x";
				CLANG_CXX_LIBRARY = "libc++";
				CLANG_ENABLE_MODULES = YES;
				CLANG_ENABLE_OBJC_ARC = YES;
				CLANG_WARN_BOOL_CONVERSION = YES;
				CLANG_WARN_CONSTANT_CONVERSION = YES;
				CLANG_WARN_DIRECT_OBJC_ISA_USAGE = YES_ERROR;
				CLANG_WARN_EMPTY_BODY = YES;
				CLANG_WARN_ENUM_CONVERSION = YES;
				CLANG_WARN_INT_CONVERSION = YES;
				CLANG_WARN_OBJC_ROOT_CLASS = YES_ERROR;
				CLANG_WARN_UNREACHABLE_CODE = YES;
				CLANG_WARN__DUPLICATE_METHOD_MATCH = YES;
				"CODE_SIGN_IDENTITY[sdk=iphoneos*]" = "iPhone Developer";
				COPY_PHASE_STRIP = NO;
				ENABLE_STRICT_OBJC_MSGSEND = YES;
				GCC_C_LANGUAGE_STANDARD = gnu99;
				GCC_DYNAMIC_NO_PIC = NO;
				GCC_OPTIMIZATION_LEVEL = 0;
				GCC_PREPROCESSOR_DEFINITIONS = (
					"DEBUG=1",
					"$(inherited)",
				);
				GCC_SYMBOLS_PRIVATE_EXTERN = NO;
				GCC_WARN_64_TO_32_BIT_CONVERSION = YES;
				GCC_WARN_ABOUT_RETURN_TYPE = YES_ERROR;
				GCC_WARN_UNDECLARED_SELECTOR = YES;
				GCC_WARN_UNINITIALIZED_AUTOS = YES_AGGRESSIVE;
				GCC_WARN_UNUSED_FUNCTION = YES;
				GCC_WARN_UNUSED_VARIABLE = YES;
				IPHONEOS_DEPLOYMENT_TARGET = 8.2;
				MTL_ENABLE_DEBUG_INFO = YES;
				ONLY_ACTIVE_ARCH = YES;
				SDKROOT = iphoneos;
			};
			name = Debug;
		};
		B69D30131AF517FA00440A78 /* Release */ = {
			isa = XCBuildConfiguration;
			buildSettings = {
				ALWAYS_SEARCH_USER_PATHS = NO;
				CLANG_CXX_LANGUAGE_STANDARD = "gnu++0x";
				CLANG_CXX_LIBRARY = "libc++";
				CLANG_ENABLE_MODULES = YES;
				CLANG_ENABLE_OBJC_ARC = YES;
				CLANG_WARN_BOOL_CONVERSION = YES;
				CLANG_WARN_CONSTANT_CONVERSION = YES;
				CLANG_WARN_DIRECT_OBJC_ISA_USAGE = YES_ERROR;
				CLANG_WARN_EMPTY_BODY = YES;
				CLANG_WARN_ENUM_CONVERSION = YES;
				CLANG_WARN_INT_CONVERSION = YES;
				CLANG_WARN_OBJC_ROOT_CLASS = YES_ERROR;
				CLANG_WARN_UNREACHABLE_CODE = YES;
				CLANG_WARN__DUPLICATE_METHOD_MATCH = YES;
				"CODE_SIGN_IDENTITY[sdk=iphoneos*]" = "iPhone Developer";
				COPY_PHASE_STRIP = NO;
				ENABLE_NS_ASSERTIONS = NO;
				ENABLE_STRICT_OBJC_MSGSEND = YES;
				GCC_C_LANGUAGE_STANDARD = gnu99;
				GCC_WARN_64_TO_32_BIT_CONVERSION = YES;
				GCC_WARN_ABOUT_RETURN_TYPE = YES_ERROR;
				GCC_WARN_UNDECLARED_SELECTOR = YES;
				GCC_WARN_UNINITIALIZED_AUTOS = YES_AGGRESSIVE;
				GCC_WARN_UNUSED_FUNCTION = YES;
				GCC_WARN_UNUSED_VARIABLE = YES;
				IPHONEOS_DEPLOYMENT_TARGET = 8.2;
				MTL_ENABLE_DEBUG_INFO = NO;
				SDKROOT = iphoneos;
				VALIDATE_PRODUCT = YES;
			};
			name = Release;
		};
		B69D30151AF517FA00440A78 /* Debug */ = {
			isa = XCBuildConfiguration;
			buildSettings = {
				ASSETCATALOG_COMPILER_APPICON_NAME = AppIcon;
				CODE_SIGN_IDENTITY = "iPhone Developer";
				INFOPLIST_FILE = koukouhensati/Info.plist;
				IPHONEOS_DEPLOYMENT_TARGET = 7.1;
				LD_RUNPATH_SEARCH_PATHS = "$(inherited) @executable_path/Frameworks";
				PRODUCT_NAME = "$(TARGET_NAME)";
			};
			name = Debug;
		};
		B69D30161AF517FA00440A78 /* Release */ = {
			isa = XCBuildConfiguration;
			buildSettings = {
				ASSETCATALOG_COMPILER_APPICON_NAME = AppIcon;
				CODE_SIGN_IDENTITY = "iPhone Developer";
				INFOPLIST_FILE = koukouhensati/Info.plist;
				IPHONEOS_DEPLOYMENT_TARGET = 7.1;
				LD_RUNPATH_SEARCH_PATHS = "$(inherited) @executable_path/Frameworks";
				PRODUCT_NAME = "$(TARGET_NAME)";
			};
			name = Release;
		};
		B69D30181AF517FA00440A78 /* Debug */ = {
			isa = XCBuildConfiguration;
			buildSettings = {
				BUNDLE_LOADER = "$(TEST_HOST)";
				FRAMEWORK_SEARCH_PATHS = (
					"$(SDKROOT)/Developer/Library/Frameworks",
					"$(inherited)",
				);
				GCC_PREPROCESSOR_DEFINITIONS = (
					"DEBUG=1",
					"$(inherited)",
				);
				INFOPLIST_FILE = koukouhensatiTests/Info.plist;
				LD_RUNPATH_SEARCH_PATHS = "$(inherited) @executable_path/Frameworks @loader_path/Frameworks";
				PRODUCT_NAME = "$(TARGET_NAME)";
				TEST_HOST = "$(BUILT_PRODUCTS_DIR)/koukouhensati.app/koukouhensati";
			};
			name = Debug;
		};
		B69D30191AF517FA00440A78 /* Release */ = {
			isa = XCBuildConfiguration;
			buildSettings = {
				BUNDLE_LOADER = "$(TEST_HOST)";
				FRAMEWORK_SEARCH_PATHS = (
					"$(SDKROOT)/Developer/Library/Frameworks",
					"$(inherited)",
				);
				INFOPLIST_FILE = koukouhensatiTests/Info.plist;
				LD_RUNPATH_SEARCH_PATHS = "$(inherited) @executable_path/Frameworks @loader_path/Frameworks";
				PRODUCT_NAME = "$(TARGET_NAME)";
				TEST_HOST = "$(BUILT_PRODUCTS_DIR)/koukouhensati.app/koukouhensati";
			};
			name = Release;
		};
/* End XCBuildConfiguration section */

/* Begin XCConfigurationList section */
		B69D2FEC1AF517F900440A78 /* Build configuration list for PBXProject "koukouhensati" */ = {
			isa = XCConfigurationList;
			buildConfigurations = (
				B69D30121AF517FA00440A78 /* Debug */,
				B69D30131AF517FA00440A78 /* Release */,
			);
			defaultConfigurationIsVisible = 0;
			defaultConfigurationName = Release;
		};
		B69D30141AF517FA00440A78 /* Build configuration list for PBXNativeTarget "koukouhensati" */ = {
			isa = XCConfigurationList;
			buildConfigurations = (
				B69D30151AF517FA00440A78 /* Debug */,
				B69D30161AF517FA00440A78 /* Release */,
			);
			defaultConfigurationIsVisible = 0;
			defaultConfigurationName = Release;
		};
		B69D30171AF517FA00440A78 /* Build configuration list for PBXNativeTarget "koukouhensatiTests" */ = {
			isa = XCConfigurationList;
			buildConfigurations = (
				B69D30181AF517FA00440A78 /* Debug */,
				B69D30191AF517FA00440A78 /* Release */,
			);
			defaultConfigurationIsVisible = 0;
			defaultConfigurationName = Release;
		};
/* End XCConfigurationList section */
	};
	rootObject = B69D2FE91AF517F900440A78 /* Project object */;
}
